// !$*UTF8*$!
{
	archiveVersion = 1;
	classes = {
	};
	objectVersion = 46;
	objects = {

/* Begin PBXAggregateTarget section */
		4CEBDE935A5E4FA780A72DFF /* ALL_BUILD */ = {
			isa = PBXAggregateTarget;
			buildConfigurationList = 2CE953CFD73A43E89415BE8A /* Build configuration list for PBXAggregateTarget "ALL_BUILD" */;
			buildPhases = (
				3871B65E980840F4AE2D3BDD /* CMake Rules */,
			);
			dependencies = (
				1EDF81E845264D419808F790 /* PBXTargetDependency */,
				6E827861771541F88CC012CB /* PBXTargetDependency */,
			);
			name = ALL_BUILD;
			productName = ALL_BUILD;
		};
		F754A75ACA9B44E788C2C0DE /* ZERO_CHECK */ = {
			isa = PBXAggregateTarget;
			buildConfigurationList = 91FDBB9B33344CCFA0D85761 /* Build configuration list for PBXAggregateTarget "ZERO_CHECK" */;
			buildPhases = (
				7C396EEEC6E946258256ED08 /* CMake Rules */,
			);
			dependencies = (
			);
			name = ZERO_CHECK;
			productName = ZERO_CHECK;
		};
		F80354C67B08413F8CA82E56 /* install */ = {
			isa = PBXAggregateTarget;
			buildConfigurationList = FC00BA5892984EDDBFF45D8F /* Build configuration list for PBXAggregateTarget "install" */;
			buildPhases = (
				6D7795598B7A4176B3BAF16E /* CMake PostBuild Rules */,
			);
			dependencies = (
				7EAB7FCDD78D4C85B84E8377 /* PBXTargetDependency */,
			);
			name = install;
			productName = install;
		};
/* End PBXAggregateTarget section */

/* Begin PBXBuildFile section */
		99408ADA34B4419AB10FA052 /* /Users/seijiro/GoogleDrive/code/C:C++/myThe-Modern-Cpp-Challenge/chapter03/problem_26/CMakeLists.txt */ = {isa = PBXBuildFile; fileRef = 36A9479A6A1B4D0192FEECD4 /* /Users/seijiro/GoogleDrive/code/C:C++/myThe-Modern-Cpp-Challenge/chapter03/problem_26/CMakeLists.txt */; };
		CF0DC2658E1142CDADC53EE8 /* /Users/seijiro/GoogleDrive/code/C:C++/myThe-Modern-Cpp-Challenge/chapter03/problem_26/main.cpp */ = {isa = PBXBuildFile; fileRef = 1697CF06CFF643CBB3A55CD6 /* /Users/seijiro/GoogleDrive/code/C:C++/myThe-Modern-Cpp-Challenge/chapter03/problem_26/main.cpp */; };
/* End PBXBuildFile section */

/* Begin PBXBuildStyle section */
		359DBEE75645436BB73CF716 /* MinSizeRel */ = {
			isa = PBXBuildStyle;
			buildSettings = {
				COPY_PHASE_STRIP = NO;
			};
			name = MinSizeRel;
		};
		531342B2FBC24B10B80B87CD /* RelWithDebInfo */ = {
			isa = PBXBuildStyle;
			buildSettings = {
				COPY_PHASE_STRIP = NO;
			};
			name = RelWithDebInfo;
		};
		C0FD86801ACC40B1849D26C6 /* Release */ = {
			isa = PBXBuildStyle;
			buildSettings = {
				COPY_PHASE_STRIP = NO;
			};
			name = Release;
		};
		CF6FD07A8D8846DF9C149105 /* Debug */ = {
			isa = PBXBuildStyle;
			buildSettings = {
				COPY_PHASE_STRIP = NO;
			};
			name = Debug;
		};
/* End PBXBuildStyle section */

/* Begin PBXContainerItemProxy section */
		1F0E2EC48D3B46B5B72256B3 /* PBXContainerItemProxy */ = {
			isa = PBXContainerItemProxy;
			containerPortal = F611443351F44A2E868B65C4 /* Project object */;
			proxyType = 1;
			remoteGlobalIDString = F754A75ACA9B44E788C2C0DE;
			remoteInfo = ZERO_CHECK;
		};
		60A204337A764F73801D4443 /* PBXContainerItemProxy */ = {
			isa = PBXContainerItemProxy;
			containerPortal = F611443351F44A2E868B65C4 /* Project object */;
			proxyType = 1;
			remoteGlobalIDString = 4CEBDE935A5E4FA780A72DFF;
			remoteInfo = ALL_BUILD;
		};
		C5457D22A2DD4607B7C096E7 /* PBXContainerItemProxy */ = {
			isa = PBXContainerItemProxy;
			containerPortal = F611443351F44A2E868B65C4 /* Project object */;
			proxyType = 1;
			remoteGlobalIDString = 94A706BF3A11427D80DA9A24;
			remoteInfo = problem_26;
		};
		DCB007DF0D5749118F08411F /* PBXContainerItemProxy */ = {
			isa = PBXContainerItemProxy;
			containerPortal = F611443351F44A2E868B65C4 /* Project object */;
			proxyType = 1;
			remoteGlobalIDString = F754A75ACA9B44E788C2C0DE;
			remoteInfo = ZERO_CHECK;
		};
/* End PBXContainerItemProxy section */

/* Begin PBXFileReference section */
		1102307246FF49DAB17A7D85 /* problem_26 */ = {isa = PBXFileReference; explicitFileType = "compiled.mach-o.executable"; path = problem_26; sourceTree = BUILT_PRODUCTS_DIR; };
		1697CF06CFF643CBB3A55CD6 /* /Users/seijiro/GoogleDrive/code/C:C++/myThe-Modern-Cpp-Challenge/chapter03/problem_26/main.cpp */ = {isa = PBXFileReference; explicitFileType = sourcecode.cpp.cpp; fileEncoding = 4; name = main.cpp; path = main.cpp; sourceTree = SOURCE_ROOT; };
		36A9479A6A1B4D0192FEECD4 /* /Users/seijiro/GoogleDrive/code/C:C++/myThe-Modern-Cpp-Challenge/chapter03/problem_26/CMakeLists.txt */ = {isa = PBXFileReference; explicitFileType = sourcecode.text; fileEncoding = 4; name = CMakeLists.txt; path = CMakeLists.txt; sourceTree = SOURCE_ROOT; };
		CB004599A31B42909E6A495B /* /Users/seijiro/GoogleDrive/code/C:C++/myThe-Modern-Cpp-Challenge/chapter03/problem_26/CMakeLists.txt */ = {isa = PBXFileReference; explicitFileType = sourcecode.text; fileEncoding = 4; name = CMakeLists.txt; path = CMakeLists.txt; sourceTree = SOURCE_ROOT; };
/* End PBXFileReference section */

/* Begin PBXGroup section */
		2A384607F7CA4562B70EC55D /* Source Files */ = {
			isa = PBXGroup;
			children = (
				1697CF06CFF643CBB3A55CD6 /* /Users/seijiro/GoogleDrive/code/C:C++/myThe-Modern-Cpp-Challenge/chapter03/problem_26/main.cpp */,
			);
			name = "Source Files";
			sourceTree = "<group>";
		};
		44C0BBC1F9294D5186D7CCA4 /* CMake Rules */ = {
			isa = PBXGroup;
			children = (
			);
			name = "CMake Rules";
			sourceTree = "<group>";
		};
		63195D8C8A9A432D8366BBCF = {
			isa = PBXGroup;
			children = (
				A685B764F1494ECD9F500988 /* 03.Strings */,
				FC2779D7EF844CE59FAD5EE9 /* ALL_BUILD */,
				C991A8FB0AAF4833A9802BC5 /* Products */,
			);
			sourceTree = "<group>";
		};
		A685B764F1494ECD9F500988 /* 03.Strings */ = {
			isa = PBXGroup;
			children = (
				B417B38650B54A08B9C6CB8B /* problem_26 */,
			);
			name = 03.Strings;
			sourceTree = "<group>";
		};
		B417B38650B54A08B9C6CB8B /* problem_26 */ = {
			isa = PBXGroup;
			children = (
				2A384607F7CA4562B70EC55D /* Source Files */,
				36A9479A6A1B4D0192FEECD4 /* /Users/seijiro/GoogleDrive/code/C:C++/myThe-Modern-Cpp-Challenge/chapter03/problem_26/CMakeLists.txt */,
			);
			name = problem_26;
			sourceTree = "<group>";
		};
		C991A8FB0AAF4833A9802BC5 /* Products */ = {
			isa = PBXGroup;
			children = (
				1102307246FF49DAB17A7D85 /* problem_26 */,
			);
			name = Products;
			sourceTree = "<group>";
		};
		FC2779D7EF844CE59FAD5EE9 /* ALL_BUILD */ = {
			isa = PBXGroup;
			children = (
				44C0BBC1F9294D5186D7CCA4 /* CMake Rules */,
				CB004599A31B42909E6A495B /* /Users/seijiro/GoogleDrive/code/C:C++/myThe-Modern-Cpp-Challenge/chapter03/problem_26/CMakeLists.txt */,
			);
			name = ALL_BUILD;
			sourceTree = "<group>";
		};
/* End PBXGroup section */

/* Begin PBXNativeTarget section */
		94A706BF3A11427D80DA9A24 /* problem_26 */ = {
			isa = PBXNativeTarget;
			buildConfigurationList = 5C0A58C8FF8445FBAA798349 /* Build configuration list for PBXNativeTarget "problem_26" */;
			buildPhases = (
				599751AF878541F397F31239 /* Sources */,
			);
			buildRules = (
			);
			dependencies = (
				BD91DA85E41943C9BE2007FD /* PBXTargetDependency */,
			);
			name = problem_26;
			productName = problem_26;
			productReference = 1102307246FF49DAB17A7D85 /* problem_26 */;
			productType = "com.apple.product-type.tool";
		};
/* End PBXNativeTarget section */

/* Begin PBXProject section */
		F611443351F44A2E868B65C4 /* Project object */ = {
			isa = PBXProject;
			attributes = {
				BuildIndependentTargetsInParallel = YES;
				LastUpgradeCheck = 1010;
			};
			buildConfigurationList = 6DCA7E83C0934B6A8F9C12A0 /* Build configuration list for PBXProject "problem_26" */;
			buildSettings = {
			};
			buildStyles = (
				CF6FD07A8D8846DF9C149105 /* Debug */,
				C0FD86801ACC40B1849D26C6 /* Release */,
				359DBEE75645436BB73CF716 /* MinSizeRel */,
				531342B2FBC24B10B80B87CD /* RelWithDebInfo */,
			);
			compatibilityVersion = "Xcode 3.2";
			hasScannedForEncodings = 0;
			mainGroup = 63195D8C8A9A432D8366BBCF;
			projectDirPath = ../../../chapter03/problem_26;
			projectRoot = "";
			targets = (
				4CEBDE935A5E4FA780A72DFF /* ALL_BUILD */,
				F754A75ACA9B44E788C2C0DE /* ZERO_CHECK */,
				F80354C67B08413F8CA82E56 /* install */,
				94A706BF3A11427D80DA9A24 /* problem_26 */,
			);
		};
/* End PBXProject section */

/* Begin PBXShellScriptBuildPhase section */
		1D8BFEFBD3C043B0B66B8875 = {
			isa = PBXShellScriptBuildPhase;
			buildActionMask = 2147483647;
			files = (
			);
			inputPaths = (
			);
			outputPaths = (
			);
			runOnlyForDeploymentPostprocessing = 0;
			shellPath = /bin/sh;
			shellScript = "# shell script goes here
exit 0";
			showEnvVarsInLog = 0;
		};
		3871B65E980840F4AE2D3BDD /* CMake Rules */ = {
			isa = PBXShellScriptBuildPhase;
			buildActionMask = 2147483647;
			files = (
			);
			name = "CMake Rules";
			runOnlyForDeploymentPostprocessing = 0;
			shellPath = /bin/sh;
			shellScript = "make -C /Users/seijiro/GoogleDrive/code/C:C++/myThe-Modern-Cpp-Challenge/build/chapter03/problem_26 -f /Users/seijiro/GoogleDrive/code/C:C++/myThe-Modern-Cpp-Challenge/build/chapter03/problem_26/CMakeScripts/ALL_BUILD_cmakeRulesBuildPhase.make$CONFIGURATION all";
			showEnvVarsInLog = 0;
		};
		438447AB426B4478B3084430 = {
			isa = PBXShellScriptBuildPhase;
			buildActionMask = 2147483647;
			files = (
			);
			inputPaths = (
			);
			outputPaths = (
			);
			runOnlyForDeploymentPostprocessing = 0;
			shellPath = /bin/sh;
			shellScript = "# shell script goes here
exit 0";
			showEnvVarsInLog = 0;
		};
		6D7795598B7A4176B3BAF16E /* CMake PostBuild Rules */ = {
			isa = PBXShellScriptBuildPhase;
			buildActionMask = 2147483647;
			files = (
			);
			name = "CMake PostBuild Rules";
			runOnlyForDeploymentPostprocessing = 0;
			shellPath = /bin/sh;
			shellScript = "make -C /Users/seijiro/GoogleDrive/code/C:C++/myThe-Modern-Cpp-Challenge/build/chapter03/problem_26 -f /Users/seijiro/GoogleDrive/code/C:C++/myThe-Modern-Cpp-Challenge/build/chapter03/problem_26/CMakeScripts/install_postBuildPhase.make$CONFIGURATION all";
			showEnvVarsInLog = 0;
		};
		7C396EEEC6E946258256ED08 /* CMake Rules */ = {
			isa = PBXShellScriptBuildPhase;
			buildActionMask = 2147483647;
			files = (
			);
			name = "CMake Rules";
			runOnlyForDeploymentPostprocessing = 0;
			shellPath = /bin/sh;
			shellScript = "make -C /Users/seijiro/GoogleDrive/code/C:C++/myThe-Modern-Cpp-Challenge/build/chapter03/problem_26 -f /Users/seijiro/GoogleDrive/code/C:C++/myThe-Modern-Cpp-Challenge/build/chapter03/problem_26/CMakeScripts/ZERO_CHECK_cmakeRulesBuildPhase.make$CONFIGURATION all";
			showEnvVarsInLog = 0;
		};
		DEF94DC0B0534A62805C4D45 = {
			isa = PBXShellScriptBuildPhase;
			buildActionMask = 2147483647;
			files = (
			);
			inputPaths = (
			);
			outputPaths = (
			);
			runOnlyForDeploymentPostprocessing = 0;
			shellPath = /bin/sh;
			shellScript = "# shell script goes here
exit 0";
			showEnvVarsInLog = 0;
		};
/* End PBXShellScriptBuildPhase section */

/* Begin PBXSourcesBuildPhase section */
		599751AF878541F397F31239 /* Sources */ = {
			isa = PBXSourcesBuildPhase;
			buildActionMask = 2147483647;
			files = (
				CF0DC2658E1142CDADC53EE8 /* /Users/seijiro/GoogleDrive/code/C:C++/myThe-Modern-Cpp-Challenge/chapter03/problem_26/main.cpp */,
			);
			runOnlyForDeploymentPostprocessing = 0;
		};
/* End PBXSourcesBuildPhase section */

/* Begin PBXTargetDependency section */
		1EDF81E845264D419808F790 /* PBXTargetDependency */ = {
			isa = PBXTargetDependency;
			target = 94A706BF3A11427D80DA9A24 /* problem_26 */;
			targetProxy = C5457D22A2DD4607B7C096E7 /* PBXContainerItemProxy */;
		};
		6E827861771541F88CC012CB /* PBXTargetDependency */ = {
			isa = PBXTargetDependency;
			target = F754A75ACA9B44E788C2C0DE /* ZERO_CHECK */;
			targetProxy = DCB007DF0D5749118F08411F /* PBXContainerItemProxy */;
		};
		7EAB7FCDD78D4C85B84E8377 /* PBXTargetDependency */ = {
			isa = PBXTargetDependency;
			target = 4CEBDE935A5E4FA780A72DFF /* ALL_BUILD */;
			targetProxy = 60A204337A764F73801D4443 /* PBXContainerItemProxy */;
		};
		BD91DA85E41943C9BE2007FD /* PBXTargetDependency */ = {
			isa = PBXTargetDependency;
			target = F754A75ACA9B44E788C2C0DE /* ZERO_CHECK */;
			targetProxy = 1F0E2EC48D3B46B5B72256B3 /* PBXContainerItemProxy */;
		};
/* End PBXTargetDependency section */

/* Begin XCBuildConfiguration section */
		05A434B12C0E461A9CB6C7FA /* Debug */ = {
			isa = XCBuildConfiguration;
			buildSettings = {
				ONLY_ACTIVE_ARCH = YES;
				SDKROOT = /Applications/Xcode.app/Contents/Developer/Platforms/MacOSX.platform/Developer/SDKs/MacOSX10.14.sdk;
				SYMROOT = "/Users/seijiro/GoogleDrive/code/C:C++/myThe-Modern-Cpp-Challenge/build/chapter03/problem_26/build";
			};
			name = Debug;
		};
		0A3E8DA66B2F490D9BBCF045 /* MinSizeRel */ = {
			isa = XCBuildConfiguration;
			buildSettings = {
				COMBINE_HIDPI_IMAGES = YES;
				GCC_GENERATE_DEBUGGING_SYMBOLS = YES;
				GCC_INLINES_ARE_PRIVATE_EXTERN = NO;
				GCC_OPTIMIZATION_LEVEL = 0;
				GCC_PREPROCESSOR_DEFINITIONS = ("'CMAKE_INTDIR=\"$(CONFIGURATION)$(EFFECTIVE_PLATFORM_NAME)\"'");
				GCC_SYMBOLS_PRIVATE_EXTERN = NO;
				INSTALL_PATH = "";
				OTHER_LDFLAGS = " ";
				OTHER_REZFLAGS = "";
				PRODUCT_NAME = install;
				SECTORDER_FLAGS = "";
				SYMROOT = "/Users/seijiro/GoogleDrive/code/C:C++/myThe-Modern-Cpp-Challenge/build/chapter03/problem_26";
				USE_HEADERMAP = NO;
				WARNING_CFLAGS = ("-Wmost","-Wno-four-char-constants","-Wno-unknown-pragmas","$(inherited)");
			};
			name = MinSizeRel;
		};
		1B4BD8EE8A7F4D65AA404186 /* Release */ = {
			isa = XCBuildConfiguration;
			buildSettings = {
				ONLY_ACTIVE_ARCH = YES;
				SDKROOT = /Applications/Xcode.app/Contents/Developer/Platforms/MacOSX.platform/Developer/SDKs/MacOSX10.14.sdk;
				SYMROOT = "/Users/seijiro/GoogleDrive/code/C:C++/myThe-Modern-Cpp-Challenge/build/chapter03/problem_26/build";
			};
			name = Release;
		};
		235F3B9CE13D42B4A3D70F96 /* RelWithDebInfo */ = {
			isa = XCBuildConfiguration;
			buildSettings = {
				COMBINE_HIDPI_IMAGES = YES;
				GCC_GENERATE_DEBUGGING_SYMBOLS = YES;
				GCC_INLINES_ARE_PRIVATE_EXTERN = NO;
				GCC_OPTIMIZATION_LEVEL = 0;
				GCC_PREPROCESSOR_DEFINITIONS = ("'CMAKE_INTDIR=\"$(CONFIGURATION)$(EFFECTIVE_PLATFORM_NAME)\"'");
				GCC_SYMBOLS_PRIVATE_EXTERN = NO;
				INSTALL_PATH = "";
				OTHER_LDFLAGS = " ";
				OTHER_REZFLAGS = "";
				PRODUCT_NAME = ZERO_CHECK;
				SECTORDER_FLAGS = "";
				SYMROOT = "/Users/seijiro/GoogleDrive/code/C:C++/myThe-Modern-Cpp-Challenge/build/chapter03/problem_26";
				USE_HEADERMAP = NO;
				WARNING_CFLAGS = ("-Wmost","-Wno-four-char-constants","-Wno-unknown-pragmas","$(inherited)");
			};
			name = RelWithDebInfo;
		};
		41CC1B12E9F9490CBB2C2CF1 /* MinSizeRel */ = {
			isa = XCBuildConfiguration;
			buildSettings = {
				COMBINE_HIDPI_IMAGES = YES;
				GCC_GENERATE_DEBUGGING_SYMBOLS = YES;
				GCC_INLINES_ARE_PRIVATE_EXTERN = NO;
				GCC_OPTIMIZATION_LEVEL = 0;
				GCC_PREPROCESSOR_DEFINITIONS = ("'CMAKE_INTDIR=\"$(CONFIGURATION)$(EFFECTIVE_PLATFORM_NAME)\"'");
				GCC_SYMBOLS_PRIVATE_EXTERN = NO;
				INSTALL_PATH = "";
				OTHER_LDFLAGS = " ";
				OTHER_REZFLAGS = "";
				PRODUCT_NAME = ZERO_CHECK;
				SECTORDER_FLAGS = "";
				SYMROOT = "/Users/seijiro/GoogleDrive/code/C:C++/myThe-Modern-Cpp-Challenge/build/chapter03/problem_26";
				USE_HEADERMAP = NO;
				WARNING_CFLAGS = ("-Wmost","-Wno-four-char-constants","-Wno-unknown-pragmas","$(inherited)");
			};
			name = MinSizeRel;
		};
		5AD6F158836048D38FDD93AF /* MinSizeRel */ = {
			isa = XCBuildConfiguration;
			buildSettings = {
				COMBINE_HIDPI_IMAGES = YES;
				GCC_GENERATE_DEBUGGING_SYMBOLS = YES;
				GCC_INLINES_ARE_PRIVATE_EXTERN = NO;
				GCC_OPTIMIZATION_LEVEL = 0;
				GCC_PREPROCESSOR_DEFINITIONS = ("'CMAKE_INTDIR=\"$(CONFIGURATION)$(EFFECTIVE_PLATFORM_NAME)\"'");
				GCC_SYMBOLS_PRIVATE_EXTERN = NO;
				INSTALL_PATH = "";
				OTHER_LDFLAGS = " ";
				OTHER_REZFLAGS = "";
				PRODUCT_NAME = ALL_BUILD;
				SECTORDER_FLAGS = "";
				SYMROOT = "/Users/seijiro/GoogleDrive/code/C:C++/myThe-Modern-Cpp-Challenge/build/chapter03/problem_26";
				USE_HEADERMAP = NO;
				WARNING_CFLAGS = ("-Wmost","-Wno-four-char-constants","-Wno-unknown-pragmas","$(inherited)");
			};
			name = MinSizeRel;
		};
		655BF227A35C4633ACFCEFC6 /* Release */ = {
			isa = XCBuildConfiguration;
			buildSettings = {
				COMBINE_HIDPI_IMAGES = YES;
				GCC_GENERATE_DEBUGGING_SYMBOLS = YES;
				GCC_INLINES_ARE_PRIVATE_EXTERN = NO;
				GCC_OPTIMIZATION_LEVEL = 0;
				GCC_PREPROCESSOR_DEFINITIONS = ("'CMAKE_INTDIR=\"$(CONFIGURATION)$(EFFECTIVE_PLATFORM_NAME)\"'");
				GCC_SYMBOLS_PRIVATE_EXTERN = NO;
				INSTALL_PATH = "";
				OTHER_LDFLAGS = " ";
				OTHER_REZFLAGS = "";
				PRODUCT_NAME = install;
				SECTORDER_FLAGS = "";
				SYMROOT = "/Users/seijiro/GoogleDrive/code/C:C++/myThe-Modern-Cpp-Challenge/build/chapter03/problem_26";
				USE_HEADERMAP = NO;
				WARNING_CFLAGS = ("-Wmost","-Wno-four-char-constants","-Wno-unknown-pragmas","$(inherited)");
			};
			name = Release;
		};
		6B23AC18B2D64370A4967621 /* MinSizeRel */ = {
			isa = XCBuildConfiguration;
			buildSettings = {
				ONLY_ACTIVE_ARCH = YES;
				SDKROOT = /Applications/Xcode.app/Contents/Developer/Platforms/MacOSX.platform/Developer/SDKs/MacOSX10.14.sdk;
				SYMROOT = "/Users/seijiro/GoogleDrive/code/C:C++/myThe-Modern-Cpp-Challenge/build/chapter03/problem_26/build";
			};
			name = MinSizeRel;
		};
		706FB1686B9A48BB861852A0 /* Debug */ = {
			isa = XCBuildConfiguration;
			buildSettings = {
				COMBINE_HIDPI_IMAGES = YES;
				GCC_GENERATE_DEBUGGING_SYMBOLS = YES;
				GCC_INLINES_ARE_PRIVATE_EXTERN = NO;
				GCC_OPTIMIZATION_LEVEL = 0;
				GCC_PREPROCESSOR_DEFINITIONS = ("'CMAKE_INTDIR=\"$(CONFIGURATION)$(EFFECTIVE_PLATFORM_NAME)\"'");
				GCC_SYMBOLS_PRIVATE_EXTERN = NO;
				INSTALL_PATH = "";
				OTHER_LDFLAGS = " ";
				OTHER_REZFLAGS = "";
				PRODUCT_NAME = ZERO_CHECK;
				SECTORDER_FLAGS = "";
				SYMROOT = "/Users/seijiro/GoogleDrive/code/C:C++/myThe-Modern-Cpp-Challenge/build/chapter03/problem_26";
				USE_HEADERMAP = NO;
				WARNING_CFLAGS = ("-Wmost","-Wno-four-char-constants","-Wno-unknown-pragmas","$(inherited)");
			};
			name = Debug;
		};
		75C7DDEB285C4D5B854E3661 /* RelWithDebInfo */ = {
			isa = XCBuildConfiguration;
			buildSettings = {
				COMBINE_HIDPI_IMAGES = YES;
				GCC_GENERATE_DEBUGGING_SYMBOLS = YES;
				GCC_INLINES_ARE_PRIVATE_EXTERN = NO;
				GCC_OPTIMIZATION_LEVEL = 0;
				GCC_PREPROCESSOR_DEFINITIONS = ("'CMAKE_INTDIR=\"$(CONFIGURATION)$(EFFECTIVE_PLATFORM_NAME)\"'");
				GCC_SYMBOLS_PRIVATE_EXTERN = NO;
				INSTALL_PATH = "";
				OTHER_LDFLAGS = " ";
				OTHER_REZFLAGS = "";
				PRODUCT_NAME = ALL_BUILD;
				SECTORDER_FLAGS = "";
				SYMROOT = "/Users/seijiro/GoogleDrive/code/C:C++/myThe-Modern-Cpp-Challenge/build/chapter03/problem_26";
				USE_HEADERMAP = NO;
				WARNING_CFLAGS = ("-Wmost","-Wno-four-char-constants","-Wno-unknown-pragmas","$(inherited)");
			};
			name = RelWithDebInfo;
		};
		794CDFB90CE740F3A493A210 /* RelWithDebInfo */ = {
			isa = XCBuildConfiguration;
			buildSettings = {
				COMBINE_HIDPI_IMAGES = YES;
				GCC_GENERATE_DEBUGGING_SYMBOLS = YES;
				GCC_INLINES_ARE_PRIVATE_EXTERN = NO;
				GCC_OPTIMIZATION_LEVEL = 0;
				GCC_PREPROCESSOR_DEFINITIONS = ("'CMAKE_INTDIR=\"$(CONFIGURATION)$(EFFECTIVE_PLATFORM_NAME)\"'");
				GCC_SYMBOLS_PRIVATE_EXTERN = NO;
				INSTALL_PATH = "";
				OTHER_LDFLAGS = " ";
				OTHER_REZFLAGS = "";
				PRODUCT_NAME = install;
				SECTORDER_FLAGS = "";
				SYMROOT = "/Users/seijiro/GoogleDrive/code/C:C++/myThe-Modern-Cpp-Challenge/build/chapter03/problem_26";
				USE_HEADERMAP = NO;
				WARNING_CFLAGS = ("-Wmost","-Wno-four-char-constants","-Wno-unknown-pragmas","$(inherited)");
			};
			name = RelWithDebInfo;
		};
		AF56F961A97341F0BD22D95B /* Debug */ = {
			isa = XCBuildConfiguration;
			buildSettings = {
				COMBINE_HIDPI_IMAGES = YES;
				GCC_GENERATE_DEBUGGING_SYMBOLS = YES;
				GCC_INLINES_ARE_PRIVATE_EXTERN = NO;
				GCC_OPTIMIZATION_LEVEL = 0;
				GCC_PREPROCESSOR_DEFINITIONS = ("'CMAKE_INTDIR=\"$(CONFIGURATION)$(EFFECTIVE_PLATFORM_NAME)\"'");
				GCC_SYMBOLS_PRIVATE_EXTERN = NO;
				INSTALL_PATH = "";
				OTHER_LDFLAGS = " ";
				OTHER_REZFLAGS = "";
				PRODUCT_NAME = ALL_BUILD;
				SECTORDER_FLAGS = "";
				SYMROOT = "/Users/seijiro/GoogleDrive/code/C:C++/myThe-Modern-Cpp-Challenge/build/chapter03/problem_26";
				USE_HEADERMAP = NO;
				WARNING_CFLAGS = ("-Wmost","-Wno-four-char-constants","-Wno-unknown-pragmas","$(inherited)");
			};
			name = Debug;
		};
		B3CC13BDE8B7468E95646305 /* Release */ = {
			isa = XCBuildConfiguration;
			buildSettings = {
				COMBINE_HIDPI_IMAGES = YES;
				GCC_GENERATE_DEBUGGING_SYMBOLS = YES;
				GCC_INLINES_ARE_PRIVATE_EXTERN = NO;
				GCC_OPTIMIZATION_LEVEL = 0;
				GCC_PREPROCESSOR_DEFINITIONS = ("'CMAKE_INTDIR=\"$(CONFIGURATION)$(EFFECTIVE_PLATFORM_NAME)\"'");
				GCC_SYMBOLS_PRIVATE_EXTERN = NO;
				INSTALL_PATH = "";
				OTHER_LDFLAGS = " ";
				OTHER_REZFLAGS = "";
				PRODUCT_NAME = ALL_BUILD;
				SECTORDER_FLAGS = "";
				SYMROOT = "/Users/seijiro/GoogleDrive/code/C:C++/myThe-Modern-Cpp-Challenge/build/chapter03/problem_26";
				USE_HEADERMAP = NO;
				WARNING_CFLAGS = ("-Wmost","-Wno-four-char-constants","-Wno-unknown-pragmas","$(inherited)");
			};
			name = Release;
		};
		B7623EE653B04C9F8AE5B3BE /* MinSizeRel */ = {
			isa = XCBuildConfiguration;
			buildSettings = {
				COMBINE_HIDPI_IMAGES = YES;
				CONFIGURATION_BUILD_DIR = "/Users/seijiro/GoogleDrive/code/C:C++/myThe-Modern-Cpp-Challenge/bin/MinSizeRel";
				EXECUTABLE_PREFIX = "";
				EXECUTABLE_SUFFIX = "";
				GCC_GENERATE_DEBUGGING_SYMBOLS = YES;
				GCC_INLINES_ARE_PRIVATE_EXTERN = NO;
				GCC_OPTIMIZATION_LEVEL = s;
				GCC_PREPROCESSOR_DEFINITIONS = ("'CMAKE_INTDIR=\"$(CONFIGURATION)$(EFFECTIVE_PLATFORM_NAME)\"'");
				GCC_SYMBOLS_PRIVATE_EXTERN = NO;
				INSTALL_PATH = "";
				LIBRARY_SEARCH_PATHS = "";
				OTHER_CPLUSPLUSFLAGS = " -std=c++1z -fexceptions    -Wall     -DNDEBUG  ";
				OTHER_LDFLAGS = " -Wl,-search_paths_first -Wl,-headerpad_max_install_names  ";
				OTHER_REZFLAGS = "";
				PRODUCT_NAME = problem_26;
				SECTORDER_FLAGS = "";
				SYMROOT = "/Users/seijiro/GoogleDrive/code/C:C++/myThe-Modern-Cpp-Challenge/build/chapter03/problem_26";
				USE_HEADERMAP = NO;
				WARNING_CFLAGS = ("-Wmost","-Wno-four-char-constants","-Wno-unknown-pragmas","$(inherited)");
			};
			name = MinSizeRel;
		};
		D42372218CC7439FBE35C86E /* RelWithDebInfo */ = {
			isa = XCBuildConfiguration;
			buildSettings = {
				ONLY_ACTIVE_ARCH = YES;
				SDKROOT = /Applications/Xcode.app/Contents/Developer/Platforms/MacOSX.platform/Developer/SDKs/MacOSX10.14.sdk;
				SYMROOT = "/Users/seijiro/GoogleDrive/code/C:C++/myThe-Modern-Cpp-Challenge/build/chapter03/problem_26/build";
			};
			name = RelWithDebInfo;
		};
		D51A8A5D4A2249E7A8E4D2CA /* Release */ = {
			isa = XCBuildConfiguration;
			buildSettings = {
				COMBINE_HIDPI_IMAGES = YES;
				CONFIGURATION_BUILD_DIR = "/Users/seijiro/GoogleDrive/code/C:C++/myThe-Modern-Cpp-Challenge/bin/Release";
				EXECUTABLE_PREFIX = "";
				EXECUTABLE_SUFFIX = "";
				GCC_GENERATE_DEBUGGING_SYMBOLS = YES;
				GCC_INLINES_ARE_PRIVATE_EXTERN = NO;
				GCC_OPTIMIZATION_LEVEL = 3;
				GCC_PREPROCESSOR_DEFINITIONS = ("'CMAKE_INTDIR=\"$(CONFIGURATION)$(EFFECTIVE_PLATFORM_NAME)\"'");
				GCC_SYMBOLS_PRIVATE_EXTERN = NO;
				INSTALL_PATH = "";
				LIBRARY_SEARCH_PATHS = "";
				OTHER_CPLUSPLUSFLAGS = " -std=c++1z -fexceptions    -Wall     -DNDEBUG  ";
				OTHER_LDFLAGS = " -Wl,-search_paths_first -Wl,-headerpad_max_install_names  ";
				OTHER_REZFLAGS = "";
				PRODUCT_NAME = problem_26;
				SECTORDER_FLAGS = "";
				SYMROOT = "/Users/seijiro/GoogleDrive/code/C:C++/myThe-Modern-Cpp-Challenge/build/chapter03/problem_26";
				USE_HEADERMAP = NO;
				WARNING_CFLAGS = ("-Wmost","-Wno-four-char-constants","-Wno-unknown-pragmas","$(inherited)");
			};
			name = Release;
		};
		EED94F29063B45E4AB31C6C5 /* Release */ = {
			isa = XCBuildConfiguration;
			buildSettings = {
				COMBINE_HIDPI_IMAGES = YES;
				GCC_GENERATE_DEBUGGING_SYMBOLS = YES;
				GCC_INLINES_ARE_PRIVATE_EXTERN = NO;
				GCC_OPTIMIZATION_LEVEL = 0;
				GCC_PREPROCESSOR_DEFINITIONS = ("'CMAKE_INTDIR=\"$(CONFIGURATION)$(EFFECTIVE_PLATFORM_NAME)\"'");
				GCC_SYMBOLS_PRIVATE_EXTERN = NO;
				INSTALL_PATH = "";
				OTHER_LDFLAGS = " ";
				OTHER_REZFLAGS = "";
				PRODUCT_NAME = ZERO_CHECK;
				SECTORDER_FLAGS = "";
				SYMROOT = "/Users/seijiro/GoogleDrive/code/C:C++/myThe-Modern-Cpp-Challenge/build/chapter03/problem_26";
				USE_HEADERMAP = NO;
				WARNING_CFLAGS = ("-Wmost","-Wno-four-char-constants","-Wno-unknown-pragmas","$(inherited)");
			};
			name = Release;
		};
		F24AFB38F65B4E6FB1538236 /* RelWithDebInfo */ = {
			isa = XCBuildConfiguration;
			buildSettings = {
				COMBINE_HIDPI_IMAGES = YES;
				CONFIGURATION_BUILD_DIR = "/Users/seijiro/GoogleDrive/code/C:C++/myThe-Modern-Cpp-Challenge/bin/RelWithDebInfo";
				EXECUTABLE_PREFIX = "";
				EXECUTABLE_SUFFIX = "";
				GCC_GENERATE_DEBUGGING_SYMBOLS = YES;
				GCC_INLINES_ARE_PRIVATE_EXTERN = NO;
				GCC_OPTIMIZATION_LEVEL = 2;
				GCC_PREPROCESSOR_DEFINITIONS = ("'CMAKE_INTDIR=\"$(CONFIGURATION)$(EFFECTIVE_PLATFORM_NAME)\"'");
				GCC_SYMBOLS_PRIVATE_EXTERN = NO;
				INSTALL_PATH = "";
				LIBRARY_SEARCH_PATHS = "";
				OTHER_CPLUSPLUSFLAGS = " -std=c++1z -fexceptions    -Wall        -DNDEBUG  ";
				OTHER_LDFLAGS = " -Wl,-search_paths_first -Wl,-headerpad_max_install_names  ";
				OTHER_REZFLAGS = "";
				PRODUCT_NAME = problem_26;
				SECTORDER_FLAGS = "";
				SYMROOT = "/Users/seijiro/GoogleDrive/code/C:C++/myThe-Modern-Cpp-Challenge/build/chapter03/problem_26";
				USE_HEADERMAP = NO;
				WARNING_CFLAGS = ("-Wmost","-Wno-four-char-constants","-Wno-unknown-pragmas","$(inherited)");
			};
			name = RelWithDebInfo;
		};
		F59A2E6DAE2F453187BE0110 /* Debug */ = {
			isa = XCBuildConfiguration;
			buildSettings = {
				COMBINE_HIDPI_IMAGES = YES;
				GCC_GENERATE_DEBUGGING_SYMBOLS = YES;
				GCC_INLINES_ARE_PRIVATE_EXTERN = NO;
				GCC_OPTIMIZATION_LEVEL = 0;
				GCC_PREPROCESSOR_DEFINITIONS = ("'CMAKE_INTDIR=\"$(CONFIGURATION)$(EFFECTIVE_PLATFORM_NAME)\"'");
				GCC_SYMBOLS_PRIVATE_EXTERN = NO;
				INSTALL_PATH = "";
				OTHER_LDFLAGS = " ";
				OTHER_REZFLAGS = "";
				PRODUCT_NAME = install;
				SECTORDER_FLAGS = "";
				SYMROOT = "/Users/seijiro/GoogleDrive/code/C:C++/myThe-Modern-Cpp-Challenge/build/chapter03/problem_26";
				USE_HEADERMAP = NO;
				WARNING_CFLAGS = ("-Wmost","-Wno-four-char-constants","-Wno-unknown-pragmas","$(inherited)");
			};
			name = Debug;
		};
		F7EB0664D4934032AA294492 /* Debug */ = {
			isa = XCBuildConfiguration;
			buildSettings = {
				COMBINE_HIDPI_IMAGES = YES;
				CONFIGURATION_BUILD_DIR = "/Users/seijiro/GoogleDrive/code/C:C++/myThe-Modern-Cpp-Challenge/bin/Debug";
				EXECUTABLE_PREFIX = "";
				EXECUTABLE_SUFFIX = "";
				GCC_GENERATE_DEBUGGING_SYMBOLS = YES;
				GCC_INLINES_ARE_PRIVATE_EXTERN = NO;
				GCC_OPTIMIZATION_LEVEL = 0;
				GCC_PREPROCESSOR_DEFINITIONS = ("'CMAKE_INTDIR=\"$(CONFIGURATION)$(EFFECTIVE_PLATFORM_NAME)\"'");
				GCC_SYMBOLS_PRIVATE_EXTERN = NO;
				INSTALL_PATH = "";
				LIBRARY_SEARCH_PATHS = "";
				OTHER_CPLUSPLUSFLAGS = " -std=c++1z -fexceptions    -Wall     ";
				OTHER_LDFLAGS = " -Wl,-search_paths_first -Wl,-headerpad_max_install_names  ";
				OTHER_REZFLAGS = "";
				PRODUCT_NAME = problem_26;
				SECTORDER_FLAGS = "";
				SYMROOT = "/Users/seijiro/GoogleDrive/code/C:C++/myThe-Modern-Cpp-Challenge/build/chapter03/problem_26";
				USE_HEADERMAP = NO;
				WARNING_CFLAGS = ("-Wmost","-Wno-four-char-constants","-Wno-unknown-pragmas","$(inherited)");
			};
			name = Debug;
		};
/* End XCBuildConfiguration section */

/* Begin XCConfigurationList section */
		2CE953CFD73A43E89415BE8A /* Build configuration list for PBXAggregateTarget "ALL_BUILD" */ = {
			isa = XCConfigurationList;
			buildConfigurations = (
				AF56F961A97341F0BD22D95B /* Debug */,
				B3CC13BDE8B7468E95646305 /* Release */,
				5AD6F158836048D38FDD93AF /* MinSizeRel */,
				75C7DDEB285C4D5B854E3661 /* RelWithDebInfo */,
			);
			defaultConfigurationIsVisible = 0;
			defaultConfigurationName = Debug;
		};
		5C0A58C8FF8445FBAA798349 /* Build configuration list for PBXNativeTarget "problem_26" */ = {
			isa = XCConfigurationList;
			buildConfigurations = (
				F7EB0664D4934032AA294492 /* Debug */,
				D51A8A5D4A2249E7A8E4D2CA /* Release */,
				B7623EE653B04C9F8AE5B3BE /* MinSizeRel */,
				F24AFB38F65B4E6FB1538236 /* RelWithDebInfo */,
			);
			defaultConfigurationIsVisible = 0;
			defaultConfigurationName = Debug;
		};
		6DCA7E83C0934B6A8F9C12A0 /* Build configuration list for PBXProject "problem_26" */ = {
			isa = XCConfigurationList;
			buildConfigurations = (
				05A434B12C0E461A9CB6C7FA /* Debug */,
				1B4BD8EE8A7F4D65AA404186 /* Release */,
				6B23AC18B2D64370A4967621 /* MinSizeRel */,
				D42372218CC7439FBE35C86E /* RelWithDebInfo */,
			);
			defaultConfigurationIsVisible = 0;
			defaultConfigurationName = Debug;
		};
		91FDBB9B33344CCFA0D85761 /* Build configuration list for PBXAggregateTarget "ZERO_CHECK" */ = {
			isa = XCConfigurationList;
			buildConfigurations = (
				706FB1686B9A48BB861852A0 /* Debug */,
				EED94F29063B45E4AB31C6C5 /* Release */,
				41CC1B12E9F9490CBB2C2CF1 /* MinSizeRel */,
				235F3B9CE13D42B4A3D70F96 /* RelWithDebInfo */,
			);
			defaultConfigurationIsVisible = 0;
			defaultConfigurationName = Debug;
		};
		FC00BA5892984EDDBFF45D8F /* Build configuration list for PBXAggregateTarget "install" */ = {
			isa = XCConfigurationList;
			buildConfigurations = (
				F59A2E6DAE2F453187BE0110 /* Debug */,
				655BF227A35C4633ACFCEFC6 /* Release */,
				0A3E8DA66B2F490D9BBCF045 /* MinSizeRel */,
				794CDFB90CE740F3A493A210 /* RelWithDebInfo */,
			);
			defaultConfigurationIsVisible = 0;
			defaultConfigurationName = Debug;
		};
/* End XCConfigurationList section */
	};
	rootObject = F611443351F44A2E868B65C4 /* Project object */;
}
