// !$*UTF8*$!
{
	archiveVersion = 1;
	classes = {
	};
	objectVersion = 46;
	objects = {

/* Begin PBXAggregateTarget section */
		4CEBDE935A5E4FA780A72DFF /* ALL_BUILD */ = {
			isa = PBXAggregateTarget;
			buildConfigurationList = 10AF4CE506CD4F8FACE8C392 /* Build configuration list for PBXAggregateTarget "ALL_BUILD" */;
			buildPhases = (
				68D417CA6C1E4F699980E593 /* CMake Rules */,
			);
			dependencies = (
				74773D476CE54492A255B20D /* PBXTargetDependency */,
				1644E07524924826AF2E404E /* PBXTargetDependency */,
			);
			name = ALL_BUILD;
			productName = ALL_BUILD;
		};
		F754A75ACA9B44E788C2C0DE /* ZERO_CHECK */ = {
			isa = PBXAggregateTarget;
			buildConfigurationList = 2CD98A1BC58E4A959C086AF9 /* Build configuration list for PBXAggregateTarget "ZERO_CHECK" */;
			buildPhases = (
				ED842EE510EA408D89624140 /* CMake Rules */,
			);
			dependencies = (
			);
			name = ZERO_CHECK;
			productName = ZERO_CHECK;
		};
		F80354C67B08413F8CA82E56 /* install */ = {
			isa = PBXAggregateTarget;
			buildConfigurationList = 03C69E2F53C04C528CE35814 /* Build configuration list for PBXAggregateTarget "install" */;
			buildPhases = (
				42AF2098B53C4F33AEBF393B /* CMake PostBuild Rules */,
			);
			dependencies = (
				9567FDC21EDF49D594751833 /* PBXTargetDependency */,
			);
			name = install;
			productName = install;
		};
/* End PBXAggregateTarget section */

/* Begin PBXBuildFile section */
		73EB66EA168D4FD396FD068B /* /Users/seijiro/GoogleDrive/code/C:C++/myThe-Modern-Cpp-Challenge/chapter05/problem_41/main.cpp */ = {isa = PBXBuildFile; fileRef = 8663CF8E8765452BAE9D8BFF /* /Users/seijiro/GoogleDrive/code/C:C++/myThe-Modern-Cpp-Challenge/chapter05/problem_41/main.cpp */; };
		E9A3534FD5BC468E83A52E3B /* /Users/seijiro/GoogleDrive/code/C:C++/myThe-Modern-Cpp-Challenge/chapter05/problem_41/CMakeLists.txt */ = {isa = PBXBuildFile; fileRef = B4FD8BD3DA6246E1A07AB0A3 /* /Users/seijiro/GoogleDrive/code/C:C++/myThe-Modern-Cpp-Challenge/chapter05/problem_41/CMakeLists.txt */; };
/* End PBXBuildFile section */

/* Begin PBXBuildStyle section */
		74BEAA3E3E294A26856DE607 /* Debug */ = {
			isa = PBXBuildStyle;
			buildSettings = {
				COPY_PHASE_STRIP = NO;
			};
			name = Debug;
		};
		A202C61FF75F425593D2EC99 /* Release */ = {
			isa = PBXBuildStyle;
			buildSettings = {
				COPY_PHASE_STRIP = NO;
			};
			name = Release;
		};
		AC7B4E979326401981E69455 /* MinSizeRel */ = {
			isa = PBXBuildStyle;
			buildSettings = {
				COPY_PHASE_STRIP = NO;
			};
			name = MinSizeRel;
		};
		C81269B7AA394D9A83D97B49 /* RelWithDebInfo */ = {
			isa = PBXBuildStyle;
			buildSettings = {
				COPY_PHASE_STRIP = NO;
			};
			name = RelWithDebInfo;
		};
/* End PBXBuildStyle section */

/* Begin PBXContainerItemProxy section */
		5507A3E8EA9A4EADB5D82B00 /* PBXContainerItemProxy */ = {
			isa = PBXContainerItemProxy;
			containerPortal = CE71A8891DB14A03A67EEB21 /* Project object */;
			proxyType = 1;
			remoteGlobalIDString = 4CEBDE935A5E4FA780A72DFF;
			remoteInfo = ALL_BUILD;
		};
		7511FE5457C0467395187007 /* PBXContainerItemProxy */ = {
			isa = PBXContainerItemProxy;
			containerPortal = CE71A8891DB14A03A67EEB21 /* Project object */;
			proxyType = 1;
			remoteGlobalIDString = F754A75ACA9B44E788C2C0DE;
			remoteInfo = ZERO_CHECK;
		};
		C167557C3415404A8CBE41D3 /* PBXContainerItemProxy */ = {
			isa = PBXContainerItemProxy;
			containerPortal = CE71A8891DB14A03A67EEB21 /* Project object */;
			proxyType = 1;
			remoteGlobalIDString = E0600A3D789F4AACB9F9A1AB;
			remoteInfo = problem_41;
		};
		C98B24BCB8EF4B97B66CDA0D /* PBXContainerItemProxy */ = {
			isa = PBXContainerItemProxy;
			containerPortal = CE71A8891DB14A03A67EEB21 /* Project object */;
			proxyType = 1;
			remoteGlobalIDString = F754A75ACA9B44E788C2C0DE;
			remoteInfo = ZERO_CHECK;
		};
/* End PBXContainerItemProxy section */

/* Begin PBXFileReference section */
		8663CF8E8765452BAE9D8BFF /* /Users/seijiro/GoogleDrive/code/C:C++/myThe-Modern-Cpp-Challenge/chapter05/problem_41/main.cpp */ = {isa = PBXFileReference; explicitFileType = sourcecode.cpp.cpp; fileEncoding = 4; name = main.cpp; path = main.cpp; sourceTree = SOURCE_ROOT; };
		B4FD8BD3DA6246E1A07AB0A3 /* /Users/seijiro/GoogleDrive/code/C:C++/myThe-Modern-Cpp-Challenge/chapter05/problem_41/CMakeLists.txt */ = {isa = PBXFileReference; explicitFileType = sourcecode.text; fileEncoding = 4; name = CMakeLists.txt; path = CMakeLists.txt; sourceTree = SOURCE_ROOT; };
		D377A0DB805C46278F3FDE45 /* problem_41 */ = {isa = PBXFileReference; explicitFileType = "compiled.mach-o.executable"; path = problem_41; sourceTree = BUILT_PRODUCTS_DIR; };
		DF7570EFE86749C2A36DAF6E /* /Users/seijiro/GoogleDrive/code/C:C++/myThe-Modern-Cpp-Challenge/chapter05/problem_41/CMakeLists.txt */ = {isa = PBXFileReference; explicitFileType = sourcecode.text; fileEncoding = 4; name = CMakeLists.txt; path = CMakeLists.txt; sourceTree = SOURCE_ROOT; };
/* End PBXFileReference section */

/* Begin PBXGroup section */
		16694C6FC19B45B78E4AEDBE /* problem_41 */ = {
			isa = PBXGroup;
			children = (
				29C50A14ACFF4EF8BD48AECE /* Source Files */,
				B4FD8BD3DA6246E1A07AB0A3 /* /Users/seijiro/GoogleDrive/code/C:C++/myThe-Modern-Cpp-Challenge/chapter05/problem_41/CMakeLists.txt */,
			);
			name = problem_41;
			sourceTree = "<group>";
		};
		29C50A14ACFF4EF8BD48AECE /* Source Files */ = {
			isa = PBXGroup;
			children = (
				8663CF8E8765452BAE9D8BFF /* /Users/seijiro/GoogleDrive/code/C:C++/myThe-Modern-Cpp-Challenge/chapter05/problem_41/main.cpp */,
			);
			name = "Source Files";
			sourceTree = "<group>";
		};
		37BB099FDBC74EAAA83E8082 /* ALL_BUILD */ = {
			isa = PBXGroup;
			children = (
				50D343CD63734CFE8E4D7541 /* CMake Rules */,
				DF7570EFE86749C2A36DAF6E /* /Users/seijiro/GoogleDrive/code/C:C++/myThe-Modern-Cpp-Challenge/chapter05/problem_41/CMakeLists.txt */,
			);
			name = ALL_BUILD;
			sourceTree = "<group>";
		};
		50D343CD63734CFE8E4D7541 /* CMake Rules */ = {
			isa = PBXGroup;
			children = (
			);
			name = "CMake Rules";
			sourceTree = "<group>";
		};
		5383FD7266B94460ADB78CDA /* Products */ = {
			isa = PBXGroup;
			children = (
				D377A0DB805C46278F3FDE45 /* problem_41 */,
			);
			name = Products;
			sourceTree = "<group>";
		};
		8E10A8F0502047C0B9CA7A7E /* 05.Datetime */ = {
			isa = PBXGroup;
			children = (
				16694C6FC19B45B78E4AEDBE /* problem_41 */,
			);
			name = 05.Datetime;
			sourceTree = "<group>";
		};
		A5772B107AD14CCF8AAB7BFB = {
			isa = PBXGroup;
			children = (
				8E10A8F0502047C0B9CA7A7E /* 05.Datetime */,
				37BB099FDBC74EAAA83E8082 /* ALL_BUILD */,
				5383FD7266B94460ADB78CDA /* Products */,
			);
			sourceTree = "<group>";
		};
/* End PBXGroup section */

/* Begin PBXNativeTarget section */
		E0600A3D789F4AACB9F9A1AB /* problem_41 */ = {
			isa = PBXNativeTarget;
			buildConfigurationList = 834E05D3FC954FE685966D25 /* Build configuration list for PBXNativeTarget "problem_41" */;
			buildPhases = (
				383A8B1423A44600A51DF3B8 /* Sources */,
			);
			buildRules = (
			);
			dependencies = (
				DCE07F433A8741FFA3D05FA4 /* PBXTargetDependency */,
			);
			name = problem_41;
			productName = problem_41;
			productReference = D377A0DB805C46278F3FDE45 /* problem_41 */;
			productType = "com.apple.product-type.tool";
		};
/* End PBXNativeTarget section */

/* Begin PBXProject section */
		CE71A8891DB14A03A67EEB21 /* Project object */ = {
			isa = PBXProject;
			attributes = {
				BuildIndependentTargetsInParallel = YES;
				LastUpgradeCheck = 1010;
			};
			buildConfigurationList = 884B59A2DB1E4A7883C96D5E /* Build configuration list for PBXProject "problem_41" */;
			buildSettings = {
			};
			buildStyles = (
				74BEAA3E3E294A26856DE607 /* Debug */,
				A202C61FF75F425593D2EC99 /* Release */,
				AC7B4E979326401981E69455 /* MinSizeRel */,
				C81269B7AA394D9A83D97B49 /* RelWithDebInfo */,
			);
			compatibilityVersion = "Xcode 3.2";
			hasScannedForEncodings = 0;
			mainGroup = A5772B107AD14CCF8AAB7BFB;
			projectDirPath = ../../../chapter05/problem_41;
			projectRoot = "";
			targets = (
				4CEBDE935A5E4FA780A72DFF /* ALL_BUILD */,
				F754A75ACA9B44E788C2C0DE /* ZERO_CHECK */,
				F80354C67B08413F8CA82E56 /* install */,
				E0600A3D789F4AACB9F9A1AB /* problem_41 */,
			);
		};
/* End PBXProject section */

/* Begin PBXShellScriptBuildPhase section */
		42AF2098B53C4F33AEBF393B /* CMake PostBuild Rules */ = {
			isa = PBXShellScriptBuildPhase;
			buildActionMask = 2147483647;
			files = (
			);
			name = "CMake PostBuild Rules";
			runOnlyForDeploymentPostprocessing = 0;
			shellPath = /bin/sh;
			shellScript = "make -C /Users/seijiro/GoogleDrive/code/C:C++/myThe-Modern-Cpp-Challenge/build/chapter05/problem_41 -f /Users/seijiro/GoogleDrive/code/C:C++/myThe-Modern-Cpp-Challenge/build/chapter05/problem_41/CMakeScripts/install_postBuildPhase.make$CONFIGURATION all";
			showEnvVarsInLog = 0;
		};
		68D417CA6C1E4F699980E593 /* CMake Rules */ = {
			isa = PBXShellScriptBuildPhase;
			buildActionMask = 2147483647;
			files = (
			);
			name = "CMake Rules";
			runOnlyForDeploymentPostprocessing = 0;
			shellPath = /bin/sh;
			shellScript = "make -C /Users/seijiro/GoogleDrive/code/C:C++/myThe-Modern-Cpp-Challenge/build/chapter05/problem_41 -f /Users/seijiro/GoogleDrive/code/C:C++/myThe-Modern-Cpp-Challenge/build/chapter05/problem_41/CMakeScripts/ALL_BUILD_cmakeRulesBuildPhase.make$CONFIGURATION all";
			showEnvVarsInLog = 0;
		};
		8E126345E9024D419D73FE9F = {
			isa = PBXShellScriptBuildPhase;
			buildActionMask = 2147483647;
			files = (
			);
			inputPaths = (
			);
			outputPaths = (
			);
			runOnlyForDeploymentPostprocessing = 0;
			shellPath = /bin/sh;
			shellScript = "# shell script goes here
exit 0";
			showEnvVarsInLog = 0;
		};
		A2B054E9A5A14184A819B696 = {
			isa = PBXShellScriptBuildPhase;
			buildActionMask = 2147483647;
			files = (
			);
			inputPaths = (
			);
			outputPaths = (
			);
			runOnlyForDeploymentPostprocessing = 0;
			shellPath = /bin/sh;
			shellScript = "# shell script goes here
exit 0";
			showEnvVarsInLog = 0;
		};
		EA23415D995B477E95E80378 = {
			isa = PBXShellScriptBuildPhase;
			buildActionMask = 2147483647;
			files = (
			);
			inputPaths = (
			);
			outputPaths = (
			);
			runOnlyForDeploymentPostprocessing = 0;
			shellPath = /bin/sh;
			shellScript = "# shell script goes here
exit 0";
			showEnvVarsInLog = 0;
		};
		ED842EE510EA408D89624140 /* CMake Rules */ = {
			isa = PBXShellScriptBuildPhase;
			buildActionMask = 2147483647;
			files = (
			);
			name = "CMake Rules";
			runOnlyForDeploymentPostprocessing = 0;
			shellPath = /bin/sh;
			shellScript = "make -C /Users/seijiro/GoogleDrive/code/C:C++/myThe-Modern-Cpp-Challenge/build/chapter05/problem_41 -f /Users/seijiro/GoogleDrive/code/C:C++/myThe-Modern-Cpp-Challenge/build/chapter05/problem_41/CMakeScripts/ZERO_CHECK_cmakeRulesBuildPhase.make$CONFIGURATION all";
			showEnvVarsInLog = 0;
		};
/* End PBXShellScriptBuildPhase section */

/* Begin PBXSourcesBuildPhase section */
		383A8B1423A44600A51DF3B8 /* Sources */ = {
			isa = PBXSourcesBuildPhase;
			buildActionMask = 2147483647;
			files = (
				73EB66EA168D4FD396FD068B /* /Users/seijiro/GoogleDrive/code/C:C++/myThe-Modern-Cpp-Challenge/chapter05/problem_41/main.cpp */,
			);
			runOnlyForDeploymentPostprocessing = 0;
		};
/* End PBXSourcesBuildPhase section */

/* Begin PBXTargetDependency section */
		1644E07524924826AF2E404E /* PBXTargetDependency */ = {
			isa = PBXTargetDependency;
			target = F754A75ACA9B44E788C2C0DE /* ZERO_CHECK */;
			targetProxy = C98B24BCB8EF4B97B66CDA0D /* PBXContainerItemProxy */;
		};
		74773D476CE54492A255B20D /* PBXTargetDependency */ = {
			isa = PBXTargetDependency;
			target = E0600A3D789F4AACB9F9A1AB /* problem_41 */;
			targetProxy = C167557C3415404A8CBE41D3 /* PBXContainerItemProxy */;
		};
		9567FDC21EDF49D594751833 /* PBXTargetDependency */ = {
			isa = PBXTargetDependency;
			target = 4CEBDE935A5E4FA780A72DFF /* ALL_BUILD */;
			targetProxy = 5507A3E8EA9A4EADB5D82B00 /* PBXContainerItemProxy */;
		};
		DCE07F433A8741FFA3D05FA4 /* PBXTargetDependency */ = {
			isa = PBXTargetDependency;
			target = F754A75ACA9B44E788C2C0DE /* ZERO_CHECK */;
			targetProxy = 7511FE5457C0467395187007 /* PBXContainerItemProxy */;
		};
/* End PBXTargetDependency section */

/* Begin XCBuildConfiguration section */
		1437174DA05E4EA380104FA7 /* Release */ = {
			isa = XCBuildConfiguration;
			buildSettings = {
				COMBINE_HIDPI_IMAGES = YES;
				CONFIGURATION_BUILD_DIR = "/Users/seijiro/GoogleDrive/code/C:C++/myThe-Modern-Cpp-Challenge/bin/Release";
				EXECUTABLE_PREFIX = "";
				EXECUTABLE_SUFFIX = "";
				GCC_GENERATE_DEBUGGING_SYMBOLS = YES;
				GCC_INLINES_ARE_PRIVATE_EXTERN = NO;
				GCC_OPTIMIZATION_LEVEL = 3;
				GCC_PREPROCESSOR_DEFINITIONS = ("'CMAKE_INTDIR=\"$(CONFIGURATION)$(EFFECTIVE_PLATFORM_NAME)\"'");
				GCC_SYMBOLS_PRIVATE_EXTERN = NO;
				HEADER_SEARCH_PATHS = ("/Users/seijiro/GoogleDrive/code/C:C++/myThe-Modern-Cpp-Challenge/libs/date/include/date");
				INSTALL_PATH = "";
				LIBRARY_SEARCH_PATHS = "";
				OTHER_CPLUSPLUSFLAGS = " -std=c++1z -fexceptions    -Wall     -DNDEBUG  ";
				OTHER_LDFLAGS = " -Wl,-search_paths_first -Wl,-headerpad_max_install_names  ";
				OTHER_REZFLAGS = "";
				PRODUCT_NAME = problem_41;
				SECTORDER_FLAGS = "";
				SYMROOT = "/Users/seijiro/GoogleDrive/code/C:C++/myThe-Modern-Cpp-Challenge/build/chapter05/problem_41";
				USE_HEADERMAP = NO;
				WARNING_CFLAGS = ("-Wmost","-Wno-four-char-constants","-Wno-unknown-pragmas","$(inherited)");
			};
			name = Release;
		};
		1BEE9ACD4D374D96B50C3939 /* RelWithDebInfo */ = {
			isa = XCBuildConfiguration;
			buildSettings = {
				ONLY_ACTIVE_ARCH = YES;
				SDKROOT = /Applications/Xcode.app/Contents/Developer/Platforms/MacOSX.platform/Developer/SDKs/MacOSX10.14.sdk;
				SYMROOT = "/Users/seijiro/GoogleDrive/code/C:C++/myThe-Modern-Cpp-Challenge/build/chapter05/problem_41/build";
			};
			name = RelWithDebInfo;
		};
		1C9AA566684F466FB3CC2FE1 /* RelWithDebInfo */ = {
			isa = XCBuildConfiguration;
			buildSettings = {
				COMBINE_HIDPI_IMAGES = YES;
				GCC_GENERATE_DEBUGGING_SYMBOLS = YES;
				GCC_INLINES_ARE_PRIVATE_EXTERN = NO;
				GCC_OPTIMIZATION_LEVEL = 0;
				GCC_PREPROCESSOR_DEFINITIONS = ("'CMAKE_INTDIR=\"$(CONFIGURATION)$(EFFECTIVE_PLATFORM_NAME)\"'");
				GCC_SYMBOLS_PRIVATE_EXTERN = NO;
				INSTALL_PATH = "";
				OTHER_LDFLAGS = " ";
				OTHER_REZFLAGS = "";
				PRODUCT_NAME = ALL_BUILD;
				SECTORDER_FLAGS = "";
				SYMROOT = "/Users/seijiro/GoogleDrive/code/C:C++/myThe-Modern-Cpp-Challenge/build/chapter05/problem_41";
				USE_HEADERMAP = NO;
				WARNING_CFLAGS = ("-Wmost","-Wno-four-char-constants","-Wno-unknown-pragmas","$(inherited)");
			};
			name = RelWithDebInfo;
		};
		1FC4B266AF014E649E779FB0 /* RelWithDebInfo */ = {
			isa = XCBuildConfiguration;
			buildSettings = {
				COMBINE_HIDPI_IMAGES = YES;
				GCC_GENERATE_DEBUGGING_SYMBOLS = YES;
				GCC_INLINES_ARE_PRIVATE_EXTERN = NO;
				GCC_OPTIMIZATION_LEVEL = 0;
				GCC_PREPROCESSOR_DEFINITIONS = ("'CMAKE_INTDIR=\"$(CONFIGURATION)$(EFFECTIVE_PLATFORM_NAME)\"'");
				GCC_SYMBOLS_PRIVATE_EXTERN = NO;
				INSTALL_PATH = "";
				OTHER_LDFLAGS = " ";
				OTHER_REZFLAGS = "";
				PRODUCT_NAME = ZERO_CHECK;
				SECTORDER_FLAGS = "";
				SYMROOT = "/Users/seijiro/GoogleDrive/code/C:C++/myThe-Modern-Cpp-Challenge/build/chapter05/problem_41";
				USE_HEADERMAP = NO;
				WARNING_CFLAGS = ("-Wmost","-Wno-four-char-constants","-Wno-unknown-pragmas","$(inherited)");
			};
			name = RelWithDebInfo;
		};
		2A67241CD6244213BA3EA6BC /* Debug */ = {
			isa = XCBuildConfiguration;
			buildSettings = {
				COMBINE_HIDPI_IMAGES = YES;
				CONFIGURATION_BUILD_DIR = "/Users/seijiro/GoogleDrive/code/C:C++/myThe-Modern-Cpp-Challenge/bin/Debug";
				EXECUTABLE_PREFIX = "";
				EXECUTABLE_SUFFIX = "";
				GCC_GENERATE_DEBUGGING_SYMBOLS = YES;
				GCC_INLINES_ARE_PRIVATE_EXTERN = NO;
				GCC_OPTIMIZATION_LEVEL = 0;
				GCC_PREPROCESSOR_DEFINITIONS = ("'CMAKE_INTDIR=\"$(CONFIGURATION)$(EFFECTIVE_PLATFORM_NAME)\"'");
				GCC_SYMBOLS_PRIVATE_EXTERN = NO;
				HEADER_SEARCH_PATHS = ("/Users/seijiro/GoogleDrive/code/C:C++/myThe-Modern-Cpp-Challenge/libs/date/include/date");
				INSTALL_PATH = "";
				LIBRARY_SEARCH_PATHS = "";
				OTHER_CPLUSPLUSFLAGS = " -std=c++1z -fexceptions    -Wall     ";
				OTHER_LDFLAGS = " -Wl,-search_paths_first -Wl,-headerpad_max_install_names  ";
				OTHER_REZFLAGS = "";
				PRODUCT_NAME = problem_41;
				SECTORDER_FLAGS = "";
				SYMROOT = "/Users/seijiro/GoogleDrive/code/C:C++/myThe-Modern-Cpp-Challenge/build/chapter05/problem_41";
				USE_HEADERMAP = NO;
				WARNING_CFLAGS = ("-Wmost","-Wno-four-char-constants","-Wno-unknown-pragmas","$(inherited)");
			};
			name = Debug;
		};
		2F0246C7B30E4289B78593AD /* Release */ = {
			isa = XCBuildConfiguration;
			buildSettings = {
				COMBINE_HIDPI_IMAGES = YES;
				GCC_GENERATE_DEBUGGING_SYMBOLS = YES;
				GCC_INLINES_ARE_PRIVATE_EXTERN = NO;
				GCC_OPTIMIZATION_LEVEL = 0;
				GCC_PREPROCESSOR_DEFINITIONS = ("'CMAKE_INTDIR=\"$(CONFIGURATION)$(EFFECTIVE_PLATFORM_NAME)\"'");
				GCC_SYMBOLS_PRIVATE_EXTERN = NO;
				INSTALL_PATH = "";
				OTHER_LDFLAGS = " ";
				OTHER_REZFLAGS = "";
				PRODUCT_NAME = ALL_BUILD;
				SECTORDER_FLAGS = "";
				SYMROOT = "/Users/seijiro/GoogleDrive/code/C:C++/myThe-Modern-Cpp-Challenge/build/chapter05/problem_41";
				USE_HEADERMAP = NO;
				WARNING_CFLAGS = ("-Wmost","-Wno-four-char-constants","-Wno-unknown-pragmas","$(inherited)");
			};
			name = Release;
		};
		3B1D540A02C74C67817AF003 /* Release */ = {
			isa = XCBuildConfiguration;
			buildSettings = {
				COMBINE_HIDPI_IMAGES = YES;
				GCC_GENERATE_DEBUGGING_SYMBOLS = YES;
				GCC_INLINES_ARE_PRIVATE_EXTERN = NO;
				GCC_OPTIMIZATION_LEVEL = 0;
				GCC_PREPROCESSOR_DEFINITIONS = ("'CMAKE_INTDIR=\"$(CONFIGURATION)$(EFFECTIVE_PLATFORM_NAME)\"'");
				GCC_SYMBOLS_PRIVATE_EXTERN = NO;
				INSTALL_PATH = "";
				OTHER_LDFLAGS = " ";
				OTHER_REZFLAGS = "";
				PRODUCT_NAME = ZERO_CHECK;
				SECTORDER_FLAGS = "";
				SYMROOT = "/Users/seijiro/GoogleDrive/code/C:C++/myThe-Modern-Cpp-Challenge/build/chapter05/problem_41";
				USE_HEADERMAP = NO;
				WARNING_CFLAGS = ("-Wmost","-Wno-four-char-constants","-Wno-unknown-pragmas","$(inherited)");
			};
			name = Release;
		};
		3FD29471866C4D13A855E314 /* MinSizeRel */ = {
			isa = XCBuildConfiguration;
			buildSettings = {
				COMBINE_HIDPI_IMAGES = YES;
				GCC_GENERATE_DEBUGGING_SYMBOLS = YES;
				GCC_INLINES_ARE_PRIVATE_EXTERN = NO;
				GCC_OPTIMIZATION_LEVEL = 0;
				GCC_PREPROCESSOR_DEFINITIONS = ("'CMAKE_INTDIR=\"$(CONFIGURATION)$(EFFECTIVE_PLATFORM_NAME)\"'");
				GCC_SYMBOLS_PRIVATE_EXTERN = NO;
				INSTALL_PATH = "";
				OTHER_LDFLAGS = " ";
				OTHER_REZFLAGS = "";
				PRODUCT_NAME = ZERO_CHECK;
				SECTORDER_FLAGS = "";
				SYMROOT = "/Users/seijiro/GoogleDrive/code/C:C++/myThe-Modern-Cpp-Challenge/build/chapter05/problem_41";
				USE_HEADERMAP = NO;
				WARNING_CFLAGS = ("-Wmost","-Wno-four-char-constants","-Wno-unknown-pragmas","$(inherited)");
			};
			name = MinSizeRel;
		};
		4B6034F369C54656B501B8A6 /* MinSizeRel */ = {
			isa = XCBuildConfiguration;
			buildSettings = {
				COMBINE_HIDPI_IMAGES = YES;
				GCC_GENERATE_DEBUGGING_SYMBOLS = YES;
				GCC_INLINES_ARE_PRIVATE_EXTERN = NO;
				GCC_OPTIMIZATION_LEVEL = 0;
				GCC_PREPROCESSOR_DEFINITIONS = ("'CMAKE_INTDIR=\"$(CONFIGURATION)$(EFFECTIVE_PLATFORM_NAME)\"'");
				GCC_SYMBOLS_PRIVATE_EXTERN = NO;
				INSTALL_PATH = "";
				OTHER_LDFLAGS = " ";
				OTHER_REZFLAGS = "";
				PRODUCT_NAME = ALL_BUILD;
				SECTORDER_FLAGS = "";
				SYMROOT = "/Users/seijiro/GoogleDrive/code/C:C++/myThe-Modern-Cpp-Challenge/build/chapter05/problem_41";
				USE_HEADERMAP = NO;
				WARNING_CFLAGS = ("-Wmost","-Wno-four-char-constants","-Wno-unknown-pragmas","$(inherited)");
			};
			name = MinSizeRel;
		};
		542F2AC34EF5487998CE4F94 /* MinSizeRel */ = {
			isa = XCBuildConfiguration;
			buildSettings = {
				ONLY_ACTIVE_ARCH = YES;
				SDKROOT = /Applications/Xcode.app/Contents/Developer/Platforms/MacOSX.platform/Developer/SDKs/MacOSX10.14.sdk;
				SYMROOT = "/Users/seijiro/GoogleDrive/code/C:C++/myThe-Modern-Cpp-Challenge/build/chapter05/problem_41/build";
			};
			name = MinSizeRel;
		};
		649A81697D3B4FEE99513645 /* Debug */ = {
			isa = XCBuildConfiguration;
			buildSettings = {
				COMBINE_HIDPI_IMAGES = YES;
				GCC_GENERATE_DEBUGGING_SYMBOLS = YES;
				GCC_INLINES_ARE_PRIVATE_EXTERN = NO;
				GCC_OPTIMIZATION_LEVEL = 0;
				GCC_PREPROCESSOR_DEFINITIONS = ("'CMAKE_INTDIR=\"$(CONFIGURATION)$(EFFECTIVE_PLATFORM_NAME)\"'");
				GCC_SYMBOLS_PRIVATE_EXTERN = NO;
				INSTALL_PATH = "";
				OTHER_LDFLAGS = " ";
				OTHER_REZFLAGS = "";
				PRODUCT_NAME = ZERO_CHECK;
				SECTORDER_FLAGS = "";
				SYMROOT = "/Users/seijiro/GoogleDrive/code/C:C++/myThe-Modern-Cpp-Challenge/build/chapter05/problem_41";
				USE_HEADERMAP = NO;
				WARNING_CFLAGS = ("-Wmost","-Wno-four-char-constants","-Wno-unknown-pragmas","$(inherited)");
			};
			name = Debug;
		};
		7C44E1B41E5441CDB2593AF5 /* RelWithDebInfo */ = {
			isa = XCBuildConfiguration;
			buildSettings = {
				COMBINE_HIDPI_IMAGES = YES;
				GCC_GENERATE_DEBUGGING_SYMBOLS = YES;
				GCC_INLINES_ARE_PRIVATE_EXTERN = NO;
				GCC_OPTIMIZATION_LEVEL = 0;
				GCC_PREPROCESSOR_DEFINITIONS = ("'CMAKE_INTDIR=\"$(CONFIGURATION)$(EFFECTIVE_PLATFORM_NAME)\"'");
				GCC_SYMBOLS_PRIVATE_EXTERN = NO;
				INSTALL_PATH = "";
				OTHER_LDFLAGS = " ";
				OTHER_REZFLAGS = "";
				PRODUCT_NAME = install;
				SECTORDER_FLAGS = "";
				SYMROOT = "/Users/seijiro/GoogleDrive/code/C:C++/myThe-Modern-Cpp-Challenge/build/chapter05/problem_41";
				USE_HEADERMAP = NO;
				WARNING_CFLAGS = ("-Wmost","-Wno-four-char-constants","-Wno-unknown-pragmas","$(inherited)");
			};
			name = RelWithDebInfo;
		};
		8304066DBC184F76BDB70031 /* Debug */ = {
			isa = XCBuildConfiguration;
			buildSettings = {
				ONLY_ACTIVE_ARCH = YES;
				SDKROOT = /Applications/Xcode.app/Contents/Developer/Platforms/MacOSX.platform/Developer/SDKs/MacOSX10.14.sdk;
				SYMROOT = "/Users/seijiro/GoogleDrive/code/C:C++/myThe-Modern-Cpp-Challenge/build/chapter05/problem_41/build";
			};
			name = Debug;
		};
		84D680251022469DA3D0386C /* Debug */ = {
			isa = XCBuildConfiguration;
			buildSettings = {
				COMBINE_HIDPI_IMAGES = YES;
				GCC_GENERATE_DEBUGGING_SYMBOLS = YES;
				GCC_INLINES_ARE_PRIVATE_EXTERN = NO;
				GCC_OPTIMIZATION_LEVEL = 0;
				GCC_PREPROCESSOR_DEFINITIONS = ("'CMAKE_INTDIR=\"$(CONFIGURATION)$(EFFECTIVE_PLATFORM_NAME)\"'");
				GCC_SYMBOLS_PRIVATE_EXTERN = NO;
				INSTALL_PATH = "";
				OTHER_LDFLAGS = " ";
				OTHER_REZFLAGS = "";
				PRODUCT_NAME = install;
				SECTORDER_FLAGS = "";
				SYMROOT = "/Users/seijiro/GoogleDrive/code/C:C++/myThe-Modern-Cpp-Challenge/build/chapter05/problem_41";
				USE_HEADERMAP = NO;
				WARNING_CFLAGS = ("-Wmost","-Wno-four-char-constants","-Wno-unknown-pragmas","$(inherited)");
			};
			name = Debug;
		};
		89D14DCB2E8B4ECB96754DEE /* MinSizeRel */ = {
			isa = XCBuildConfiguration;
			buildSettings = {
				COMBINE_HIDPI_IMAGES = YES;
				GCC_GENERATE_DEBUGGING_SYMBOLS = YES;
				GCC_INLINES_ARE_PRIVATE_EXTERN = NO;
				GCC_OPTIMIZATION_LEVEL = 0;
				GCC_PREPROCESSOR_DEFINITIONS = ("'CMAKE_INTDIR=\"$(CONFIGURATION)$(EFFECTIVE_PLATFORM_NAME)\"'");
				GCC_SYMBOLS_PRIVATE_EXTERN = NO;
				INSTALL_PATH = "";
				OTHER_LDFLAGS = " ";
				OTHER_REZFLAGS = "";
				PRODUCT_NAME = install;
				SECTORDER_FLAGS = "";
				SYMROOT = "/Users/seijiro/GoogleDrive/code/C:C++/myThe-Modern-Cpp-Challenge/build/chapter05/problem_41";
				USE_HEADERMAP = NO;
				WARNING_CFLAGS = ("-Wmost","-Wno-four-char-constants","-Wno-unknown-pragmas","$(inherited)");
			};
			name = MinSizeRel;
		};
		9DDB1A0A9CEE46C7BAD2F4A0 /* Release */ = {
			isa = XCBuildConfiguration;
			buildSettings = {
				COMBINE_HIDPI_IMAGES = YES;
				GCC_GENERATE_DEBUGGING_SYMBOLS = YES;
				GCC_INLINES_ARE_PRIVATE_EXTERN = NO;
				GCC_OPTIMIZATION_LEVEL = 0;
				GCC_PREPROCESSOR_DEFINITIONS = ("'CMAKE_INTDIR=\"$(CONFIGURATION)$(EFFECTIVE_PLATFORM_NAME)\"'");
				GCC_SYMBOLS_PRIVATE_EXTERN = NO;
				INSTALL_PATH = "";
				OTHER_LDFLAGS = " ";
				OTHER_REZFLAGS = "";
				PRODUCT_NAME = install;
				SECTORDER_FLAGS = "";
				SYMROOT = "/Users/seijiro/GoogleDrive/code/C:C++/myThe-Modern-Cpp-Challenge/build/chapter05/problem_41";
				USE_HEADERMAP = NO;
				WARNING_CFLAGS = ("-Wmost","-Wno-four-char-constants","-Wno-unknown-pragmas","$(inherited)");
			};
			name = Release;
		};
		B06F9E784D7E45308F0C50FA /* MinSizeRel */ = {
			isa = XCBuildConfiguration;
			buildSettings = {
				COMBINE_HIDPI_IMAGES = YES;
				CONFIGURATION_BUILD_DIR = "/Users/seijiro/GoogleDrive/code/C:C++/myThe-Modern-Cpp-Challenge/bin/MinSizeRel";
				EXECUTABLE_PREFIX = "";
				EXECUTABLE_SUFFIX = "";
				GCC_GENERATE_DEBUGGING_SYMBOLS = YES;
				GCC_INLINES_ARE_PRIVATE_EXTERN = NO;
				GCC_OPTIMIZATION_LEVEL = s;
				GCC_PREPROCESSOR_DEFINITIONS = ("'CMAKE_INTDIR=\"$(CONFIGURATION)$(EFFECTIVE_PLATFORM_NAME)\"'");
				GCC_SYMBOLS_PRIVATE_EXTERN = NO;
				HEADER_SEARCH_PATHS = ("/Users/seijiro/GoogleDrive/code/C:C++/myThe-Modern-Cpp-Challenge/libs/date/include/date");
				INSTALL_PATH = "";
				LIBRARY_SEARCH_PATHS = "";
				OTHER_CPLUSPLUSFLAGS = " -std=c++1z -fexceptions    -Wall     -DNDEBUG  ";
				OTHER_LDFLAGS = " -Wl,-search_paths_first -Wl,-headerpad_max_install_names  ";
				OTHER_REZFLAGS = "";
				PRODUCT_NAME = problem_41;
				SECTORDER_FLAGS = "";
				SYMROOT = "/Users/seijiro/GoogleDrive/code/C:C++/myThe-Modern-Cpp-Challenge/build/chapter05/problem_41";
				USE_HEADERMAP = NO;
				WARNING_CFLAGS = ("-Wmost","-Wno-four-char-constants","-Wno-unknown-pragmas","$(inherited)");
			};
			name = MinSizeRel;
		};
		D4C146A871294C8193CC720F /* Debug */ = {
			isa = XCBuildConfiguration;
			buildSettings = {
				COMBINE_HIDPI_IMAGES = YES;
				GCC_GENERATE_DEBUGGING_SYMBOLS = YES;
				GCC_INLINES_ARE_PRIVATE_EXTERN = NO;
				GCC_OPTIMIZATION_LEVEL = 0;
				GCC_PREPROCESSOR_DEFINITIONS = ("'CMAKE_INTDIR=\"$(CONFIGURATION)$(EFFECTIVE_PLATFORM_NAME)\"'");
				GCC_SYMBOLS_PRIVATE_EXTERN = NO;
				INSTALL_PATH = "";
				OTHER_LDFLAGS = " ";
				OTHER_REZFLAGS = "";
				PRODUCT_NAME = ALL_BUILD;
				SECTORDER_FLAGS = "";
				SYMROOT = "/Users/seijiro/GoogleDrive/code/C:C++/myThe-Modern-Cpp-Challenge/build/chapter05/problem_41";
				USE_HEADERMAP = NO;
				WARNING_CFLAGS = ("-Wmost","-Wno-four-char-constants","-Wno-unknown-pragmas","$(inherited)");
			};
			name = Debug;
		};
		E33C8F5E12A44E41BA83A357 /* RelWithDebInfo */ = {
			isa = XCBuildConfiguration;
			buildSettings = {
				COMBINE_HIDPI_IMAGES = YES;
				CONFIGURATION_BUILD_DIR = "/Users/seijiro/GoogleDrive/code/C:C++/myThe-Modern-Cpp-Challenge/bin/RelWithDebInfo";
				EXECUTABLE_PREFIX = "";
				EXECUTABLE_SUFFIX = "";
				GCC_GENERATE_DEBUGGING_SYMBOLS = YES;
				GCC_INLINES_ARE_PRIVATE_EXTERN = NO;
				GCC_OPTIMIZATION_LEVEL = 2;
				GCC_PREPROCESSOR_DEFINITIONS = ("'CMAKE_INTDIR=\"$(CONFIGURATION)$(EFFECTIVE_PLATFORM_NAME)\"'");
				GCC_SYMBOLS_PRIVATE_EXTERN = NO;
				HEADER_SEARCH_PATHS = ("/Users/seijiro/GoogleDrive/code/C:C++/myThe-Modern-Cpp-Challenge/libs/date/include/date");
				INSTALL_PATH = "";
				LIBRARY_SEARCH_PATHS = "";
				OTHER_CPLUSPLUSFLAGS = " -std=c++1z -fexceptions    -Wall        -DNDEBUG  ";
				OTHER_LDFLAGS = " -Wl,-search_paths_first -Wl,-headerpad_max_install_names  ";
				OTHER_REZFLAGS = "";
				PRODUCT_NAME = problem_41;
				SECTORDER_FLAGS = "";
				SYMROOT = "/Users/seijiro/GoogleDrive/code/C:C++/myThe-Modern-Cpp-Challenge/build/chapter05/problem_41";
				USE_HEADERMAP = NO;
				WARNING_CFLAGS = ("-Wmost","-Wno-four-char-constants","-Wno-unknown-pragmas","$(inherited)");
			};
			name = RelWithDebInfo;
		};
		F9AB684CDA764A57BE6BCA85 /* Release */ = {
			isa = XCBuildConfiguration;
			buildSettings = {
				ONLY_ACTIVE_ARCH = YES;
				SDKROOT = /Applications/Xcode.app/Contents/Developer/Platforms/MacOSX.platform/Developer/SDKs/MacOSX10.14.sdk;
				SYMROOT = "/Users/seijiro/GoogleDrive/code/C:C++/myThe-Modern-Cpp-Challenge/build/chapter05/problem_41/build";
			};
			name = Release;
		};
/* End XCBuildConfiguration section */

/* Begin XCConfigurationList section */
		03C69E2F53C04C528CE35814 /* Build configuration list for PBXAggregateTarget "install" */ = {
			isa = XCConfigurationList;
			buildConfigurations = (
				84D680251022469DA3D0386C /* Debug */,
				9DDB1A0A9CEE46C7BAD2F4A0 /* Release */,
				89D14DCB2E8B4ECB96754DEE /* MinSizeRel */,
				7C44E1B41E5441CDB2593AF5 /* RelWithDebInfo */,
			);
			defaultConfigurationIsVisible = 0;
			defaultConfigurationName = Debug;
		};
		10AF4CE506CD4F8FACE8C392 /* Build configuration list for PBXAggregateTarget "ALL_BUILD" */ = {
			isa = XCConfigurationList;
			buildConfigurations = (
				D4C146A871294C8193CC720F /* Debug */,
				2F0246C7B30E4289B78593AD /* Release */,
				4B6034F369C54656B501B8A6 /* MinSizeRel */,
				1C9AA566684F466FB3CC2FE1 /* RelWithDebInfo */,
			);
			defaultConfigurationIsVisible = 0;
			defaultConfigurationName = Debug;
		};
		2CD98A1BC58E4A959C086AF9 /* Build configuration list for PBXAggregateTarget "ZERO_CHECK" */ = {
			isa = XCConfigurationList;
			buildConfigurations = (
				649A81697D3B4FEE99513645 /* Debug */,
				3B1D540A02C74C67817AF003 /* Release */,
				3FD29471866C4D13A855E314 /* MinSizeRel */,
				1FC4B266AF014E649E779FB0 /* RelWithDebInfo */,
			);
			defaultConfigurationIsVisible = 0;
			defaultConfigurationName = Debug;
		};
		834E05D3FC954FE685966D25 /* Build configuration list for PBXNativeTarget "problem_41" */ = {
			isa = XCConfigurationList;
			buildConfigurations = (
				2A67241CD6244213BA3EA6BC /* Debug */,
				1437174DA05E4EA380104FA7 /* Release */,
				B06F9E784D7E45308F0C50FA /* MinSizeRel */,
				E33C8F5E12A44E41BA83A357 /* RelWithDebInfo */,
			);
			defaultConfigurationIsVisible = 0;
			defaultConfigurationName = Debug;
		};
		884B59A2DB1E4A7883C96D5E /* Build configuration list for PBXProject "problem_41" */ = {
			isa = XCConfigurationList;
			buildConfigurations = (
				8304066DBC184F76BDB70031 /* Debug */,
				F9AB684CDA764A57BE6BCA85 /* Release */,
				542F2AC34EF5487998CE4F94 /* MinSizeRel */,
				1BEE9ACD4D374D96B50C3939 /* RelWithDebInfo */,
			);
			defaultConfigurationIsVisible = 0;
			defaultConfigurationName = Debug;
		};
/* End XCConfigurationList section */
	};
	rootObject = CE71A8891DB14A03A67EEB21 /* Project object */;
}
