// !$*UTF8*$!
{
	archiveVersion = 1;
	classes = {
	};
	objectVersion = 46;
	objects = {

/* Begin PBXAggregateTarget section */
		4CEBDE935A5E4FA780A72DFF /* ALL_BUILD */ = {
			isa = PBXAggregateTarget;
			buildConfigurationList = A736F0C875B3442D9B28C827 /* Build configuration list for PBXAggregateTarget "ALL_BUILD" */;
			buildPhases = (
				736540B6563644269BDC65F6 /* CMake Rules */,
			);
			dependencies = (
				47C243168D3E48E9BE8B8149 /* PBXTargetDependency */,
				64E2439EAC1E43038A9E0B88 /* PBXTargetDependency */,
			);
			name = ALL_BUILD;
			productName = ALL_BUILD;
		};
		F754A75ACA9B44E788C2C0DE /* ZERO_CHECK */ = {
			isa = PBXAggregateTarget;
			buildConfigurationList = 210166B8F15844FF942C54EA /* Build configuration list for PBXAggregateTarget "ZERO_CHECK" */;
			buildPhases = (
				46DF07AE21184B289DC4BAFB /* CMake Rules */,
			);
			dependencies = (
			);
			name = ZERO_CHECK;
			productName = ZERO_CHECK;
		};
		F80354C67B08413F8CA82E56 /* install */ = {
			isa = PBXAggregateTarget;
			buildConfigurationList = E71E189354E24832AF07BAED /* Build configuration list for PBXAggregateTarget "install" */;
			buildPhases = (
				2132B8CCD88A430582DD51FC /* CMake PostBuild Rules */,
			);
			dependencies = (
				A8DFEBACFE96442796D6B432 /* PBXTargetDependency */,
			);
			name = install;
			productName = install;
		};
/* End PBXAggregateTarget section */

/* Begin PBXBuildFile section */
		6022C2F2ECE24302A369AFF3 /* /Users/seijiro/GoogleDrive/code/C:C++/myThe-Modern-Cpp-Challenge/chapter04/problem_36/CMakeLists.txt */ = {isa = PBXBuildFile; fileRef = E5396ADA3F444C09B8E8857F /* /Users/seijiro/GoogleDrive/code/C:C++/myThe-Modern-Cpp-Challenge/chapter04/problem_36/CMakeLists.txt */; };
		ED61642F265C40A7B2474151 /* /Users/seijiro/GoogleDrive/code/C:C++/myThe-Modern-Cpp-Challenge/chapter04/problem_36/main.cpp */ = {isa = PBXBuildFile; fileRef = 45D65CEED4FA455DBA805E91 /* /Users/seijiro/GoogleDrive/code/C:C++/myThe-Modern-Cpp-Challenge/chapter04/problem_36/main.cpp */; };
/* End PBXBuildFile section */

/* Begin PBXBuildStyle section */
		153E13E7C35549ED9EC451FE /* MinSizeRel */ = {
			isa = PBXBuildStyle;
			buildSettings = {
				COPY_PHASE_STRIP = NO;
			};
			name = MinSizeRel;
		};
		921B02938287421194174C42 /* RelWithDebInfo */ = {
			isa = PBXBuildStyle;
			buildSettings = {
				COPY_PHASE_STRIP = NO;
			};
			name = RelWithDebInfo;
		};
		B3F1297087A04F71B3C9BB8F /* Release */ = {
			isa = PBXBuildStyle;
			buildSettings = {
				COPY_PHASE_STRIP = NO;
			};
			name = Release;
		};
		C348946A08614ED68F678560 /* Debug */ = {
			isa = PBXBuildStyle;
			buildSettings = {
				COPY_PHASE_STRIP = NO;
			};
			name = Debug;
		};
/* End PBXBuildStyle section */

/* Begin PBXContainerItemProxy section */
		6B6126638EA1459FB8F36ECD /* PBXContainerItemProxy */ = {
			isa = PBXContainerItemProxy;
			containerPortal = 10D4880B0D2C4225914FCF6A /* Project object */;
			proxyType = 1;
			remoteGlobalIDString = 4CEBDE935A5E4FA780A72DFF;
			remoteInfo = ALL_BUILD;
		};
		716420B1B4034729AE7971AD /* PBXContainerItemProxy */ = {
			isa = PBXContainerItemProxy;
			containerPortal = 10D4880B0D2C4225914FCF6A /* Project object */;
			proxyType = 1;
			remoteGlobalIDString = 787B404841AE46E3BD631C51;
			remoteInfo = problem_36;
		};
		7C2CC835B1734C0A87E90189 /* PBXContainerItemProxy */ = {
			isa = PBXContainerItemProxy;
			containerPortal = 10D4880B0D2C4225914FCF6A /* Project object */;
			proxyType = 1;
			remoteGlobalIDString = F754A75ACA9B44E788C2C0DE;
			remoteInfo = ZERO_CHECK;
		};
		996EF598A5BE4CA6BCDFEC24 /* PBXContainerItemProxy */ = {
			isa = PBXContainerItemProxy;
			containerPortal = 10D4880B0D2C4225914FCF6A /* Project object */;
			proxyType = 1;
			remoteGlobalIDString = F754A75ACA9B44E788C2C0DE;
			remoteInfo = ZERO_CHECK;
		};
/* End PBXContainerItemProxy section */

/* Begin PBXFileReference section */
		086AB01FD5244B998E979198 /* /Users/seijiro/GoogleDrive/code/C:C++/myThe-Modern-Cpp-Challenge/chapter04/problem_36/CMakeLists.txt */ = {isa = PBXFileReference; explicitFileType = sourcecode.text; fileEncoding = 4; name = CMakeLists.txt; path = CMakeLists.txt; sourceTree = SOURCE_ROOT; };
		14F69070E4AD4A89979CB9A2 /* problem_36 */ = {isa = PBXFileReference; explicitFileType = "compiled.mach-o.executable"; path = problem_36; sourceTree = BUILT_PRODUCTS_DIR; };
		45D65CEED4FA455DBA805E91 /* /Users/seijiro/GoogleDrive/code/C:C++/myThe-Modern-Cpp-Challenge/chapter04/problem_36/main.cpp */ = {isa = PBXFileReference; explicitFileType = sourcecode.cpp.cpp; fileEncoding = 4; name = main.cpp; path = main.cpp; sourceTree = SOURCE_ROOT; };
		E5396ADA3F444C09B8E8857F /* /Users/seijiro/GoogleDrive/code/C:C++/myThe-Modern-Cpp-Challenge/chapter04/problem_36/CMakeLists.txt */ = {isa = PBXFileReference; explicitFileType = sourcecode.text; fileEncoding = 4; name = CMakeLists.txt; path = CMakeLists.txt; sourceTree = SOURCE_ROOT; };
/* End PBXFileReference section */

/* Begin PBXGroup section */
		1549DC256012449DAF54340E /* ALL_BUILD */ = {
			isa = PBXGroup;
			children = (
				20B42094870E43B8BAD1A8B0 /* CMake Rules */,
				086AB01FD5244B998E979198 /* /Users/seijiro/GoogleDrive/code/C:C++/myThe-Modern-Cpp-Challenge/chapter04/problem_36/CMakeLists.txt */,
			);
			name = ALL_BUILD;
			sourceTree = "<group>";
		};
		16B20A6A68124B9088141C7D /* problem_36 */ = {
			isa = PBXGroup;
			children = (
				6DEC0C3CB24F40D497F92704 /* Source Files */,
				E5396ADA3F444C09B8E8857F /* /Users/seijiro/GoogleDrive/code/C:C++/myThe-Modern-Cpp-Challenge/chapter04/problem_36/CMakeLists.txt */,
			);
			name = problem_36;
			sourceTree = "<group>";
		};
		20B42094870E43B8BAD1A8B0 /* CMake Rules */ = {
			isa = PBXGroup;
			children = (
			);
			name = "CMake Rules";
			sourceTree = "<group>";
		};
		228F4CCE661A47FEAC4531A2 /* Products */ = {
			isa = PBXGroup;
			children = (
				14F69070E4AD4A89979CB9A2 /* problem_36 */,
			);
			name = Products;
			sourceTree = "<group>";
		};
		23E2D2B5B9804F8795ECD791 /* 04.Streams */ = {
			isa = PBXGroup;
			children = (
				16B20A6A68124B9088141C7D /* problem_36 */,
			);
			name = 04.Streams;
			sourceTree = "<group>";
		};
		6DEC0C3CB24F40D497F92704 /* Source Files */ = {
			isa = PBXGroup;
			children = (
				45D65CEED4FA455DBA805E91 /* /Users/seijiro/GoogleDrive/code/C:C++/myThe-Modern-Cpp-Challenge/chapter04/problem_36/main.cpp */,
			);
			name = "Source Files";
			sourceTree = "<group>";
		};
		B12F8C74AA724AEB8F20D8EC = {
			isa = PBXGroup;
			children = (
				23E2D2B5B9804F8795ECD791 /* 04.Streams */,
				1549DC256012449DAF54340E /* ALL_BUILD */,
				228F4CCE661A47FEAC4531A2 /* Products */,
			);
			sourceTree = "<group>";
		};
/* End PBXGroup section */

/* Begin PBXNativeTarget section */
		787B404841AE46E3BD631C51 /* problem_36 */ = {
			isa = PBXNativeTarget;
			buildConfigurationList = 0086E138720D43C98814A0D5 /* Build configuration list for PBXNativeTarget "problem_36" */;
			buildPhases = (
				99995479F4FC4C31916F4026 /* Sources */,
			);
			buildRules = (
			);
			dependencies = (
				FD81F3DA32EE4F5EA4AC240F /* PBXTargetDependency */,
			);
			name = problem_36;
			productName = problem_36;
			productReference = 14F69070E4AD4A89979CB9A2 /* problem_36 */;
			productType = "com.apple.product-type.tool";
		};
/* End PBXNativeTarget section */

/* Begin PBXProject section */
		10D4880B0D2C4225914FCF6A /* Project object */ = {
			isa = PBXProject;
			attributes = {
				BuildIndependentTargetsInParallel = YES;
				LastUpgradeCheck = 1010;
			};
			buildConfigurationList = F26DAD5D7C89417DA1EA7FDE /* Build configuration list for PBXProject "problem_36" */;
			buildSettings = {
			};
			buildStyles = (
				C348946A08614ED68F678560 /* Debug */,
				B3F1297087A04F71B3C9BB8F /* Release */,
				153E13E7C35549ED9EC451FE /* MinSizeRel */,
				921B02938287421194174C42 /* RelWithDebInfo */,
			);
			compatibilityVersion = "Xcode 3.2";
			hasScannedForEncodings = 0;
			mainGroup = B12F8C74AA724AEB8F20D8EC;
			projectDirPath = ../../../chapter04/problem_36;
			projectRoot = "";
			targets = (
				4CEBDE935A5E4FA780A72DFF /* ALL_BUILD */,
				F754A75ACA9B44E788C2C0DE /* ZERO_CHECK */,
				F80354C67B08413F8CA82E56 /* install */,
				787B404841AE46E3BD631C51 /* problem_36 */,
			);
		};
/* End PBXProject section */

/* Begin PBXShellScriptBuildPhase section */
		2132B8CCD88A430582DD51FC /* CMake PostBuild Rules */ = {
			isa = PBXShellScriptBuildPhase;
			buildActionMask = 2147483647;
			files = (
			);
			name = "CMake PostBuild Rules";
			runOnlyForDeploymentPostprocessing = 0;
			shellPath = /bin/sh;
			shellScript = "make -C /Users/seijiro/GoogleDrive/code/C:C++/myThe-Modern-Cpp-Challenge/build/chapter04/problem_36 -f /Users/seijiro/GoogleDrive/code/C:C++/myThe-Modern-Cpp-Challenge/build/chapter04/problem_36/CMakeScripts/install_postBuildPhase.make$CONFIGURATION all";
			showEnvVarsInLog = 0;
		};
		46DF07AE21184B289DC4BAFB /* CMake Rules */ = {
			isa = PBXShellScriptBuildPhase;
			buildActionMask = 2147483647;
			files = (
			);
			name = "CMake Rules";
			runOnlyForDeploymentPostprocessing = 0;
			shellPath = /bin/sh;
			shellScript = "make -C /Users/seijiro/GoogleDrive/code/C:C++/myThe-Modern-Cpp-Challenge/build/chapter04/problem_36 -f /Users/seijiro/GoogleDrive/code/C:C++/myThe-Modern-Cpp-Challenge/build/chapter04/problem_36/CMakeScripts/ZERO_CHECK_cmakeRulesBuildPhase.make$CONFIGURATION all";
			showEnvVarsInLog = 0;
		};
		736540B6563644269BDC65F6 /* CMake Rules */ = {
			isa = PBXShellScriptBuildPhase;
			buildActionMask = 2147483647;
			files = (
			);
			name = "CMake Rules";
			runOnlyForDeploymentPostprocessing = 0;
			shellPath = /bin/sh;
			shellScript = "make -C /Users/seijiro/GoogleDrive/code/C:C++/myThe-Modern-Cpp-Challenge/build/chapter04/problem_36 -f /Users/seijiro/GoogleDrive/code/C:C++/myThe-Modern-Cpp-Challenge/build/chapter04/problem_36/CMakeScripts/ALL_BUILD_cmakeRulesBuildPhase.make$CONFIGURATION all";
			showEnvVarsInLog = 0;
		};
		9C1DF16892AB405CA9952A8D = {
			isa = PBXShellScriptBuildPhase;
			buildActionMask = 2147483647;
			files = (
			);
			inputPaths = (
			);
			outputPaths = (
			);
			runOnlyForDeploymentPostprocessing = 0;
			shellPath = /bin/sh;
			shellScript = "# shell script goes here
exit 0";
			showEnvVarsInLog = 0;
		};
		CCD6DC60A4234D6E9F338B61 = {
			isa = PBXShellScriptBuildPhase;
			buildActionMask = 2147483647;
			files = (
			);
			inputPaths = (
			);
			outputPaths = (
			);
			runOnlyForDeploymentPostprocessing = 0;
			shellPath = /bin/sh;
			shellScript = "# shell script goes here
exit 0";
			showEnvVarsInLog = 0;
		};
		E83A71EEE93C40A2A866DB1D = {
			isa = PBXShellScriptBuildPhase;
			buildActionMask = 2147483647;
			files = (
			);
			inputPaths = (
			);
			outputPaths = (
			);
			runOnlyForDeploymentPostprocessing = 0;
			shellPath = /bin/sh;
			shellScript = "# shell script goes here
exit 0";
			showEnvVarsInLog = 0;
		};
/* End PBXShellScriptBuildPhase section */

/* Begin PBXSourcesBuildPhase section */
		99995479F4FC4C31916F4026 /* Sources */ = {
			isa = PBXSourcesBuildPhase;
			buildActionMask = 2147483647;
			files = (
				ED61642F265C40A7B2474151 /* /Users/seijiro/GoogleDrive/code/C:C++/myThe-Modern-Cpp-Challenge/chapter04/problem_36/main.cpp */,
			);
			runOnlyForDeploymentPostprocessing = 0;
		};
/* End PBXSourcesBuildPhase section */

/* Begin PBXTargetDependency section */
		47C243168D3E48E9BE8B8149 /* PBXTargetDependency */ = {
			isa = PBXTargetDependency;
			target = 787B404841AE46E3BD631C51 /* problem_36 */;
			targetProxy = 716420B1B4034729AE7971AD /* PBXContainerItemProxy */;
		};
		64E2439EAC1E43038A9E0B88 /* PBXTargetDependency */ = {
			isa = PBXTargetDependency;
			target = F754A75ACA9B44E788C2C0DE /* ZERO_CHECK */;
			targetProxy = 996EF598A5BE4CA6BCDFEC24 /* PBXContainerItemProxy */;
		};
		A8DFEBACFE96442796D6B432 /* PBXTargetDependency */ = {
			isa = PBXTargetDependency;
			target = 4CEBDE935A5E4FA780A72DFF /* ALL_BUILD */;
			targetProxy = 6B6126638EA1459FB8F36ECD /* PBXContainerItemProxy */;
		};
		FD81F3DA32EE4F5EA4AC240F /* PBXTargetDependency */ = {
			isa = PBXTargetDependency;
			target = F754A75ACA9B44E788C2C0DE /* ZERO_CHECK */;
			targetProxy = 7C2CC835B1734C0A87E90189 /* PBXContainerItemProxy */;
		};
/* End PBXTargetDependency section */

/* Begin XCBuildConfiguration section */
		06FE30F033324FEA9758EDF1 /* Release */ = {
			isa = XCBuildConfiguration;
			buildSettings = {
				COMBINE_HIDPI_IMAGES = YES;
				GCC_GENERATE_DEBUGGING_SYMBOLS = YES;
				GCC_INLINES_ARE_PRIVATE_EXTERN = NO;
				GCC_OPTIMIZATION_LEVEL = 0;
				GCC_PREPROCESSOR_DEFINITIONS = ("'CMAKE_INTDIR=\"$(CONFIGURATION)$(EFFECTIVE_PLATFORM_NAME)\"'");
				GCC_SYMBOLS_PRIVATE_EXTERN = NO;
				INSTALL_PATH = "";
				OTHER_LDFLAGS = " ";
				OTHER_REZFLAGS = "";
				PRODUCT_NAME = ALL_BUILD;
				SECTORDER_FLAGS = "";
				SYMROOT = "/Users/seijiro/GoogleDrive/code/C:C++/myThe-Modern-Cpp-Challenge/build/chapter04/problem_36";
				USE_HEADERMAP = NO;
				WARNING_CFLAGS = ("-Wmost","-Wno-four-char-constants","-Wno-unknown-pragmas","$(inherited)");
			};
			name = Release;
		};
		13D33CE570C24280B858E8E9 /* MinSizeRel */ = {
			isa = XCBuildConfiguration;
			buildSettings = {
				COMBINE_HIDPI_IMAGES = YES;
				GCC_GENERATE_DEBUGGING_SYMBOLS = YES;
				GCC_INLINES_ARE_PRIVATE_EXTERN = NO;
				GCC_OPTIMIZATION_LEVEL = 0;
				GCC_PREPROCESSOR_DEFINITIONS = ("'CMAKE_INTDIR=\"$(CONFIGURATION)$(EFFECTIVE_PLATFORM_NAME)\"'");
				GCC_SYMBOLS_PRIVATE_EXTERN = NO;
				INSTALL_PATH = "";
				OTHER_LDFLAGS = " ";
				OTHER_REZFLAGS = "";
				PRODUCT_NAME = install;
				SECTORDER_FLAGS = "";
				SYMROOT = "/Users/seijiro/GoogleDrive/code/C:C++/myThe-Modern-Cpp-Challenge/build/chapter04/problem_36";
				USE_HEADERMAP = NO;
				WARNING_CFLAGS = ("-Wmost","-Wno-four-char-constants","-Wno-unknown-pragmas","$(inherited)");
			};
			name = MinSizeRel;
		};
		171E86A5093E47D1966F3B17 /* Release */ = {
			isa = XCBuildConfiguration;
			buildSettings = {
				COMBINE_HIDPI_IMAGES = YES;
				GCC_GENERATE_DEBUGGING_SYMBOLS = YES;
				GCC_INLINES_ARE_PRIVATE_EXTERN = NO;
				GCC_OPTIMIZATION_LEVEL = 0;
				GCC_PREPROCESSOR_DEFINITIONS = ("'CMAKE_INTDIR=\"$(CONFIGURATION)$(EFFECTIVE_PLATFORM_NAME)\"'");
				GCC_SYMBOLS_PRIVATE_EXTERN = NO;
				INSTALL_PATH = "";
				OTHER_LDFLAGS = " ";
				OTHER_REZFLAGS = "";
				PRODUCT_NAME = install;
				SECTORDER_FLAGS = "";
				SYMROOT = "/Users/seijiro/GoogleDrive/code/C:C++/myThe-Modern-Cpp-Challenge/build/chapter04/problem_36";
				USE_HEADERMAP = NO;
				WARNING_CFLAGS = ("-Wmost","-Wno-four-char-constants","-Wno-unknown-pragmas","$(inherited)");
			};
			name = Release;
		};
		1C9DE79F719F420DACB0C72E /* RelWithDebInfo */ = {
			isa = XCBuildConfiguration;
			buildSettings = {
				COMBINE_HIDPI_IMAGES = YES;
				GCC_GENERATE_DEBUGGING_SYMBOLS = YES;
				GCC_INLINES_ARE_PRIVATE_EXTERN = NO;
				GCC_OPTIMIZATION_LEVEL = 0;
				GCC_PREPROCESSOR_DEFINITIONS = ("'CMAKE_INTDIR=\"$(CONFIGURATION)$(EFFECTIVE_PLATFORM_NAME)\"'");
				GCC_SYMBOLS_PRIVATE_EXTERN = NO;
				INSTALL_PATH = "";
				OTHER_LDFLAGS = " ";
				OTHER_REZFLAGS = "";
				PRODUCT_NAME = ZERO_CHECK;
				SECTORDER_FLAGS = "";
				SYMROOT = "/Users/seijiro/GoogleDrive/code/C:C++/myThe-Modern-Cpp-Challenge/build/chapter04/problem_36";
				USE_HEADERMAP = NO;
				WARNING_CFLAGS = ("-Wmost","-Wno-four-char-constants","-Wno-unknown-pragmas","$(inherited)");
			};
			name = RelWithDebInfo;
		};
		1D230FB188DA48CA842677C9 /* Debug */ = {
			isa = XCBuildConfiguration;
			buildSettings = {
				COMBINE_HIDPI_IMAGES = YES;
				GCC_GENERATE_DEBUGGING_SYMBOLS = YES;
				GCC_INLINES_ARE_PRIVATE_EXTERN = NO;
				GCC_OPTIMIZATION_LEVEL = 0;
				GCC_PREPROCESSOR_DEFINITIONS = ("'CMAKE_INTDIR=\"$(CONFIGURATION)$(EFFECTIVE_PLATFORM_NAME)\"'");
				GCC_SYMBOLS_PRIVATE_EXTERN = NO;
				INSTALL_PATH = "";
				OTHER_LDFLAGS = " ";
				OTHER_REZFLAGS = "";
				PRODUCT_NAME = ZERO_CHECK;
				SECTORDER_FLAGS = "";
				SYMROOT = "/Users/seijiro/GoogleDrive/code/C:C++/myThe-Modern-Cpp-Challenge/build/chapter04/problem_36";
				USE_HEADERMAP = NO;
				WARNING_CFLAGS = ("-Wmost","-Wno-four-char-constants","-Wno-unknown-pragmas","$(inherited)");
			};
			name = Debug;
		};
		2C9E249E803B4197BD5811F6 /* MinSizeRel */ = {
			isa = XCBuildConfiguration;
			buildSettings = {
				COMBINE_HIDPI_IMAGES = YES;
				CONFIGURATION_BUILD_DIR = "/Users/seijiro/GoogleDrive/code/C:C++/myThe-Modern-Cpp-Challenge/bin/MinSizeRel";
				EXECUTABLE_PREFIX = "";
				EXECUTABLE_SUFFIX = "";
				GCC_GENERATE_DEBUGGING_SYMBOLS = YES;
				GCC_INLINES_ARE_PRIVATE_EXTERN = NO;
				GCC_OPTIMIZATION_LEVEL = s;
				GCC_PREPROCESSOR_DEFINITIONS = ("'CMAKE_INTDIR=\"$(CONFIGURATION)$(EFFECTIVE_PLATFORM_NAME)\"'",USE_BOOST_FILESYSTEM);
				GCC_SYMBOLS_PRIVATE_EXTERN = NO;
				HEADER_SEARCH_PATHS = (/usr/local/Cellar/boost/1.67.0_1);
				INSTALL_PATH = "";
				LD_RUNPATH_SEARCH_PATHS = /usr/local/Cellar/boost/1.67.0_1/lib;
				LIBRARY_SEARCH_PATHS = " /usr/local/Cellar/boost/1.67.0_1/lib/$(CONFIGURATION)$(EFFECTIVE_PLATFORM_NAME) /usr/local/Cellar/boost/1.67.0_1/lib";
				OTHER_CPLUSPLUSFLAGS = " -std=c++1z -fexceptions    -Wall     -DNDEBUG  ";
				OTHER_LDFLAGS = " -Wl,-search_paths_first -Wl,-headerpad_max_install_names  /usr/local/lib/libboost_filesystem-mt.dylib /usr/local/lib/libboost_system-mt.dylib";
				OTHER_REZFLAGS = "";
				PRODUCT_NAME = problem_36;
				SECTORDER_FLAGS = "";
				SYMROOT = "/Users/seijiro/GoogleDrive/code/C:C++/myThe-Modern-Cpp-Challenge/build/chapter04/problem_36";
				USE_HEADERMAP = NO;
				WARNING_CFLAGS = ("-Wmost","-Wno-four-char-constants","-Wno-unknown-pragmas","$(inherited)");
			};
			name = MinSizeRel;
		};
		31A127672A28421081CE27AF /* Debug */ = {
			isa = XCBuildConfiguration;
			buildSettings = {
				COMBINE_HIDPI_IMAGES = YES;
				GCC_GENERATE_DEBUGGING_SYMBOLS = YES;
				GCC_INLINES_ARE_PRIVATE_EXTERN = NO;
				GCC_OPTIMIZATION_LEVEL = 0;
				GCC_PREPROCESSOR_DEFINITIONS = ("'CMAKE_INTDIR=\"$(CONFIGURATION)$(EFFECTIVE_PLATFORM_NAME)\"'");
				GCC_SYMBOLS_PRIVATE_EXTERN = NO;
				INSTALL_PATH = "";
				OTHER_LDFLAGS = " ";
				OTHER_REZFLAGS = "";
				PRODUCT_NAME = ALL_BUILD;
				SECTORDER_FLAGS = "";
				SYMROOT = "/Users/seijiro/GoogleDrive/code/C:C++/myThe-Modern-Cpp-Challenge/build/chapter04/problem_36";
				USE_HEADERMAP = NO;
				WARNING_CFLAGS = ("-Wmost","-Wno-four-char-constants","-Wno-unknown-pragmas","$(inherited)");
			};
			name = Debug;
		};
		55481331275945C98BAF12D7 /* MinSizeRel */ = {
			isa = XCBuildConfiguration;
			buildSettings = {
				ONLY_ACTIVE_ARCH = YES;
				SDKROOT = /Applications/Xcode.app/Contents/Developer/Platforms/MacOSX.platform/Developer/SDKs/MacOSX10.14.sdk;
				SYMROOT = "/Users/seijiro/GoogleDrive/code/C:C++/myThe-Modern-Cpp-Challenge/build/chapter04/problem_36/build";
			};
			name = MinSizeRel;
		};
		5C727925B9B54E31B1A7B2CF /* Release */ = {
			isa = XCBuildConfiguration;
			buildSettings = {
				COMBINE_HIDPI_IMAGES = YES;
				GCC_GENERATE_DEBUGGING_SYMBOLS = YES;
				GCC_INLINES_ARE_PRIVATE_EXTERN = NO;
				GCC_OPTIMIZATION_LEVEL = 0;
				GCC_PREPROCESSOR_DEFINITIONS = ("'CMAKE_INTDIR=\"$(CONFIGURATION)$(EFFECTIVE_PLATFORM_NAME)\"'");
				GCC_SYMBOLS_PRIVATE_EXTERN = NO;
				INSTALL_PATH = "";
				OTHER_LDFLAGS = " ";
				OTHER_REZFLAGS = "";
				PRODUCT_NAME = ZERO_CHECK;
				SECTORDER_FLAGS = "";
				SYMROOT = "/Users/seijiro/GoogleDrive/code/C:C++/myThe-Modern-Cpp-Challenge/build/chapter04/problem_36";
				USE_HEADERMAP = NO;
				WARNING_CFLAGS = ("-Wmost","-Wno-four-char-constants","-Wno-unknown-pragmas","$(inherited)");
			};
			name = Release;
		};
		6555198A9C194954A0DBFF50 /* MinSizeRel */ = {
			isa = XCBuildConfiguration;
			buildSettings = {
				COMBINE_HIDPI_IMAGES = YES;
				GCC_GENERATE_DEBUGGING_SYMBOLS = YES;
				GCC_INLINES_ARE_PRIVATE_EXTERN = NO;
				GCC_OPTIMIZATION_LEVEL = 0;
				GCC_PREPROCESSOR_DEFINITIONS = ("'CMAKE_INTDIR=\"$(CONFIGURATION)$(EFFECTIVE_PLATFORM_NAME)\"'");
				GCC_SYMBOLS_PRIVATE_EXTERN = NO;
				INSTALL_PATH = "";
				OTHER_LDFLAGS = " ";
				OTHER_REZFLAGS = "";
				PRODUCT_NAME = ALL_BUILD;
				SECTORDER_FLAGS = "";
				SYMROOT = "/Users/seijiro/GoogleDrive/code/C:C++/myThe-Modern-Cpp-Challenge/build/chapter04/problem_36";
				USE_HEADERMAP = NO;
				WARNING_CFLAGS = ("-Wmost","-Wno-four-char-constants","-Wno-unknown-pragmas","$(inherited)");
			};
			name = MinSizeRel;
		};
		65AE355B1B144597B5982159 /* Release */ = {
			isa = XCBuildConfiguration;
			buildSettings = {
				COMBINE_HIDPI_IMAGES = YES;
				CONFIGURATION_BUILD_DIR = "/Users/seijiro/GoogleDrive/code/C:C++/myThe-Modern-Cpp-Challenge/bin/Release";
				EXECUTABLE_PREFIX = "";
				EXECUTABLE_SUFFIX = "";
				GCC_GENERATE_DEBUGGING_SYMBOLS = YES;
				GCC_INLINES_ARE_PRIVATE_EXTERN = NO;
				GCC_OPTIMIZATION_LEVEL = 3;
				GCC_PREPROCESSOR_DEFINITIONS = ("'CMAKE_INTDIR=\"$(CONFIGURATION)$(EFFECTIVE_PLATFORM_NAME)\"'",USE_BOOST_FILESYSTEM);
				GCC_SYMBOLS_PRIVATE_EXTERN = NO;
				HEADER_SEARCH_PATHS = (/usr/local/Cellar/boost/1.67.0_1);
				INSTALL_PATH = "";
				LD_RUNPATH_SEARCH_PATHS = /usr/local/Cellar/boost/1.67.0_1/lib;
				LIBRARY_SEARCH_PATHS = " /usr/local/Cellar/boost/1.67.0_1/lib/$(CONFIGURATION)$(EFFECTIVE_PLATFORM_NAME) /usr/local/Cellar/boost/1.67.0_1/lib";
				OTHER_CPLUSPLUSFLAGS = " -std=c++1z -fexceptions    -Wall     -DNDEBUG  ";
				OTHER_LDFLAGS = " -Wl,-search_paths_first -Wl,-headerpad_max_install_names  /usr/local/lib/libboost_filesystem-mt.dylib /usr/local/lib/libboost_system-mt.dylib";
				OTHER_REZFLAGS = "";
				PRODUCT_NAME = problem_36;
				SECTORDER_FLAGS = "";
				SYMROOT = "/Users/seijiro/GoogleDrive/code/C:C++/myThe-Modern-Cpp-Challenge/build/chapter04/problem_36";
				USE_HEADERMAP = NO;
				WARNING_CFLAGS = ("-Wmost","-Wno-four-char-constants","-Wno-unknown-pragmas","$(inherited)");
			};
			name = Release;
		};
		6B29E5B8812B4F4BAD21660B /* RelWithDebInfo */ = {
			isa = XCBuildConfiguration;
			buildSettings = {
				COMBINE_HIDPI_IMAGES = YES;
				GCC_GENERATE_DEBUGGING_SYMBOLS = YES;
				GCC_INLINES_ARE_PRIVATE_EXTERN = NO;
				GCC_OPTIMIZATION_LEVEL = 0;
				GCC_PREPROCESSOR_DEFINITIONS = ("'CMAKE_INTDIR=\"$(CONFIGURATION)$(EFFECTIVE_PLATFORM_NAME)\"'");
				GCC_SYMBOLS_PRIVATE_EXTERN = NO;
				INSTALL_PATH = "";
				OTHER_LDFLAGS = " ";
				OTHER_REZFLAGS = "";
				PRODUCT_NAME = install;
				SECTORDER_FLAGS = "";
				SYMROOT = "/Users/seijiro/GoogleDrive/code/C:C++/myThe-Modern-Cpp-Challenge/build/chapter04/problem_36";
				USE_HEADERMAP = NO;
				WARNING_CFLAGS = ("-Wmost","-Wno-four-char-constants","-Wno-unknown-pragmas","$(inherited)");
			};
			name = RelWithDebInfo;
		};
		6F52D0C5C60B4675B5472852 /* Debug */ = {
			isa = XCBuildConfiguration;
			buildSettings = {
				COMBINE_HIDPI_IMAGES = YES;
				GCC_GENERATE_DEBUGGING_SYMBOLS = YES;
				GCC_INLINES_ARE_PRIVATE_EXTERN = NO;
				GCC_OPTIMIZATION_LEVEL = 0;
				GCC_PREPROCESSOR_DEFINITIONS = ("'CMAKE_INTDIR=\"$(CONFIGURATION)$(EFFECTIVE_PLATFORM_NAME)\"'");
				GCC_SYMBOLS_PRIVATE_EXTERN = NO;
				INSTALL_PATH = "";
				OTHER_LDFLAGS = " ";
				OTHER_REZFLAGS = "";
				PRODUCT_NAME = install;
				SECTORDER_FLAGS = "";
				SYMROOT = "/Users/seijiro/GoogleDrive/code/C:C++/myThe-Modern-Cpp-Challenge/build/chapter04/problem_36";
				USE_HEADERMAP = NO;
				WARNING_CFLAGS = ("-Wmost","-Wno-four-char-constants","-Wno-unknown-pragmas","$(inherited)");
			};
			name = Debug;
		};
		72BDB5E704544A30B5CAE05E /* Debug */ = {
			isa = XCBuildConfiguration;
			buildSettings = {
				COMBINE_HIDPI_IMAGES = YES;
				CONFIGURATION_BUILD_DIR = "/Users/seijiro/GoogleDrive/code/C:C++/myThe-Modern-Cpp-Challenge/bin/Debug";
				EXECUTABLE_PREFIX = "";
				EXECUTABLE_SUFFIX = "";
				GCC_GENERATE_DEBUGGING_SYMBOLS = YES;
				GCC_INLINES_ARE_PRIVATE_EXTERN = NO;
				GCC_OPTIMIZATION_LEVEL = 0;
				GCC_PREPROCESSOR_DEFINITIONS = ("'CMAKE_INTDIR=\"$(CONFIGURATION)$(EFFECTIVE_PLATFORM_NAME)\"'",USE_BOOST_FILESYSTEM);
				GCC_SYMBOLS_PRIVATE_EXTERN = NO;
				HEADER_SEARCH_PATHS = (/usr/local/Cellar/boost/1.67.0_1);
				INSTALL_PATH = "";
				LD_RUNPATH_SEARCH_PATHS = /usr/local/Cellar/boost/1.67.0_1/lib;
				LIBRARY_SEARCH_PATHS = " /usr/local/Cellar/boost/1.67.0_1/lib/$(CONFIGURATION)$(EFFECTIVE_PLATFORM_NAME) /usr/local/Cellar/boost/1.67.0_1/lib";
				OTHER_CPLUSPLUSFLAGS = " -std=c++1z -fexceptions    -Wall     ";
				OTHER_LDFLAGS = " -Wl,-search_paths_first -Wl,-headerpad_max_install_names  /usr/local/lib/libboost_filesystem-mt.dylib /usr/local/lib/libboost_system-mt.dylib";
				OTHER_REZFLAGS = "";
				PRODUCT_NAME = problem_36;
				SECTORDER_FLAGS = "";
				SYMROOT = "/Users/seijiro/GoogleDrive/code/C:C++/myThe-Modern-Cpp-Challenge/build/chapter04/problem_36";
				USE_HEADERMAP = NO;
				WARNING_CFLAGS = ("-Wmost","-Wno-four-char-constants","-Wno-unknown-pragmas","$(inherited)");
			};
			name = Debug;
		};
		7A80A64A89E24DA7B2B95CAF /* Debug */ = {
			isa = XCBuildConfiguration;
			buildSettings = {
				ONLY_ACTIVE_ARCH = YES;
				SDKROOT = /Applications/Xcode.app/Contents/Developer/Platforms/MacOSX.platform/Developer/SDKs/MacOSX10.14.sdk;
				SYMROOT = "/Users/seijiro/GoogleDrive/code/C:C++/myThe-Modern-Cpp-Challenge/build/chapter04/problem_36/build";
			};
			name = Debug;
		};
		85B4FBD276A24A33BAD8AC86 /* RelWithDebInfo */ = {
			isa = XCBuildConfiguration;
			buildSettings = {
				COMBINE_HIDPI_IMAGES = YES;
				CONFIGURATION_BUILD_DIR = "/Users/seijiro/GoogleDrive/code/C:C++/myThe-Modern-Cpp-Challenge/bin/RelWithDebInfo";
				EXECUTABLE_PREFIX = "";
				EXECUTABLE_SUFFIX = "";
				GCC_GENERATE_DEBUGGING_SYMBOLS = YES;
				GCC_INLINES_ARE_PRIVATE_EXTERN = NO;
				GCC_OPTIMIZATION_LEVEL = 2;
				GCC_PREPROCESSOR_DEFINITIONS = ("'CMAKE_INTDIR=\"$(CONFIGURATION)$(EFFECTIVE_PLATFORM_NAME)\"'",USE_BOOST_FILESYSTEM);
				GCC_SYMBOLS_PRIVATE_EXTERN = NO;
				HEADER_SEARCH_PATHS = (/usr/local/Cellar/boost/1.67.0_1);
				INSTALL_PATH = "";
				LD_RUNPATH_SEARCH_PATHS = /usr/local/Cellar/boost/1.67.0_1/lib;
				LIBRARY_SEARCH_PATHS = " /usr/local/Cellar/boost/1.67.0_1/lib/$(CONFIGURATION)$(EFFECTIVE_PLATFORM_NAME) /usr/local/Cellar/boost/1.67.0_1/lib";
				OTHER_CPLUSPLUSFLAGS = " -std=c++1z -fexceptions    -Wall        -DNDEBUG  ";
				OTHER_LDFLAGS = " -Wl,-search_paths_first -Wl,-headerpad_max_install_names  /usr/local/lib/libboost_filesystem-mt.dylib /usr/local/lib/libboost_system-mt.dylib";
				OTHER_REZFLAGS = "";
				PRODUCT_NAME = problem_36;
				SECTORDER_FLAGS = "";
				SYMROOT = "/Users/seijiro/GoogleDrive/code/C:C++/myThe-Modern-Cpp-Challenge/build/chapter04/problem_36";
				USE_HEADERMAP = NO;
				WARNING_CFLAGS = ("-Wmost","-Wno-four-char-constants","-Wno-unknown-pragmas","$(inherited)");
			};
			name = RelWithDebInfo;
		};
		8B4E25D3656E43DA96D8D128 /* Release */ = {
			isa = XCBuildConfiguration;
			buildSettings = {
				ONLY_ACTIVE_ARCH = YES;
				SDKROOT = /Applications/Xcode.app/Contents/Developer/Platforms/MacOSX.platform/Developer/SDKs/MacOSX10.14.sdk;
				SYMROOT = "/Users/seijiro/GoogleDrive/code/C:C++/myThe-Modern-Cpp-Challenge/build/chapter04/problem_36/build";
			};
			name = Release;
		};
		A18DE7ADD3374C5EA3AB1CAC /* MinSizeRel */ = {
			isa = XCBuildConfiguration;
			buildSettings = {
				COMBINE_HIDPI_IMAGES = YES;
				GCC_GENERATE_DEBUGGING_SYMBOLS = YES;
				GCC_INLINES_ARE_PRIVATE_EXTERN = NO;
				GCC_OPTIMIZATION_LEVEL = 0;
				GCC_PREPROCESSOR_DEFINITIONS = ("'CMAKE_INTDIR=\"$(CONFIGURATION)$(EFFECTIVE_PLATFORM_NAME)\"'");
				GCC_SYMBOLS_PRIVATE_EXTERN = NO;
				INSTALL_PATH = "";
				OTHER_LDFLAGS = " ";
				OTHER_REZFLAGS = "";
				PRODUCT_NAME = ZERO_CHECK;
				SECTORDER_FLAGS = "";
				SYMROOT = "/Users/seijiro/GoogleDrive/code/C:C++/myThe-Modern-Cpp-Challenge/build/chapter04/problem_36";
				USE_HEADERMAP = NO;
				WARNING_CFLAGS = ("-Wmost","-Wno-four-char-constants","-Wno-unknown-pragmas","$(inherited)");
			};
			name = MinSizeRel;
		};
		F423751824294148A8AE297A /* RelWithDebInfo */ = {
			isa = XCBuildConfiguration;
			buildSettings = {
				COMBINE_HIDPI_IMAGES = YES;
				GCC_GENERATE_DEBUGGING_SYMBOLS = YES;
				GCC_INLINES_ARE_PRIVATE_EXTERN = NO;
				GCC_OPTIMIZATION_LEVEL = 0;
				GCC_PREPROCESSOR_DEFINITIONS = ("'CMAKE_INTDIR=\"$(CONFIGURATION)$(EFFECTIVE_PLATFORM_NAME)\"'");
				GCC_SYMBOLS_PRIVATE_EXTERN = NO;
				INSTALL_PATH = "";
				OTHER_LDFLAGS = " ";
				OTHER_REZFLAGS = "";
				PRODUCT_NAME = ALL_BUILD;
				SECTORDER_FLAGS = "";
				SYMROOT = "/Users/seijiro/GoogleDrive/code/C:C++/myThe-Modern-Cpp-Challenge/build/chapter04/problem_36";
				USE_HEADERMAP = NO;
				WARNING_CFLAGS = ("-Wmost","-Wno-four-char-constants","-Wno-unknown-pragmas","$(inherited)");
			};
			name = RelWithDebInfo;
		};
		F92E7AF1CE514070A4DBAEFF /* RelWithDebInfo */ = {
			isa = XCBuildConfiguration;
			buildSettings = {
				ONLY_ACTIVE_ARCH = YES;
				SDKROOT = /Applications/Xcode.app/Contents/Developer/Platforms/MacOSX.platform/Developer/SDKs/MacOSX10.14.sdk;
				SYMROOT = "/Users/seijiro/GoogleDrive/code/C:C++/myThe-Modern-Cpp-Challenge/build/chapter04/problem_36/build";
			};
			name = RelWithDebInfo;
		};
/* End XCBuildConfiguration section */

/* Begin XCConfigurationList section */
		0086E138720D43C98814A0D5 /* Build configuration list for PBXNativeTarget "problem_36" */ = {
			isa = XCConfigurationList;
			buildConfigurations = (
				72BDB5E704544A30B5CAE05E /* Debug */,
				65AE355B1B144597B5982159 /* Release */,
				2C9E249E803B4197BD5811F6 /* MinSizeRel */,
				85B4FBD276A24A33BAD8AC86 /* RelWithDebInfo */,
			);
			defaultConfigurationIsVisible = 0;
			defaultConfigurationName = Debug;
		};
		210166B8F15844FF942C54EA /* Build configuration list for PBXAggregateTarget "ZERO_CHECK" */ = {
			isa = XCConfigurationList;
			buildConfigurations = (
				1D230FB188DA48CA842677C9 /* Debug */,
				5C727925B9B54E31B1A7B2CF /* Release */,
				A18DE7ADD3374C5EA3AB1CAC /* MinSizeRel */,
				1C9DE79F719F420DACB0C72E /* RelWithDebInfo */,
			);
			defaultConfigurationIsVisible = 0;
			defaultConfigurationName = Debug;
		};
		A736F0C875B3442D9B28C827 /* Build configuration list for PBXAggregateTarget "ALL_BUILD" */ = {
			isa = XCConfigurationList;
			buildConfigurations = (
				31A127672A28421081CE27AF /* Debug */,
				06FE30F033324FEA9758EDF1 /* Release */,
				6555198A9C194954A0DBFF50 /* MinSizeRel */,
				F423751824294148A8AE297A /* RelWithDebInfo */,
			);
			defaultConfigurationIsVisible = 0;
			defaultConfigurationName = Debug;
		};
		E71E189354E24832AF07BAED /* Build configuration list for PBXAggregateTarget "install" */ = {
			isa = XCConfigurationList;
			buildConfigurations = (
				6F52D0C5C60B4675B5472852 /* Debug */,
				171E86A5093E47D1966F3B17 /* Release */,
				13D33CE570C24280B858E8E9 /* MinSizeRel */,
				6B29E5B8812B4F4BAD21660B /* RelWithDebInfo */,
			);
			defaultConfigurationIsVisible = 0;
			defaultConfigurationName = Debug;
		};
		F26DAD5D7C89417DA1EA7FDE /* Build configuration list for PBXProject "problem_36" */ = {
			isa = XCConfigurationList;
			buildConfigurations = (
				7A80A64A89E24DA7B2B95CAF /* Debug */,
				8B4E25D3656E43DA96D8D128 /* Release */,
				55481331275945C98BAF12D7 /* MinSizeRel */,
				F92E7AF1CE514070A4DBAEFF /* RelWithDebInfo */,
			);
			defaultConfigurationIsVisible = 0;
			defaultConfigurationName = Debug;
		};
/* End XCConfigurationList section */
	};
	rootObject = 10D4880B0D2C4225914FCF6A /* Project object */;
}
