// !$*UTF8*$!
{
	archiveVersion = 1;
	classes = {
	};
	objectVersion = 46;
	objects = {

/* Begin PBXAggregateTarget section */
		4CEBDE935A5E4FA780A72DFF /* ALL_BUILD */ = {
			isa = PBXAggregateTarget;
			buildConfigurationList = 0B38E76C6A324F0BA48ED970 /* Build configuration list for PBXAggregateTarget "ALL_BUILD" */;
			buildPhases = (
				8F2311FD4D17471E8D27277C /* CMake Rules */,
			);
			dependencies = (
				2937D0161E824709A169ED0C /* PBXTargetDependency */,
				52A83594C2A845B1BF03E840 /* PBXTargetDependency */,
			);
			name = ALL_BUILD;
			productName = ALL_BUILD;
		};
		F754A75ACA9B44E788C2C0DE /* ZERO_CHECK */ = {
			isa = PBXAggregateTarget;
			buildConfigurationList = 8DC177AD760C40C6B0E19812 /* Build configuration list for PBXAggregateTarget "ZERO_CHECK" */;
			buildPhases = (
				C633792BA94A4D24AF15AAF0 /* CMake Rules */,
			);
			dependencies = (
			);
			name = ZERO_CHECK;
			productName = ZERO_CHECK;
		};
		F80354C67B08413F8CA82E56 /* install */ = {
			isa = PBXAggregateTarget;
			buildConfigurationList = 19F24E7656A04A99B1BB8B78 /* Build configuration list for PBXAggregateTarget "install" */;
			buildPhases = (
				F9C3833992D84F6E88171DC2 /* CMake PostBuild Rules */,
			);
			dependencies = (
				E3D8118BE5D944F6A62DF80E /* PBXTargetDependency */,
			);
			name = install;
			productName = install;
		};
/* End PBXAggregateTarget section */

/* Begin PBXBuildFile section */
		222B136C901A437DA5B3FE74 /* /Users/seijiro/GoogleDrive/code/C:C++/myThe-Modern-Cpp-Challenge/chapter07/problem_63/CMakeLists.txt */ = {isa = PBXBuildFile; fileRef = 51573F6B62A1425FA4E82458 /* /Users/seijiro/GoogleDrive/code/C:C++/myThe-Modern-Cpp-Challenge/chapter07/problem_63/CMakeLists.txt */; };
		38FEFB7A3FE24011A3439948 /* /Users/seijiro/GoogleDrive/code/C:C++/myThe-Modern-Cpp-Challenge/chapter07/problem_63/main.cpp */ = {isa = PBXBuildFile; fileRef = B7B321EBA33047448FC8E3F4 /* /Users/seijiro/GoogleDrive/code/C:C++/myThe-Modern-Cpp-Challenge/chapter07/problem_63/main.cpp */; };
/* End PBXBuildFile section */

/* Begin PBXBuildStyle section */
		354A20E116B749CBA9A4BE72 /* RelWithDebInfo */ = {
			isa = PBXBuildStyle;
			buildSettings = {
				COPY_PHASE_STRIP = NO;
			};
			name = RelWithDebInfo;
		};
		39DAB5134AE24419BDCCA140 /* MinSizeRel */ = {
			isa = PBXBuildStyle;
			buildSettings = {
				COPY_PHASE_STRIP = NO;
			};
			name = MinSizeRel;
		};
		53753C54CBEC4FF28D654761 /* Debug */ = {
			isa = PBXBuildStyle;
			buildSettings = {
				COPY_PHASE_STRIP = NO;
			};
			name = Debug;
		};
		CAB8A49D0D694179A7E733D3 /* Release */ = {
			isa = PBXBuildStyle;
			buildSettings = {
				COPY_PHASE_STRIP = NO;
			};
			name = Release;
		};
/* End PBXBuildStyle section */

/* Begin PBXContainerItemProxy section */
		12F6F4A2F75F4226B07A2B4B /* PBXContainerItemProxy */ = {
			isa = PBXContainerItemProxy;
			containerPortal = CCDD7D22D8754D7FA6BD7E59 /* Project object */;
			proxyType = 1;
			remoteGlobalIDString = 91A8D51D21034658B66E4926;
			remoteInfo = problem_63;
		};
		44F71B543513402EB5102DFF /* PBXContainerItemProxy */ = {
			isa = PBXContainerItemProxy;
			containerPortal = CCDD7D22D8754D7FA6BD7E59 /* Project object */;
			proxyType = 1;
			remoteGlobalIDString = 4CEBDE935A5E4FA780A72DFF;
			remoteInfo = ALL_BUILD;
		};
		84655AEC6FF54649B39A4E78 /* PBXContainerItemProxy */ = {
			isa = PBXContainerItemProxy;
			containerPortal = CCDD7D22D8754D7FA6BD7E59 /* Project object */;
			proxyType = 1;
			remoteGlobalIDString = F754A75ACA9B44E788C2C0DE;
			remoteInfo = ZERO_CHECK;
		};
		A3E2DAD25C534EA89EE81154 /* PBXContainerItemProxy */ = {
			isa = PBXContainerItemProxy;
			containerPortal = CCDD7D22D8754D7FA6BD7E59 /* Project object */;
			proxyType = 1;
			remoteGlobalIDString = F754A75ACA9B44E788C2C0DE;
			remoteInfo = ZERO_CHECK;
		};
/* End PBXContainerItemProxy section */

/* Begin PBXFileReference section */
		1B3FE27F01144327887926AD /* /Users/seijiro/GoogleDrive/code/C:C++/myThe-Modern-Cpp-Challenge/chapter07/problem_63/CMakeLists.txt */ = {isa = PBXFileReference; explicitFileType = sourcecode.text; fileEncoding = 4; name = CMakeLists.txt; path = CMakeLists.txt; sourceTree = SOURCE_ROOT; };
		51573F6B62A1425FA4E82458 /* /Users/seijiro/GoogleDrive/code/C:C++/myThe-Modern-Cpp-Challenge/chapter07/problem_63/CMakeLists.txt */ = {isa = PBXFileReference; explicitFileType = sourcecode.text; fileEncoding = 4; name = CMakeLists.txt; path = CMakeLists.txt; sourceTree = SOURCE_ROOT; };
		B7B321EBA33047448FC8E3F4 /* /Users/seijiro/GoogleDrive/code/C:C++/myThe-Modern-Cpp-Challenge/chapter07/problem_63/main.cpp */ = {isa = PBXFileReference; explicitFileType = sourcecode.cpp.cpp; fileEncoding = 4; name = main.cpp; path = main.cpp; sourceTree = SOURCE_ROOT; };
		F9F0EDFB91844BD8843E49FC /* problem_63 */ = {isa = PBXFileReference; explicitFileType = "compiled.mach-o.executable"; path = problem_63; sourceTree = BUILT_PRODUCTS_DIR; };
/* End PBXFileReference section */

/* Begin PBXGroup section */
		37DB4C80B5AC48EEB91BB61E /* problem_63 */ = {
			isa = PBXGroup;
			children = (
				3D03F6A56DFD454584DA753C /* Source Files */,
				51573F6B62A1425FA4E82458 /* /Users/seijiro/GoogleDrive/code/C:C++/myThe-Modern-Cpp-Challenge/chapter07/problem_63/CMakeLists.txt */,
			);
			name = problem_63;
			sourceTree = "<group>";
		};
		398AC0104FA342C1976A614C = {
			isa = PBXGroup;
			children = (
				D7C723A618F44A8DB965F144 /* 07.Concurrency */,
				8103246E7EC24F72B6A2FE1D /* ALL_BUILD */,
				55BA6C97D67A43DB85C0616C /* Products */,
			);
			sourceTree = "<group>";
		};
		3D03F6A56DFD454584DA753C /* Source Files */ = {
			isa = PBXGroup;
			children = (
				B7B321EBA33047448FC8E3F4 /* /Users/seijiro/GoogleDrive/code/C:C++/myThe-Modern-Cpp-Challenge/chapter07/problem_63/main.cpp */,
			);
			name = "Source Files";
			sourceTree = "<group>";
		};
		55BA6C97D67A43DB85C0616C /* Products */ = {
			isa = PBXGroup;
			children = (
				F9F0EDFB91844BD8843E49FC /* problem_63 */,
			);
			name = Products;
			sourceTree = "<group>";
		};
		67510FA7C6EC4A799A55B99C /* CMake Rules */ = {
			isa = PBXGroup;
			children = (
			);
			name = "CMake Rules";
			sourceTree = "<group>";
		};
		8103246E7EC24F72B6A2FE1D /* ALL_BUILD */ = {
			isa = PBXGroup;
			children = (
				67510FA7C6EC4A799A55B99C /* CMake Rules */,
				1B3FE27F01144327887926AD /* /Users/seijiro/GoogleDrive/code/C:C++/myThe-Modern-Cpp-Challenge/chapter07/problem_63/CMakeLists.txt */,
			);
			name = ALL_BUILD;
			sourceTree = "<group>";
		};
		D7C723A618F44A8DB965F144 /* 07.Concurrency */ = {
			isa = PBXGroup;
			children = (
				37DB4C80B5AC48EEB91BB61E /* problem_63 */,
			);
			name = 07.Concurrency;
			sourceTree = "<group>";
		};
/* End PBXGroup section */

/* Begin PBXNativeTarget section */
		91A8D51D21034658B66E4926 /* problem_63 */ = {
			isa = PBXNativeTarget;
			buildConfigurationList = 0EE99A1641C64EA486CAB25E /* Build configuration list for PBXNativeTarget "problem_63" */;
			buildPhases = (
				770D24441D1347D9BD0AE449 /* Sources */,
			);
			buildRules = (
			);
			dependencies = (
				362236686092462C810A98FD /* PBXTargetDependency */,
			);
			name = problem_63;
			productName = problem_63;
			productReference = F9F0EDFB91844BD8843E49FC /* problem_63 */;
			productType = "com.apple.product-type.tool";
		};
/* End PBXNativeTarget section */

/* Begin PBXProject section */
		CCDD7D22D8754D7FA6BD7E59 /* Project object */ = {
			isa = PBXProject;
			attributes = {
				BuildIndependentTargetsInParallel = YES;
				LastUpgradeCheck = 1010;
			};
			buildConfigurationList = 2DB330240D07418FBAFF40B9 /* Build configuration list for PBXProject "problem_63" */;
			buildSettings = {
			};
			buildStyles = (
				53753C54CBEC4FF28D654761 /* Debug */,
				CAB8A49D0D694179A7E733D3 /* Release */,
				39DAB5134AE24419BDCCA140 /* MinSizeRel */,
				354A20E116B749CBA9A4BE72 /* RelWithDebInfo */,
			);
			compatibilityVersion = "Xcode 3.2";
			hasScannedForEncodings = 0;
			mainGroup = 398AC0104FA342C1976A614C;
			projectDirPath = ../../../chapter07/problem_63;
			projectRoot = "";
			targets = (
				4CEBDE935A5E4FA780A72DFF /* ALL_BUILD */,
				F754A75ACA9B44E788C2C0DE /* ZERO_CHECK */,
				F80354C67B08413F8CA82E56 /* install */,
				91A8D51D21034658B66E4926 /* problem_63 */,
			);
		};
/* End PBXProject section */

/* Begin PBXShellScriptBuildPhase section */
		0A2518C5D46E489F92FE366F = {
			isa = PBXShellScriptBuildPhase;
			buildActionMask = 2147483647;
			files = (
			);
			inputPaths = (
			);
			outputPaths = (
			);
			runOnlyForDeploymentPostprocessing = 0;
			shellPath = /bin/sh;
			shellScript = "# shell script goes here
exit 0";
			showEnvVarsInLog = 0;
		};
		40EBD966179C4420B36267FE = {
			isa = PBXShellScriptBuildPhase;
			buildActionMask = 2147483647;
			files = (
			);
			inputPaths = (
			);
			outputPaths = (
			);
			runOnlyForDeploymentPostprocessing = 0;
			shellPath = /bin/sh;
			shellScript = "# shell script goes here
exit 0";
			showEnvVarsInLog = 0;
		};
		8F2311FD4D17471E8D27277C /* CMake Rules */ = {
			isa = PBXShellScriptBuildPhase;
			buildActionMask = 2147483647;
			files = (
			);
			name = "CMake Rules";
			runOnlyForDeploymentPostprocessing = 0;
			shellPath = /bin/sh;
			shellScript = "make -C /Users/seijiro/GoogleDrive/code/C:C++/myThe-Modern-Cpp-Challenge/build/chapter07/problem_63 -f /Users/seijiro/GoogleDrive/code/C:C++/myThe-Modern-Cpp-Challenge/build/chapter07/problem_63/CMakeScripts/ALL_BUILD_cmakeRulesBuildPhase.make$CONFIGURATION all";
			showEnvVarsInLog = 0;
		};
		98D1AAC29A22422FBB5B5037 = {
			isa = PBXShellScriptBuildPhase;
			buildActionMask = 2147483647;
			files = (
			);
			inputPaths = (
			);
			outputPaths = (
			);
			runOnlyForDeploymentPostprocessing = 0;
			shellPath = /bin/sh;
			shellScript = "# shell script goes here
exit 0";
			showEnvVarsInLog = 0;
		};
		C633792BA94A4D24AF15AAF0 /* CMake Rules */ = {
			isa = PBXShellScriptBuildPhase;
			buildActionMask = 2147483647;
			files = (
			);
			name = "CMake Rules";
			runOnlyForDeploymentPostprocessing = 0;
			shellPath = /bin/sh;
			shellScript = "make -C /Users/seijiro/GoogleDrive/code/C:C++/myThe-Modern-Cpp-Challenge/build/chapter07/problem_63 -f /Users/seijiro/GoogleDrive/code/C:C++/myThe-Modern-Cpp-Challenge/build/chapter07/problem_63/CMakeScripts/ZERO_CHECK_cmakeRulesBuildPhase.make$CONFIGURATION all";
			showEnvVarsInLog = 0;
		};
		F9C3833992D84F6E88171DC2 /* CMake PostBuild Rules */ = {
			isa = PBXShellScriptBuildPhase;
			buildActionMask = 2147483647;
			files = (
			);
			name = "CMake PostBuild Rules";
			runOnlyForDeploymentPostprocessing = 0;
			shellPath = /bin/sh;
			shellScript = "make -C /Users/seijiro/GoogleDrive/code/C:C++/myThe-Modern-Cpp-Challenge/build/chapter07/problem_63 -f /Users/seijiro/GoogleDrive/code/C:C++/myThe-Modern-Cpp-Challenge/build/chapter07/problem_63/CMakeScripts/install_postBuildPhase.make$CONFIGURATION all";
			showEnvVarsInLog = 0;
		};
/* End PBXShellScriptBuildPhase section */

/* Begin PBXSourcesBuildPhase section */
		770D24441D1347D9BD0AE449 /* Sources */ = {
			isa = PBXSourcesBuildPhase;
			buildActionMask = 2147483647;
			files = (
				38FEFB7A3FE24011A3439948 /* /Users/seijiro/GoogleDrive/code/C:C++/myThe-Modern-Cpp-Challenge/chapter07/problem_63/main.cpp */,
			);
			runOnlyForDeploymentPostprocessing = 0;
		};
/* End PBXSourcesBuildPhase section */

/* Begin PBXTargetDependency section */
		2937D0161E824709A169ED0C /* PBXTargetDependency */ = {
			isa = PBXTargetDependency;
			target = 91A8D51D21034658B66E4926 /* problem_63 */;
			targetProxy = 12F6F4A2F75F4226B07A2B4B /* PBXContainerItemProxy */;
		};
		362236686092462C810A98FD /* PBXTargetDependency */ = {
			isa = PBXTargetDependency;
			target = F754A75ACA9B44E788C2C0DE /* ZERO_CHECK */;
			targetProxy = 84655AEC6FF54649B39A4E78 /* PBXContainerItemProxy */;
		};
		52A83594C2A845B1BF03E840 /* PBXTargetDependency */ = {
			isa = PBXTargetDependency;
			target = F754A75ACA9B44E788C2C0DE /* ZERO_CHECK */;
			targetProxy = A3E2DAD25C534EA89EE81154 /* PBXContainerItemProxy */;
		};
		E3D8118BE5D944F6A62DF80E /* PBXTargetDependency */ = {
			isa = PBXTargetDependency;
			target = 4CEBDE935A5E4FA780A72DFF /* ALL_BUILD */;
			targetProxy = 44F71B543513402EB5102DFF /* PBXContainerItemProxy */;
		};
/* End PBXTargetDependency section */

/* Begin XCBuildConfiguration section */
		02EE5340A12244D4B7213E36 /* Release */ = {
			isa = XCBuildConfiguration;
			buildSettings = {
				ONLY_ACTIVE_ARCH = YES;
				SDKROOT = /Applications/Xcode.app/Contents/Developer/Platforms/MacOSX.platform/Developer/SDKs/MacOSX10.14.sdk;
				SYMROOT = "/Users/seijiro/GoogleDrive/code/C:C++/myThe-Modern-Cpp-Challenge/build/chapter07/problem_63/build";
			};
			name = Release;
		};
		0A68C91F6BA54CA18919CAF3 /* RelWithDebInfo */ = {
			isa = XCBuildConfiguration;
			buildSettings = {
				COMBINE_HIDPI_IMAGES = YES;
				GCC_GENERATE_DEBUGGING_SYMBOLS = YES;
				GCC_INLINES_ARE_PRIVATE_EXTERN = NO;
				GCC_OPTIMIZATION_LEVEL = 0;
				GCC_PREPROCESSOR_DEFINITIONS = ("'CMAKE_INTDIR=\"$(CONFIGURATION)$(EFFECTIVE_PLATFORM_NAME)\"'");
				GCC_SYMBOLS_PRIVATE_EXTERN = NO;
				INSTALL_PATH = "";
				OTHER_LDFLAGS = " ";
				OTHER_REZFLAGS = "";
				PRODUCT_NAME = ZERO_CHECK;
				SECTORDER_FLAGS = "";
				SYMROOT = "/Users/seijiro/GoogleDrive/code/C:C++/myThe-Modern-Cpp-Challenge/build/chapter07/problem_63";
				USE_HEADERMAP = NO;
				WARNING_CFLAGS = ("-Wmost","-Wno-four-char-constants","-Wno-unknown-pragmas","$(inherited)");
			};
			name = RelWithDebInfo;
		};
		0D117BBE600B4C5F9821C192 /* MinSizeRel */ = {
			isa = XCBuildConfiguration;
			buildSettings = {
				COMBINE_HIDPI_IMAGES = YES;
				GCC_GENERATE_DEBUGGING_SYMBOLS = YES;
				GCC_INLINES_ARE_PRIVATE_EXTERN = NO;
				GCC_OPTIMIZATION_LEVEL = 0;
				GCC_PREPROCESSOR_DEFINITIONS = ("'CMAKE_INTDIR=\"$(CONFIGURATION)$(EFFECTIVE_PLATFORM_NAME)\"'");
				GCC_SYMBOLS_PRIVATE_EXTERN = NO;
				INSTALL_PATH = "";
				OTHER_LDFLAGS = " ";
				OTHER_REZFLAGS = "";
				PRODUCT_NAME = ALL_BUILD;
				SECTORDER_FLAGS = "";
				SYMROOT = "/Users/seijiro/GoogleDrive/code/C:C++/myThe-Modern-Cpp-Challenge/build/chapter07/problem_63";
				USE_HEADERMAP = NO;
				WARNING_CFLAGS = ("-Wmost","-Wno-four-char-constants","-Wno-unknown-pragmas","$(inherited)");
			};
			name = MinSizeRel;
		};
		1D2F1F8B2CEF40B6A22BD3D6 /* Debug */ = {
			isa = XCBuildConfiguration;
			buildSettings = {
				COMBINE_HIDPI_IMAGES = YES;
				GCC_GENERATE_DEBUGGING_SYMBOLS = YES;
				GCC_INLINES_ARE_PRIVATE_EXTERN = NO;
				GCC_OPTIMIZATION_LEVEL = 0;
				GCC_PREPROCESSOR_DEFINITIONS = ("'CMAKE_INTDIR=\"$(CONFIGURATION)$(EFFECTIVE_PLATFORM_NAME)\"'");
				GCC_SYMBOLS_PRIVATE_EXTERN = NO;
				INSTALL_PATH = "";
				OTHER_LDFLAGS = " ";
				OTHER_REZFLAGS = "";
				PRODUCT_NAME = ALL_BUILD;
				SECTORDER_FLAGS = "";
				SYMROOT = "/Users/seijiro/GoogleDrive/code/C:C++/myThe-Modern-Cpp-Challenge/build/chapter07/problem_63";
				USE_HEADERMAP = NO;
				WARNING_CFLAGS = ("-Wmost","-Wno-four-char-constants","-Wno-unknown-pragmas","$(inherited)");
			};
			name = Debug;
		};
		38AFB55F8AA4471AB9B82862 /* Debug */ = {
			isa = XCBuildConfiguration;
			buildSettings = {
				COMBINE_HIDPI_IMAGES = YES;
				GCC_GENERATE_DEBUGGING_SYMBOLS = YES;
				GCC_INLINES_ARE_PRIVATE_EXTERN = NO;
				GCC_OPTIMIZATION_LEVEL = 0;
				GCC_PREPROCESSOR_DEFINITIONS = ("'CMAKE_INTDIR=\"$(CONFIGURATION)$(EFFECTIVE_PLATFORM_NAME)\"'");
				GCC_SYMBOLS_PRIVATE_EXTERN = NO;
				INSTALL_PATH = "";
				OTHER_LDFLAGS = " ";
				OTHER_REZFLAGS = "";
				PRODUCT_NAME = ZERO_CHECK;
				SECTORDER_FLAGS = "";
				SYMROOT = "/Users/seijiro/GoogleDrive/code/C:C++/myThe-Modern-Cpp-Challenge/build/chapter07/problem_63";
				USE_HEADERMAP = NO;
				WARNING_CFLAGS = ("-Wmost","-Wno-four-char-constants","-Wno-unknown-pragmas","$(inherited)");
			};
			name = Debug;
		};
		3D1AE94A266A449D8106B7A0 /* Debug */ = {
			isa = XCBuildConfiguration;
			buildSettings = {
				ONLY_ACTIVE_ARCH = YES;
				SDKROOT = /Applications/Xcode.app/Contents/Developer/Platforms/MacOSX.platform/Developer/SDKs/MacOSX10.14.sdk;
				SYMROOT = "/Users/seijiro/GoogleDrive/code/C:C++/myThe-Modern-Cpp-Challenge/build/chapter07/problem_63/build";
			};
			name = Debug;
		};
		44A656D7D9A845569C3AFC36 /* Release */ = {
			isa = XCBuildConfiguration;
			buildSettings = {
				COMBINE_HIDPI_IMAGES = YES;
				GCC_GENERATE_DEBUGGING_SYMBOLS = YES;
				GCC_INLINES_ARE_PRIVATE_EXTERN = NO;
				GCC_OPTIMIZATION_LEVEL = 0;
				GCC_PREPROCESSOR_DEFINITIONS = ("'CMAKE_INTDIR=\"$(CONFIGURATION)$(EFFECTIVE_PLATFORM_NAME)\"'");
				GCC_SYMBOLS_PRIVATE_EXTERN = NO;
				INSTALL_PATH = "";
				OTHER_LDFLAGS = " ";
				OTHER_REZFLAGS = "";
				PRODUCT_NAME = ALL_BUILD;
				SECTORDER_FLAGS = "";
				SYMROOT = "/Users/seijiro/GoogleDrive/code/C:C++/myThe-Modern-Cpp-Challenge/build/chapter07/problem_63";
				USE_HEADERMAP = NO;
				WARNING_CFLAGS = ("-Wmost","-Wno-four-char-constants","-Wno-unknown-pragmas","$(inherited)");
			};
			name = Release;
		};
		954DFAB993984AECB143A93F /* Debug */ = {
			isa = XCBuildConfiguration;
			buildSettings = {
				COMBINE_HIDPI_IMAGES = YES;
				CONFIGURATION_BUILD_DIR = "/Users/seijiro/GoogleDrive/code/C:C++/myThe-Modern-Cpp-Challenge/bin/Debug";
				EXECUTABLE_PREFIX = "";
				EXECUTABLE_SUFFIX = "";
				GCC_GENERATE_DEBUGGING_SYMBOLS = YES;
				GCC_INLINES_ARE_PRIVATE_EXTERN = NO;
				GCC_OPTIMIZATION_LEVEL = 0;
				GCC_PREPROCESSOR_DEFINITIONS = ("'CMAKE_INTDIR=\"$(CONFIGURATION)$(EFFECTIVE_PLATFORM_NAME)\"'");
				GCC_SYMBOLS_PRIVATE_EXTERN = NO;
				INSTALL_PATH = "";
				LIBRARY_SEARCH_PATHS = "";
				OTHER_CPLUSPLUSFLAGS = " -std=c++1z -fexceptions    -Wall     ";
				OTHER_LDFLAGS = " -Wl,-search_paths_first -Wl,-headerpad_max_install_names  ";
				OTHER_REZFLAGS = "";
				PRODUCT_NAME = problem_63;
				SECTORDER_FLAGS = "";
				SYMROOT = "/Users/seijiro/GoogleDrive/code/C:C++/myThe-Modern-Cpp-Challenge/build/chapter07/problem_63";
				USE_HEADERMAP = NO;
				WARNING_CFLAGS = ("-Wmost","-Wno-four-char-constants","-Wno-unknown-pragmas","$(inherited)");
			};
			name = Debug;
		};
		9D6E0F74337C44A49AFE8A97 /* Debug */ = {
			isa = XCBuildConfiguration;
			buildSettings = {
				COMBINE_HIDPI_IMAGES = YES;
				GCC_GENERATE_DEBUGGING_SYMBOLS = YES;
				GCC_INLINES_ARE_PRIVATE_EXTERN = NO;
				GCC_OPTIMIZATION_LEVEL = 0;
				GCC_PREPROCESSOR_DEFINITIONS = ("'CMAKE_INTDIR=\"$(CONFIGURATION)$(EFFECTIVE_PLATFORM_NAME)\"'");
				GCC_SYMBOLS_PRIVATE_EXTERN = NO;
				INSTALL_PATH = "";
				OTHER_LDFLAGS = " ";
				OTHER_REZFLAGS = "";
				PRODUCT_NAME = install;
				SECTORDER_FLAGS = "";
				SYMROOT = "/Users/seijiro/GoogleDrive/code/C:C++/myThe-Modern-Cpp-Challenge/build/chapter07/problem_63";
				USE_HEADERMAP = NO;
				WARNING_CFLAGS = ("-Wmost","-Wno-four-char-constants","-Wno-unknown-pragmas","$(inherited)");
			};
			name = Debug;
		};
		9F8B16DCF10443A788A42860 /* RelWithDebInfo */ = {
			isa = XCBuildConfiguration;
			buildSettings = {
				COMBINE_HIDPI_IMAGES = YES;
				GCC_GENERATE_DEBUGGING_SYMBOLS = YES;
				GCC_INLINES_ARE_PRIVATE_EXTERN = NO;
				GCC_OPTIMIZATION_LEVEL = 0;
				GCC_PREPROCESSOR_DEFINITIONS = ("'CMAKE_INTDIR=\"$(CONFIGURATION)$(EFFECTIVE_PLATFORM_NAME)\"'");
				GCC_SYMBOLS_PRIVATE_EXTERN = NO;
				INSTALL_PATH = "";
				OTHER_LDFLAGS = " ";
				OTHER_REZFLAGS = "";
				PRODUCT_NAME = ALL_BUILD;
				SECTORDER_FLAGS = "";
				SYMROOT = "/Users/seijiro/GoogleDrive/code/C:C++/myThe-Modern-Cpp-Challenge/build/chapter07/problem_63";
				USE_HEADERMAP = NO;
				WARNING_CFLAGS = ("-Wmost","-Wno-four-char-constants","-Wno-unknown-pragmas","$(inherited)");
			};
			name = RelWithDebInfo;
		};
		C1C8A1CFBDF94179918F0C1C /* MinSizeRel */ = {
			isa = XCBuildConfiguration;
			buildSettings = {
				ONLY_ACTIVE_ARCH = YES;
				SDKROOT = /Applications/Xcode.app/Contents/Developer/Platforms/MacOSX.platform/Developer/SDKs/MacOSX10.14.sdk;
				SYMROOT = "/Users/seijiro/GoogleDrive/code/C:C++/myThe-Modern-Cpp-Challenge/build/chapter07/problem_63/build";
			};
			name = MinSizeRel;
		};
		C347A05AD1014D16A328C0AA /* Release */ = {
			isa = XCBuildConfiguration;
			buildSettings = {
				COMBINE_HIDPI_IMAGES = YES;
				GCC_GENERATE_DEBUGGING_SYMBOLS = YES;
				GCC_INLINES_ARE_PRIVATE_EXTERN = NO;
				GCC_OPTIMIZATION_LEVEL = 0;
				GCC_PREPROCESSOR_DEFINITIONS = ("'CMAKE_INTDIR=\"$(CONFIGURATION)$(EFFECTIVE_PLATFORM_NAME)\"'");
				GCC_SYMBOLS_PRIVATE_EXTERN = NO;
				INSTALL_PATH = "";
				OTHER_LDFLAGS = " ";
				OTHER_REZFLAGS = "";
				PRODUCT_NAME = install;
				SECTORDER_FLAGS = "";
				SYMROOT = "/Users/seijiro/GoogleDrive/code/C:C++/myThe-Modern-Cpp-Challenge/build/chapter07/problem_63";
				USE_HEADERMAP = NO;
				WARNING_CFLAGS = ("-Wmost","-Wno-four-char-constants","-Wno-unknown-pragmas","$(inherited)");
			};
			name = Release;
		};
		C60A637886A3426EA66AD49F /* MinSizeRel */ = {
			isa = XCBuildConfiguration;
			buildSettings = {
				COMBINE_HIDPI_IMAGES = YES;
				CONFIGURATION_BUILD_DIR = "/Users/seijiro/GoogleDrive/code/C:C++/myThe-Modern-Cpp-Challenge/bin/MinSizeRel";
				EXECUTABLE_PREFIX = "";
				EXECUTABLE_SUFFIX = "";
				GCC_GENERATE_DEBUGGING_SYMBOLS = YES;
				GCC_INLINES_ARE_PRIVATE_EXTERN = NO;
				GCC_OPTIMIZATION_LEVEL = s;
				GCC_PREPROCESSOR_DEFINITIONS = ("'CMAKE_INTDIR=\"$(CONFIGURATION)$(EFFECTIVE_PLATFORM_NAME)\"'");
				GCC_SYMBOLS_PRIVATE_EXTERN = NO;
				INSTALL_PATH = "";
				LIBRARY_SEARCH_PATHS = "";
				OTHER_CPLUSPLUSFLAGS = " -std=c++1z -fexceptions    -Wall     -DNDEBUG  ";
				OTHER_LDFLAGS = " -Wl,-search_paths_first -Wl,-headerpad_max_install_names  ";
				OTHER_REZFLAGS = "";
				PRODUCT_NAME = problem_63;
				SECTORDER_FLAGS = "";
				SYMROOT = "/Users/seijiro/GoogleDrive/code/C:C++/myThe-Modern-Cpp-Challenge/build/chapter07/problem_63";
				USE_HEADERMAP = NO;
				WARNING_CFLAGS = ("-Wmost","-Wno-four-char-constants","-Wno-unknown-pragmas","$(inherited)");
			};
			name = MinSizeRel;
		};
		C719D310420E4A589DD4DB43 /* Release */ = {
			isa = XCBuildConfiguration;
			buildSettings = {
				COMBINE_HIDPI_IMAGES = YES;
				GCC_GENERATE_DEBUGGING_SYMBOLS = YES;
				GCC_INLINES_ARE_PRIVATE_EXTERN = NO;
				GCC_OPTIMIZATION_LEVEL = 0;
				GCC_PREPROCESSOR_DEFINITIONS = ("'CMAKE_INTDIR=\"$(CONFIGURATION)$(EFFECTIVE_PLATFORM_NAME)\"'");
				GCC_SYMBOLS_PRIVATE_EXTERN = NO;
				INSTALL_PATH = "";
				OTHER_LDFLAGS = " ";
				OTHER_REZFLAGS = "";
				PRODUCT_NAME = ZERO_CHECK;
				SECTORDER_FLAGS = "";
				SYMROOT = "/Users/seijiro/GoogleDrive/code/C:C++/myThe-Modern-Cpp-Challenge/build/chapter07/problem_63";
				USE_HEADERMAP = NO;
				WARNING_CFLAGS = ("-Wmost","-Wno-four-char-constants","-Wno-unknown-pragmas","$(inherited)");
			};
			name = Release;
		};
		C93AE03DD9C84E28A248C894 /* RelWithDebInfo */ = {
			isa = XCBuildConfiguration;
			buildSettings = {
				COMBINE_HIDPI_IMAGES = YES;
				GCC_GENERATE_DEBUGGING_SYMBOLS = YES;
				GCC_INLINES_ARE_PRIVATE_EXTERN = NO;
				GCC_OPTIMIZATION_LEVEL = 0;
				GCC_PREPROCESSOR_DEFINITIONS = ("'CMAKE_INTDIR=\"$(CONFIGURATION)$(EFFECTIVE_PLATFORM_NAME)\"'");
				GCC_SYMBOLS_PRIVATE_EXTERN = NO;
				INSTALL_PATH = "";
				OTHER_LDFLAGS = " ";
				OTHER_REZFLAGS = "";
				PRODUCT_NAME = install;
				SECTORDER_FLAGS = "";
				SYMROOT = "/Users/seijiro/GoogleDrive/code/C:C++/myThe-Modern-Cpp-Challenge/build/chapter07/problem_63";
				USE_HEADERMAP = NO;
				WARNING_CFLAGS = ("-Wmost","-Wno-four-char-constants","-Wno-unknown-pragmas","$(inherited)");
			};
			name = RelWithDebInfo;
		};
		CE0D4DC8E15F4F01B4120152 /* RelWithDebInfo */ = {
			isa = XCBuildConfiguration;
			buildSettings = {
				ONLY_ACTIVE_ARCH = YES;
				SDKROOT = /Applications/Xcode.app/Contents/Developer/Platforms/MacOSX.platform/Developer/SDKs/MacOSX10.14.sdk;
				SYMROOT = "/Users/seijiro/GoogleDrive/code/C:C++/myThe-Modern-Cpp-Challenge/build/chapter07/problem_63/build";
			};
			name = RelWithDebInfo;
		};
		CFBB0C2ADC7D414B988153EE /* RelWithDebInfo */ = {
			isa = XCBuildConfiguration;
			buildSettings = {
				COMBINE_HIDPI_IMAGES = YES;
				CONFIGURATION_BUILD_DIR = "/Users/seijiro/GoogleDrive/code/C:C++/myThe-Modern-Cpp-Challenge/bin/RelWithDebInfo";
				EXECUTABLE_PREFIX = "";
				EXECUTABLE_SUFFIX = "";
				GCC_GENERATE_DEBUGGING_SYMBOLS = YES;
				GCC_INLINES_ARE_PRIVATE_EXTERN = NO;
				GCC_OPTIMIZATION_LEVEL = 2;
				GCC_PREPROCESSOR_DEFINITIONS = ("'CMAKE_INTDIR=\"$(CONFIGURATION)$(EFFECTIVE_PLATFORM_NAME)\"'");
				GCC_SYMBOLS_PRIVATE_EXTERN = NO;
				INSTALL_PATH = "";
				LIBRARY_SEARCH_PATHS = "";
				OTHER_CPLUSPLUSFLAGS = " -std=c++1z -fexceptions    -Wall        -DNDEBUG  ";
				OTHER_LDFLAGS = " -Wl,-search_paths_first -Wl,-headerpad_max_install_names  ";
				OTHER_REZFLAGS = "";
				PRODUCT_NAME = problem_63;
				SECTORDER_FLAGS = "";
				SYMROOT = "/Users/seijiro/GoogleDrive/code/C:C++/myThe-Modern-Cpp-Challenge/build/chapter07/problem_63";
				USE_HEADERMAP = NO;
				WARNING_CFLAGS = ("-Wmost","-Wno-four-char-constants","-Wno-unknown-pragmas","$(inherited)");
			};
			name = RelWithDebInfo;
		};
		DE69B921D35B4E10A3478C88 /* MinSizeRel */ = {
			isa = XCBuildConfiguration;
			buildSettings = {
				COMBINE_HIDPI_IMAGES = YES;
				GCC_GENERATE_DEBUGGING_SYMBOLS = YES;
				GCC_INLINES_ARE_PRIVATE_EXTERN = NO;
				GCC_OPTIMIZATION_LEVEL = 0;
				GCC_PREPROCESSOR_DEFINITIONS = ("'CMAKE_INTDIR=\"$(CONFIGURATION)$(EFFECTIVE_PLATFORM_NAME)\"'");
				GCC_SYMBOLS_PRIVATE_EXTERN = NO;
				INSTALL_PATH = "";
				OTHER_LDFLAGS = " ";
				OTHER_REZFLAGS = "";
				PRODUCT_NAME = install;
				SECTORDER_FLAGS = "";
				SYMROOT = "/Users/seijiro/GoogleDrive/code/C:C++/myThe-Modern-Cpp-Challenge/build/chapter07/problem_63";
				USE_HEADERMAP = NO;
				WARNING_CFLAGS = ("-Wmost","-Wno-four-char-constants","-Wno-unknown-pragmas","$(inherited)");
			};
			name = MinSizeRel;
		};
		E246A9341CCD4A088618A24B /* Release */ = {
			isa = XCBuildConfiguration;
			buildSettings = {
				COMBINE_HIDPI_IMAGES = YES;
				CONFIGURATION_BUILD_DIR = "/Users/seijiro/GoogleDrive/code/C:C++/myThe-Modern-Cpp-Challenge/bin/Release";
				EXECUTABLE_PREFIX = "";
				EXECUTABLE_SUFFIX = "";
				GCC_GENERATE_DEBUGGING_SYMBOLS = YES;
				GCC_INLINES_ARE_PRIVATE_EXTERN = NO;
				GCC_OPTIMIZATION_LEVEL = 3;
				GCC_PREPROCESSOR_DEFINITIONS = ("'CMAKE_INTDIR=\"$(CONFIGURATION)$(EFFECTIVE_PLATFORM_NAME)\"'");
				GCC_SYMBOLS_PRIVATE_EXTERN = NO;
				INSTALL_PATH = "";
				LIBRARY_SEARCH_PATHS = "";
				OTHER_CPLUSPLUSFLAGS = " -std=c++1z -fexceptions    -Wall     -DNDEBUG  ";
				OTHER_LDFLAGS = " -Wl,-search_paths_first -Wl,-headerpad_max_install_names  ";
				OTHER_REZFLAGS = "";
				PRODUCT_NAME = problem_63;
				SECTORDER_FLAGS = "";
				SYMROOT = "/Users/seijiro/GoogleDrive/code/C:C++/myThe-Modern-Cpp-Challenge/build/chapter07/problem_63";
				USE_HEADERMAP = NO;
				WARNING_CFLAGS = ("-Wmost","-Wno-four-char-constants","-Wno-unknown-pragmas","$(inherited)");
			};
			name = Release;
		};
		F6BB136F89364C6D8CB81B6A /* MinSizeRel */ = {
			isa = XCBuildConfiguration;
			buildSettings = {
				COMBINE_HIDPI_IMAGES = YES;
				GCC_GENERATE_DEBUGGING_SYMBOLS = YES;
				GCC_INLINES_ARE_PRIVATE_EXTERN = NO;
				GCC_OPTIMIZATION_LEVEL = 0;
				GCC_PREPROCESSOR_DEFINITIONS = ("'CMAKE_INTDIR=\"$(CONFIGURATION)$(EFFECTIVE_PLATFORM_NAME)\"'");
				GCC_SYMBOLS_PRIVATE_EXTERN = NO;
				INSTALL_PATH = "";
				OTHER_LDFLAGS = " ";
				OTHER_REZFLAGS = "";
				PRODUCT_NAME = ZERO_CHECK;
				SECTORDER_FLAGS = "";
				SYMROOT = "/Users/seijiro/GoogleDrive/code/C:C++/myThe-Modern-Cpp-Challenge/build/chapter07/problem_63";
				USE_HEADERMAP = NO;
				WARNING_CFLAGS = ("-Wmost","-Wno-four-char-constants","-Wno-unknown-pragmas","$(inherited)");
			};
			name = MinSizeRel;
		};
/* End XCBuildConfiguration section */

/* Begin XCConfigurationList section */
		0B38E76C6A324F0BA48ED970 /* Build configuration list for PBXAggregateTarget "ALL_BUILD" */ = {
			isa = XCConfigurationList;
			buildConfigurations = (
				1D2F1F8B2CEF40B6A22BD3D6 /* Debug */,
				44A656D7D9A845569C3AFC36 /* Release */,
				0D117BBE600B4C5F9821C192 /* MinSizeRel */,
				9F8B16DCF10443A788A42860 /* RelWithDebInfo */,
			);
			defaultConfigurationIsVisible = 0;
			defaultConfigurationName = Debug;
		};
		0EE99A1641C64EA486CAB25E /* Build configuration list for PBXNativeTarget "problem_63" */ = {
			isa = XCConfigurationList;
			buildConfigurations = (
				954DFAB993984AECB143A93F /* Debug */,
				E246A9341CCD4A088618A24B /* Release */,
				C60A637886A3426EA66AD49F /* MinSizeRel */,
				CFBB0C2ADC7D414B988153EE /* RelWithDebInfo */,
			);
			defaultConfigurationIsVisible = 0;
			defaultConfigurationName = Debug;
		};
		19F24E7656A04A99B1BB8B78 /* Build configuration list for PBXAggregateTarget "install" */ = {
			isa = XCConfigurationList;
			buildConfigurations = (
				9D6E0F74337C44A49AFE8A97 /* Debug */,
				C347A05AD1014D16A328C0AA /* Release */,
				DE69B921D35B4E10A3478C88 /* MinSizeRel */,
				C93AE03DD9C84E28A248C894 /* RelWithDebInfo */,
			);
			defaultConfigurationIsVisible = 0;
			defaultConfigurationName = Debug;
		};
		2DB330240D07418FBAFF40B9 /* Build configuration list for PBXProject "problem_63" */ = {
			isa = XCConfigurationList;
			buildConfigurations = (
				3D1AE94A266A449D8106B7A0 /* Debug */,
				02EE5340A12244D4B7213E36 /* Release */,
				C1C8A1CFBDF94179918F0C1C /* MinSizeRel */,
				CE0D4DC8E15F4F01B4120152 /* RelWithDebInfo */,
			);
			defaultConfigurationIsVisible = 0;
			defaultConfigurationName = Debug;
		};
		8DC177AD760C40C6B0E19812 /* Build configuration list for PBXAggregateTarget "ZERO_CHECK" */ = {
			isa = XCConfigurationList;
			buildConfigurations = (
				38AFB55F8AA4471AB9B82862 /* Debug */,
				C719D310420E4A589DD4DB43 /* Release */,
				F6BB136F89364C6D8CB81B6A /* MinSizeRel */,
				0A68C91F6BA54CA18919CAF3 /* RelWithDebInfo */,
			);
			defaultConfigurationIsVisible = 0;
			defaultConfigurationName = Debug;
		};
/* End XCConfigurationList section */
	};
	rootObject = CCDD7D22D8754D7FA6BD7E59 /* Project object */;
}
