// !$*UTF8*$!
{
	archiveVersion = 1;
	classes = {
	};
	objectVersion = 46;
	objects = {

/* Begin PBXAggregateTarget section */
		4CEBDE935A5E4FA780A72DFF /* ALL_BUILD */ = {
			isa = PBXAggregateTarget;
			buildConfigurationList = C803BBE05F4A4AE183B60F97 /* Build configuration list for PBXAggregateTarget "ALL_BUILD" */;
			buildPhases = (
				6F62ECB798E8403FA41C0CF3 /* CMake Rules */,
			);
			dependencies = (
				4D64A4C262544C07B282F5B4 /* PBXTargetDependency */,
				203E83CBCDF34EC0A25588ED /* PBXTargetDependency */,
			);
			name = ALL_BUILD;
			productName = ALL_BUILD;
		};
		F754A75ACA9B44E788C2C0DE /* ZERO_CHECK */ = {
			isa = PBXAggregateTarget;
			buildConfigurationList = D62CBB0BC4A745C69FC56A68 /* Build configuration list for PBXAggregateTarget "ZERO_CHECK" */;
			buildPhases = (
				E9080555484249F7A67EECAC /* CMake Rules */,
			);
			dependencies = (
			);
			name = ZERO_CHECK;
			productName = ZERO_CHECK;
		};
		F80354C67B08413F8CA82E56 /* install */ = {
			isa = PBXAggregateTarget;
			buildConfigurationList = C7F6390464004A358358C619 /* Build configuration list for PBXAggregateTarget "install" */;
			buildPhases = (
				904CCB528B5F4E1C8DF0EAB7 /* CMake PostBuild Rules */,
			);
			dependencies = (
				81C11C015B424CD9AEFEE596 /* PBXTargetDependency */,
			);
			name = install;
			productName = install;
		};
/* End PBXAggregateTarget section */

/* Begin PBXBuildFile section */
		2B2565123D034CFC94E61829 /* /Users/seijiro/GoogleDrive/code/C:C++/myThe-Modern-Cpp-Challenge/chapter04/problem_38/CMakeLists.txt */ = {isa = PBXBuildFile; fileRef = 9ACBA4562EE144848BDFDEE4 /* /Users/seijiro/GoogleDrive/code/C:C++/myThe-Modern-Cpp-Challenge/chapter04/problem_38/CMakeLists.txt */; };
		8CD3859646854F388FBC9676 /* /Users/seijiro/GoogleDrive/code/C:C++/myThe-Modern-Cpp-Challenge/chapter04/problem_38/main.cpp */ = {isa = PBXBuildFile; fileRef = 1526FB6FD30D49079B0B4C8B /* /Users/seijiro/GoogleDrive/code/C:C++/myThe-Modern-Cpp-Challenge/chapter04/problem_38/main.cpp */; };
/* End PBXBuildFile section */

/* Begin PBXBuildStyle section */
		4CB4FD36D1E94AFABBF37A21 /* Release */ = {
			isa = PBXBuildStyle;
			buildSettings = {
				COPY_PHASE_STRIP = NO;
			};
			name = Release;
		};
		52A1BBD003DB44C1BA1A4BEC /* MinSizeRel */ = {
			isa = PBXBuildStyle;
			buildSettings = {
				COPY_PHASE_STRIP = NO;
			};
			name = MinSizeRel;
		};
		B128559C282F4A1CA5BDCCC7 /* Debug */ = {
			isa = PBXBuildStyle;
			buildSettings = {
				COPY_PHASE_STRIP = NO;
			};
			name = Debug;
		};
		EC957BD710B54C22954EA2B0 /* RelWithDebInfo */ = {
			isa = PBXBuildStyle;
			buildSettings = {
				COPY_PHASE_STRIP = NO;
			};
			name = RelWithDebInfo;
		};
/* End PBXBuildStyle section */

/* Begin PBXContainerItemProxy section */
		1911E5F28B794CF2AD859C3A /* PBXContainerItemProxy */ = {
			isa = PBXContainerItemProxy;
			containerPortal = CA3B560D89204144A9BD7966 /* Project object */;
			proxyType = 1;
			remoteGlobalIDString = F754A75ACA9B44E788C2C0DE;
			remoteInfo = ZERO_CHECK;
		};
		2E995280502E42C68E03A002 /* PBXContainerItemProxy */ = {
			isa = PBXContainerItemProxy;
			containerPortal = CA3B560D89204144A9BD7966 /* Project object */;
			proxyType = 1;
			remoteGlobalIDString = A64D26CAECCE402EAA2CF2A3;
			remoteInfo = problem_38;
		};
		4408E835EABD42EEBA2851E2 /* PBXContainerItemProxy */ = {
			isa = PBXContainerItemProxy;
			containerPortal = CA3B560D89204144A9BD7966 /* Project object */;
			proxyType = 1;
			remoteGlobalIDString = 4CEBDE935A5E4FA780A72DFF;
			remoteInfo = ALL_BUILD;
		};
		ED2C9CD2665B4C90A9BA8724 /* PBXContainerItemProxy */ = {
			isa = PBXContainerItemProxy;
			containerPortal = CA3B560D89204144A9BD7966 /* Project object */;
			proxyType = 1;
			remoteGlobalIDString = F754A75ACA9B44E788C2C0DE;
			remoteInfo = ZERO_CHECK;
		};
/* End PBXContainerItemProxy section */

/* Begin PBXFileReference section */
		1526FB6FD30D49079B0B4C8B /* /Users/seijiro/GoogleDrive/code/C:C++/myThe-Modern-Cpp-Challenge/chapter04/problem_38/main.cpp */ = {isa = PBXFileReference; explicitFileType = sourcecode.cpp.cpp; fileEncoding = 4; name = main.cpp; path = main.cpp; sourceTree = SOURCE_ROOT; };
		249D46688D8344D1926FE956 /* problem_38 */ = {isa = PBXFileReference; explicitFileType = "compiled.mach-o.executable"; path = problem_38; sourceTree = BUILT_PRODUCTS_DIR; };
		9ACBA4562EE144848BDFDEE4 /* /Users/seijiro/GoogleDrive/code/C:C++/myThe-Modern-Cpp-Challenge/chapter04/problem_38/CMakeLists.txt */ = {isa = PBXFileReference; explicitFileType = sourcecode.text; fileEncoding = 4; name = CMakeLists.txt; path = CMakeLists.txt; sourceTree = SOURCE_ROOT; };
		F711D44D5EC44A2C9713C9DC /* /Users/seijiro/GoogleDrive/code/C:C++/myThe-Modern-Cpp-Challenge/chapter04/problem_38/CMakeLists.txt */ = {isa = PBXFileReference; explicitFileType = sourcecode.text; fileEncoding = 4; name = CMakeLists.txt; path = CMakeLists.txt; sourceTree = SOURCE_ROOT; };
/* End PBXFileReference section */

/* Begin PBXGroup section */
		037C25910C984445BF8D1B3C /* 04.Streams */ = {
			isa = PBXGroup;
			children = (
				CE5F9305F8B140CBA6A6A800 /* problem_38 */,
			);
			name = 04.Streams;
			sourceTree = "<group>";
		};
		4A059261CD7A4ED0B0AD7CB0 /* Source Files */ = {
			isa = PBXGroup;
			children = (
				1526FB6FD30D49079B0B4C8B /* /Users/seijiro/GoogleDrive/code/C:C++/myThe-Modern-Cpp-Challenge/chapter04/problem_38/main.cpp */,
			);
			name = "Source Files";
			sourceTree = "<group>";
		};
		702E8CF901A34D0895860E47 /* Products */ = {
			isa = PBXGroup;
			children = (
				249D46688D8344D1926FE956 /* problem_38 */,
			);
			name = Products;
			sourceTree = "<group>";
		};
		B7F01AEFBF4C4D6FB579EA9B /* CMake Rules */ = {
			isa = PBXGroup;
			children = (
			);
			name = "CMake Rules";
			sourceTree = "<group>";
		};
		B85C4F416C23463C9330F676 = {
			isa = PBXGroup;
			children = (
				037C25910C984445BF8D1B3C /* 04.Streams */,
				CB9E67130F7346ED9E75F3BF /* ALL_BUILD */,
				702E8CF901A34D0895860E47 /* Products */,
			);
			sourceTree = "<group>";
		};
		CB9E67130F7346ED9E75F3BF /* ALL_BUILD */ = {
			isa = PBXGroup;
			children = (
				B7F01AEFBF4C4D6FB579EA9B /* CMake Rules */,
				F711D44D5EC44A2C9713C9DC /* /Users/seijiro/GoogleDrive/code/C:C++/myThe-Modern-Cpp-Challenge/chapter04/problem_38/CMakeLists.txt */,
			);
			name = ALL_BUILD;
			sourceTree = "<group>";
		};
		CE5F9305F8B140CBA6A6A800 /* problem_38 */ = {
			isa = PBXGroup;
			children = (
				4A059261CD7A4ED0B0AD7CB0 /* Source Files */,
				9ACBA4562EE144848BDFDEE4 /* /Users/seijiro/GoogleDrive/code/C:C++/myThe-Modern-Cpp-Challenge/chapter04/problem_38/CMakeLists.txt */,
			);
			name = problem_38;
			sourceTree = "<group>";
		};
/* End PBXGroup section */

/* Begin PBXNativeTarget section */
		A64D26CAECCE402EAA2CF2A3 /* problem_38 */ = {
			isa = PBXNativeTarget;
			buildConfigurationList = 423A93D3E3324895A2A2DF10 /* Build configuration list for PBXNativeTarget "problem_38" */;
			buildPhases = (
				217967DFB3E243049FC7B12B /* Sources */,
			);
			buildRules = (
			);
			dependencies = (
				2C85A5FFF19742DC8C297470 /* PBXTargetDependency */,
			);
			name = problem_38;
			productName = problem_38;
			productReference = 249D46688D8344D1926FE956 /* problem_38 */;
			productType = "com.apple.product-type.tool";
		};
/* End PBXNativeTarget section */

/* Begin PBXProject section */
		CA3B560D89204144A9BD7966 /* Project object */ = {
			isa = PBXProject;
			attributes = {
				BuildIndependentTargetsInParallel = YES;
				LastUpgradeCheck = 1010;
			};
			buildConfigurationList = 59065AF3E5314622ADBF3BDA /* Build configuration list for PBXProject "problem_38" */;
			buildSettings = {
			};
			buildStyles = (
				B128559C282F4A1CA5BDCCC7 /* Debug */,
				4CB4FD36D1E94AFABBF37A21 /* Release */,
				52A1BBD003DB44C1BA1A4BEC /* MinSizeRel */,
				EC957BD710B54C22954EA2B0 /* RelWithDebInfo */,
			);
			compatibilityVersion = "Xcode 3.2";
			hasScannedForEncodings = 0;
			mainGroup = B85C4F416C23463C9330F676;
			projectDirPath = ../../../chapter04/problem_38;
			projectRoot = "";
			targets = (
				4CEBDE935A5E4FA780A72DFF /* ALL_BUILD */,
				F754A75ACA9B44E788C2C0DE /* ZERO_CHECK */,
				F80354C67B08413F8CA82E56 /* install */,
				A64D26CAECCE402EAA2CF2A3 /* problem_38 */,
			);
		};
/* End PBXProject section */

/* Begin PBXShellScriptBuildPhase section */
		078052C4CE4140159968C169 = {
			isa = PBXShellScriptBuildPhase;
			buildActionMask = 2147483647;
			files = (
			);
			inputPaths = (
			);
			outputPaths = (
			);
			runOnlyForDeploymentPostprocessing = 0;
			shellPath = /bin/sh;
			shellScript = "# shell script goes here
exit 0";
			showEnvVarsInLog = 0;
		};
		6A391225DB13440386E8B506 = {
			isa = PBXShellScriptBuildPhase;
			buildActionMask = 2147483647;
			files = (
			);
			inputPaths = (
			);
			outputPaths = (
			);
			runOnlyForDeploymentPostprocessing = 0;
			shellPath = /bin/sh;
			shellScript = "# shell script goes here
exit 0";
			showEnvVarsInLog = 0;
		};
		6F62ECB798E8403FA41C0CF3 /* CMake Rules */ = {
			isa = PBXShellScriptBuildPhase;
			buildActionMask = 2147483647;
			files = (
			);
			name = "CMake Rules";
			runOnlyForDeploymentPostprocessing = 0;
			shellPath = /bin/sh;
			shellScript = "make -C /Users/seijiro/GoogleDrive/code/C:C++/myThe-Modern-Cpp-Challenge/build/chapter04/problem_38 -f /Users/seijiro/GoogleDrive/code/C:C++/myThe-Modern-Cpp-Challenge/build/chapter04/problem_38/CMakeScripts/ALL_BUILD_cmakeRulesBuildPhase.make$CONFIGURATION all";
			showEnvVarsInLog = 0;
		};
		904CCB528B5F4E1C8DF0EAB7 /* CMake PostBuild Rules */ = {
			isa = PBXShellScriptBuildPhase;
			buildActionMask = 2147483647;
			files = (
			);
			name = "CMake PostBuild Rules";
			runOnlyForDeploymentPostprocessing = 0;
			shellPath = /bin/sh;
			shellScript = "make -C /Users/seijiro/GoogleDrive/code/C:C++/myThe-Modern-Cpp-Challenge/build/chapter04/problem_38 -f /Users/seijiro/GoogleDrive/code/C:C++/myThe-Modern-Cpp-Challenge/build/chapter04/problem_38/CMakeScripts/install_postBuildPhase.make$CONFIGURATION all";
			showEnvVarsInLog = 0;
		};
		9B937649EA21497C8001F269 = {
			isa = PBXShellScriptBuildPhase;
			buildActionMask = 2147483647;
			files = (
			);
			inputPaths = (
			);
			outputPaths = (
			);
			runOnlyForDeploymentPostprocessing = 0;
			shellPath = /bin/sh;
			shellScript = "# shell script goes here
exit 0";
			showEnvVarsInLog = 0;
		};
		E9080555484249F7A67EECAC /* CMake Rules */ = {
			isa = PBXShellScriptBuildPhase;
			buildActionMask = 2147483647;
			files = (
			);
			name = "CMake Rules";
			runOnlyForDeploymentPostprocessing = 0;
			shellPath = /bin/sh;
			shellScript = "make -C /Users/seijiro/GoogleDrive/code/C:C++/myThe-Modern-Cpp-Challenge/build/chapter04/problem_38 -f /Users/seijiro/GoogleDrive/code/C:C++/myThe-Modern-Cpp-Challenge/build/chapter04/problem_38/CMakeScripts/ZERO_CHECK_cmakeRulesBuildPhase.make$CONFIGURATION all";
			showEnvVarsInLog = 0;
		};
/* End PBXShellScriptBuildPhase section */

/* Begin PBXSourcesBuildPhase section */
		217967DFB3E243049FC7B12B /* Sources */ = {
			isa = PBXSourcesBuildPhase;
			buildActionMask = 2147483647;
			files = (
				8CD3859646854F388FBC9676 /* /Users/seijiro/GoogleDrive/code/C:C++/myThe-Modern-Cpp-Challenge/chapter04/problem_38/main.cpp */,
			);
			runOnlyForDeploymentPostprocessing = 0;
		};
/* End PBXSourcesBuildPhase section */

/* Begin PBXTargetDependency section */
		203E83CBCDF34EC0A25588ED /* PBXTargetDependency */ = {
			isa = PBXTargetDependency;
			target = F754A75ACA9B44E788C2C0DE /* ZERO_CHECK */;
			targetProxy = 1911E5F28B794CF2AD859C3A /* PBXContainerItemProxy */;
		};
		2C85A5FFF19742DC8C297470 /* PBXTargetDependency */ = {
			isa = PBXTargetDependency;
			target = F754A75ACA9B44E788C2C0DE /* ZERO_CHECK */;
			targetProxy = ED2C9CD2665B4C90A9BA8724 /* PBXContainerItemProxy */;
		};
		4D64A4C262544C07B282F5B4 /* PBXTargetDependency */ = {
			isa = PBXTargetDependency;
			target = A64D26CAECCE402EAA2CF2A3 /* problem_38 */;
			targetProxy = 2E995280502E42C68E03A002 /* PBXContainerItemProxy */;
		};
		81C11C015B424CD9AEFEE596 /* PBXTargetDependency */ = {
			isa = PBXTargetDependency;
			target = 4CEBDE935A5E4FA780A72DFF /* ALL_BUILD */;
			targetProxy = 4408E835EABD42EEBA2851E2 /* PBXContainerItemProxy */;
		};
/* End PBXTargetDependency section */

/* Begin XCBuildConfiguration section */
		1DDD6246EA1A4831BB2CE17D /* RelWithDebInfo */ = {
			isa = XCBuildConfiguration;
			buildSettings = {
				COMBINE_HIDPI_IMAGES = YES;
				GCC_GENERATE_DEBUGGING_SYMBOLS = YES;
				GCC_INLINES_ARE_PRIVATE_EXTERN = NO;
				GCC_OPTIMIZATION_LEVEL = 0;
				GCC_PREPROCESSOR_DEFINITIONS = ("'CMAKE_INTDIR=\"$(CONFIGURATION)$(EFFECTIVE_PLATFORM_NAME)\"'");
				GCC_SYMBOLS_PRIVATE_EXTERN = NO;
				INSTALL_PATH = "";
				OTHER_LDFLAGS = " ";
				OTHER_REZFLAGS = "";
				PRODUCT_NAME = ZERO_CHECK;
				SECTORDER_FLAGS = "";
				SYMROOT = "/Users/seijiro/GoogleDrive/code/C:C++/myThe-Modern-Cpp-Challenge/build/chapter04/problem_38";
				USE_HEADERMAP = NO;
				WARNING_CFLAGS = ("-Wmost","-Wno-four-char-constants","-Wno-unknown-pragmas","$(inherited)");
			};
			name = RelWithDebInfo;
		};
		423A30145D9F4F9886CAE206 /* Release */ = {
			isa = XCBuildConfiguration;
			buildSettings = {
				ONLY_ACTIVE_ARCH = YES;
				SDKROOT = /Applications/Xcode.app/Contents/Developer/Platforms/MacOSX.platform/Developer/SDKs/MacOSX10.14.sdk;
				SYMROOT = "/Users/seijiro/GoogleDrive/code/C:C++/myThe-Modern-Cpp-Challenge/build/chapter04/problem_38/build";
			};
			name = Release;
		};
		5AE6E7F2942B4370A8D22E90 /* Debug */ = {
			isa = XCBuildConfiguration;
			buildSettings = {
				COMBINE_HIDPI_IMAGES = YES;
				CONFIGURATION_BUILD_DIR = "/Users/seijiro/GoogleDrive/code/C:C++/myThe-Modern-Cpp-Challenge/bin/Debug";
				EXECUTABLE_PREFIX = "";
				EXECUTABLE_SUFFIX = "";
				GCC_GENERATE_DEBUGGING_SYMBOLS = YES;
				GCC_INLINES_ARE_PRIVATE_EXTERN = NO;
				GCC_OPTIMIZATION_LEVEL = 0;
				GCC_PREPROCESSOR_DEFINITIONS = ("'CMAKE_INTDIR=\"$(CONFIGURATION)$(EFFECTIVE_PLATFORM_NAME)\"'",USE_BOOST_FILESYSTEM);
				GCC_SYMBOLS_PRIVATE_EXTERN = NO;
				HEADER_SEARCH_PATHS = ("/Users/seijiro/GoogleDrive/code/C:C++/myThe-Modern-Cpp-Challenge/libs/stduuid",/usr/local/Cellar/boost/1.67.0_1);
				INSTALL_PATH = "";
				LD_RUNPATH_SEARCH_PATHS = /usr/local/Cellar/boost/1.67.0_1/lib;
				LIBRARY_SEARCH_PATHS = " /usr/local/Cellar/boost/1.67.0_1/lib/$(CONFIGURATION)$(EFFECTIVE_PLATFORM_NAME) /usr/local/Cellar/boost/1.67.0_1/lib";
				OTHER_CPLUSPLUSFLAGS = " -std=c++1z -fexceptions    -Wall     ";
				OTHER_LDFLAGS = " -Wl,-search_paths_first -Wl,-headerpad_max_install_names  /usr/local/lib/libboost_filesystem-mt.dylib /usr/local/lib/libboost_system-mt.dylib";
				OTHER_REZFLAGS = "";
				PRODUCT_NAME = problem_38;
				SECTORDER_FLAGS = "";
				SYMROOT = "/Users/seijiro/GoogleDrive/code/C:C++/myThe-Modern-Cpp-Challenge/build/chapter04/problem_38";
				USE_HEADERMAP = NO;
				WARNING_CFLAGS = ("-Wmost","-Wno-four-char-constants","-Wno-unknown-pragmas","$(inherited)");
			};
			name = Debug;
		};
		65B32D9D75D04EB3BEA57772 /* MinSizeRel */ = {
			isa = XCBuildConfiguration;
			buildSettings = {
				COMBINE_HIDPI_IMAGES = YES;
				CONFIGURATION_BUILD_DIR = "/Users/seijiro/GoogleDrive/code/C:C++/myThe-Modern-Cpp-Challenge/bin/MinSizeRel";
				EXECUTABLE_PREFIX = "";
				EXECUTABLE_SUFFIX = "";
				GCC_GENERATE_DEBUGGING_SYMBOLS = YES;
				GCC_INLINES_ARE_PRIVATE_EXTERN = NO;
				GCC_OPTIMIZATION_LEVEL = s;
				GCC_PREPROCESSOR_DEFINITIONS = ("'CMAKE_INTDIR=\"$(CONFIGURATION)$(EFFECTIVE_PLATFORM_NAME)\"'",USE_BOOST_FILESYSTEM);
				GCC_SYMBOLS_PRIVATE_EXTERN = NO;
				HEADER_SEARCH_PATHS = ("/Users/seijiro/GoogleDrive/code/C:C++/myThe-Modern-Cpp-Challenge/libs/stduuid",/usr/local/Cellar/boost/1.67.0_1);
				INSTALL_PATH = "";
				LD_RUNPATH_SEARCH_PATHS = /usr/local/Cellar/boost/1.67.0_1/lib;
				LIBRARY_SEARCH_PATHS = " /usr/local/Cellar/boost/1.67.0_1/lib/$(CONFIGURATION)$(EFFECTIVE_PLATFORM_NAME) /usr/local/Cellar/boost/1.67.0_1/lib";
				OTHER_CPLUSPLUSFLAGS = " -std=c++1z -fexceptions    -Wall     -DNDEBUG  ";
				OTHER_LDFLAGS = " -Wl,-search_paths_first -Wl,-headerpad_max_install_names  /usr/local/lib/libboost_filesystem-mt.dylib /usr/local/lib/libboost_system-mt.dylib";
				OTHER_REZFLAGS = "";
				PRODUCT_NAME = problem_38;
				SECTORDER_FLAGS = "";
				SYMROOT = "/Users/seijiro/GoogleDrive/code/C:C++/myThe-Modern-Cpp-Challenge/build/chapter04/problem_38";
				USE_HEADERMAP = NO;
				WARNING_CFLAGS = ("-Wmost","-Wno-four-char-constants","-Wno-unknown-pragmas","$(inherited)");
			};
			name = MinSizeRel;
		};
		68AADD1430354C81965A50C1 /* Release */ = {
			isa = XCBuildConfiguration;
			buildSettings = {
				COMBINE_HIDPI_IMAGES = YES;
				GCC_GENERATE_DEBUGGING_SYMBOLS = YES;
				GCC_INLINES_ARE_PRIVATE_EXTERN = NO;
				GCC_OPTIMIZATION_LEVEL = 0;
				GCC_PREPROCESSOR_DEFINITIONS = ("'CMAKE_INTDIR=\"$(CONFIGURATION)$(EFFECTIVE_PLATFORM_NAME)\"'");
				GCC_SYMBOLS_PRIVATE_EXTERN = NO;
				INSTALL_PATH = "";
				OTHER_LDFLAGS = " ";
				OTHER_REZFLAGS = "";
				PRODUCT_NAME = ZERO_CHECK;
				SECTORDER_FLAGS = "";
				SYMROOT = "/Users/seijiro/GoogleDrive/code/C:C++/myThe-Modern-Cpp-Challenge/build/chapter04/problem_38";
				USE_HEADERMAP = NO;
				WARNING_CFLAGS = ("-Wmost","-Wno-four-char-constants","-Wno-unknown-pragmas","$(inherited)");
			};
			name = Release;
		};
		6DC0BDFCE23F4B9F8D64C76D /* RelWithDebInfo */ = {
			isa = XCBuildConfiguration;
			buildSettings = {
				COMBINE_HIDPI_IMAGES = YES;
				GCC_GENERATE_DEBUGGING_SYMBOLS = YES;
				GCC_INLINES_ARE_PRIVATE_EXTERN = NO;
				GCC_OPTIMIZATION_LEVEL = 0;
				GCC_PREPROCESSOR_DEFINITIONS = ("'CMAKE_INTDIR=\"$(CONFIGURATION)$(EFFECTIVE_PLATFORM_NAME)\"'");
				GCC_SYMBOLS_PRIVATE_EXTERN = NO;
				INSTALL_PATH = "";
				OTHER_LDFLAGS = " ";
				OTHER_REZFLAGS = "";
				PRODUCT_NAME = ALL_BUILD;
				SECTORDER_FLAGS = "";
				SYMROOT = "/Users/seijiro/GoogleDrive/code/C:C++/myThe-Modern-Cpp-Challenge/build/chapter04/problem_38";
				USE_HEADERMAP = NO;
				WARNING_CFLAGS = ("-Wmost","-Wno-four-char-constants","-Wno-unknown-pragmas","$(inherited)");
			};
			name = RelWithDebInfo;
		};
		70582CB236D34364994C5DE8 /* RelWithDebInfo */ = {
			isa = XCBuildConfiguration;
			buildSettings = {
				ONLY_ACTIVE_ARCH = YES;
				SDKROOT = /Applications/Xcode.app/Contents/Developer/Platforms/MacOSX.platform/Developer/SDKs/MacOSX10.14.sdk;
				SYMROOT = "/Users/seijiro/GoogleDrive/code/C:C++/myThe-Modern-Cpp-Challenge/build/chapter04/problem_38/build";
			};
			name = RelWithDebInfo;
		};
		7A608006897E4213BCEDF518 /* RelWithDebInfo */ = {
			isa = XCBuildConfiguration;
			buildSettings = {
				COMBINE_HIDPI_IMAGES = YES;
				CONFIGURATION_BUILD_DIR = "/Users/seijiro/GoogleDrive/code/C:C++/myThe-Modern-Cpp-Challenge/bin/RelWithDebInfo";
				EXECUTABLE_PREFIX = "";
				EXECUTABLE_SUFFIX = "";
				GCC_GENERATE_DEBUGGING_SYMBOLS = YES;
				GCC_INLINES_ARE_PRIVATE_EXTERN = NO;
				GCC_OPTIMIZATION_LEVEL = 2;
				GCC_PREPROCESSOR_DEFINITIONS = ("'CMAKE_INTDIR=\"$(CONFIGURATION)$(EFFECTIVE_PLATFORM_NAME)\"'",USE_BOOST_FILESYSTEM);
				GCC_SYMBOLS_PRIVATE_EXTERN = NO;
				HEADER_SEARCH_PATHS = ("/Users/seijiro/GoogleDrive/code/C:C++/myThe-Modern-Cpp-Challenge/libs/stduuid",/usr/local/Cellar/boost/1.67.0_1);
				INSTALL_PATH = "";
				LD_RUNPATH_SEARCH_PATHS = /usr/local/Cellar/boost/1.67.0_1/lib;
				LIBRARY_SEARCH_PATHS = " /usr/local/Cellar/boost/1.67.0_1/lib/$(CONFIGURATION)$(EFFECTIVE_PLATFORM_NAME) /usr/local/Cellar/boost/1.67.0_1/lib";
				OTHER_CPLUSPLUSFLAGS = " -std=c++1z -fexceptions    -Wall        -DNDEBUG  ";
				OTHER_LDFLAGS = " -Wl,-search_paths_first -Wl,-headerpad_max_install_names  /usr/local/lib/libboost_filesystem-mt.dylib /usr/local/lib/libboost_system-mt.dylib";
				OTHER_REZFLAGS = "";
				PRODUCT_NAME = problem_38;
				SECTORDER_FLAGS = "";
				SYMROOT = "/Users/seijiro/GoogleDrive/code/C:C++/myThe-Modern-Cpp-Challenge/build/chapter04/problem_38";
				USE_HEADERMAP = NO;
				WARNING_CFLAGS = ("-Wmost","-Wno-four-char-constants","-Wno-unknown-pragmas","$(inherited)");
			};
			name = RelWithDebInfo;
		};
		8388400EF5EA4A3080965BF9 /* MinSizeRel */ = {
			isa = XCBuildConfiguration;
			buildSettings = {
				COMBINE_HIDPI_IMAGES = YES;
				GCC_GENERATE_DEBUGGING_SYMBOLS = YES;
				GCC_INLINES_ARE_PRIVATE_EXTERN = NO;
				GCC_OPTIMIZATION_LEVEL = 0;
				GCC_PREPROCESSOR_DEFINITIONS = ("'CMAKE_INTDIR=\"$(CONFIGURATION)$(EFFECTIVE_PLATFORM_NAME)\"'");
				GCC_SYMBOLS_PRIVATE_EXTERN = NO;
				INSTALL_PATH = "";
				OTHER_LDFLAGS = " ";
				OTHER_REZFLAGS = "";
				PRODUCT_NAME = install;
				SECTORDER_FLAGS = "";
				SYMROOT = "/Users/seijiro/GoogleDrive/code/C:C++/myThe-Modern-Cpp-Challenge/build/chapter04/problem_38";
				USE_HEADERMAP = NO;
				WARNING_CFLAGS = ("-Wmost","-Wno-four-char-constants","-Wno-unknown-pragmas","$(inherited)");
			};
			name = MinSizeRel;
		};
		95DDA43CE0D94A739F21489C /* Debug */ = {
			isa = XCBuildConfiguration;
			buildSettings = {
				COMBINE_HIDPI_IMAGES = YES;
				GCC_GENERATE_DEBUGGING_SYMBOLS = YES;
				GCC_INLINES_ARE_PRIVATE_EXTERN = NO;
				GCC_OPTIMIZATION_LEVEL = 0;
				GCC_PREPROCESSOR_DEFINITIONS = ("'CMAKE_INTDIR=\"$(CONFIGURATION)$(EFFECTIVE_PLATFORM_NAME)\"'");
				GCC_SYMBOLS_PRIVATE_EXTERN = NO;
				INSTALL_PATH = "";
				OTHER_LDFLAGS = " ";
				OTHER_REZFLAGS = "";
				PRODUCT_NAME = install;
				SECTORDER_FLAGS = "";
				SYMROOT = "/Users/seijiro/GoogleDrive/code/C:C++/myThe-Modern-Cpp-Challenge/build/chapter04/problem_38";
				USE_HEADERMAP = NO;
				WARNING_CFLAGS = ("-Wmost","-Wno-four-char-constants","-Wno-unknown-pragmas","$(inherited)");
			};
			name = Debug;
		};
		98D4117F181945FDAA8D69D2 /* Debug */ = {
			isa = XCBuildConfiguration;
			buildSettings = {
				COMBINE_HIDPI_IMAGES = YES;
				GCC_GENERATE_DEBUGGING_SYMBOLS = YES;
				GCC_INLINES_ARE_PRIVATE_EXTERN = NO;
				GCC_OPTIMIZATION_LEVEL = 0;
				GCC_PREPROCESSOR_DEFINITIONS = ("'CMAKE_INTDIR=\"$(CONFIGURATION)$(EFFECTIVE_PLATFORM_NAME)\"'");
				GCC_SYMBOLS_PRIVATE_EXTERN = NO;
				INSTALL_PATH = "";
				OTHER_LDFLAGS = " ";
				OTHER_REZFLAGS = "";
				PRODUCT_NAME = ZERO_CHECK;
				SECTORDER_FLAGS = "";
				SYMROOT = "/Users/seijiro/GoogleDrive/code/C:C++/myThe-Modern-Cpp-Challenge/build/chapter04/problem_38";
				USE_HEADERMAP = NO;
				WARNING_CFLAGS = ("-Wmost","-Wno-four-char-constants","-Wno-unknown-pragmas","$(inherited)");
			};
			name = Debug;
		};
		ACA3C9ACD8144D759A3454FF /* Debug */ = {
			isa = XCBuildConfiguration;
			buildSettings = {
				COMBINE_HIDPI_IMAGES = YES;
				GCC_GENERATE_DEBUGGING_SYMBOLS = YES;
				GCC_INLINES_ARE_PRIVATE_EXTERN = NO;
				GCC_OPTIMIZATION_LEVEL = 0;
				GCC_PREPROCESSOR_DEFINITIONS = ("'CMAKE_INTDIR=\"$(CONFIGURATION)$(EFFECTIVE_PLATFORM_NAME)\"'");
				GCC_SYMBOLS_PRIVATE_EXTERN = NO;
				INSTALL_PATH = "";
				OTHER_LDFLAGS = " ";
				OTHER_REZFLAGS = "";
				PRODUCT_NAME = ALL_BUILD;
				SECTORDER_FLAGS = "";
				SYMROOT = "/Users/seijiro/GoogleDrive/code/C:C++/myThe-Modern-Cpp-Challenge/build/chapter04/problem_38";
				USE_HEADERMAP = NO;
				WARNING_CFLAGS = ("-Wmost","-Wno-four-char-constants","-Wno-unknown-pragmas","$(inherited)");
			};
			name = Debug;
		};
		BF4A9EF8638840579ABCB4A3 /* RelWithDebInfo */ = {
			isa = XCBuildConfiguration;
			buildSettings = {
				COMBINE_HIDPI_IMAGES = YES;
				GCC_GENERATE_DEBUGGING_SYMBOLS = YES;
				GCC_INLINES_ARE_PRIVATE_EXTERN = NO;
				GCC_OPTIMIZATION_LEVEL = 0;
				GCC_PREPROCESSOR_DEFINITIONS = ("'CMAKE_INTDIR=\"$(CONFIGURATION)$(EFFECTIVE_PLATFORM_NAME)\"'");
				GCC_SYMBOLS_PRIVATE_EXTERN = NO;
				INSTALL_PATH = "";
				OTHER_LDFLAGS = " ";
				OTHER_REZFLAGS = "";
				PRODUCT_NAME = install;
				SECTORDER_FLAGS = "";
				SYMROOT = "/Users/seijiro/GoogleDrive/code/C:C++/myThe-Modern-Cpp-Challenge/build/chapter04/problem_38";
				USE_HEADERMAP = NO;
				WARNING_CFLAGS = ("-Wmost","-Wno-four-char-constants","-Wno-unknown-pragmas","$(inherited)");
			};
			name = RelWithDebInfo;
		};
		C48F03C1856C40C7BA38326E /* MinSizeRel */ = {
			isa = XCBuildConfiguration;
			buildSettings = {
				ONLY_ACTIVE_ARCH = YES;
				SDKROOT = /Applications/Xcode.app/Contents/Developer/Platforms/MacOSX.platform/Developer/SDKs/MacOSX10.14.sdk;
				SYMROOT = "/Users/seijiro/GoogleDrive/code/C:C++/myThe-Modern-Cpp-Challenge/build/chapter04/problem_38/build";
			};
			name = MinSizeRel;
		};
		CE86B5FB668E49C7A05BE05E /* Release */ = {
			isa = XCBuildConfiguration;
			buildSettings = {
				COMBINE_HIDPI_IMAGES = YES;
				GCC_GENERATE_DEBUGGING_SYMBOLS = YES;
				GCC_INLINES_ARE_PRIVATE_EXTERN = NO;
				GCC_OPTIMIZATION_LEVEL = 0;
				GCC_PREPROCESSOR_DEFINITIONS = ("'CMAKE_INTDIR=\"$(CONFIGURATION)$(EFFECTIVE_PLATFORM_NAME)\"'");
				GCC_SYMBOLS_PRIVATE_EXTERN = NO;
				INSTALL_PATH = "";
				OTHER_LDFLAGS = " ";
				OTHER_REZFLAGS = "";
				PRODUCT_NAME = ALL_BUILD;
				SECTORDER_FLAGS = "";
				SYMROOT = "/Users/seijiro/GoogleDrive/code/C:C++/myThe-Modern-Cpp-Challenge/build/chapter04/problem_38";
				USE_HEADERMAP = NO;
				WARNING_CFLAGS = ("-Wmost","-Wno-four-char-constants","-Wno-unknown-pragmas","$(inherited)");
			};
			name = Release;
		};
		D6F13DB75FE54A369109E2D2 /* Release */ = {
			isa = XCBuildConfiguration;
			buildSettings = {
				COMBINE_HIDPI_IMAGES = YES;
				GCC_GENERATE_DEBUGGING_SYMBOLS = YES;
				GCC_INLINES_ARE_PRIVATE_EXTERN = NO;
				GCC_OPTIMIZATION_LEVEL = 0;
				GCC_PREPROCESSOR_DEFINITIONS = ("'CMAKE_INTDIR=\"$(CONFIGURATION)$(EFFECTIVE_PLATFORM_NAME)\"'");
				GCC_SYMBOLS_PRIVATE_EXTERN = NO;
				INSTALL_PATH = "";
				OTHER_LDFLAGS = " ";
				OTHER_REZFLAGS = "";
				PRODUCT_NAME = install;
				SECTORDER_FLAGS = "";
				SYMROOT = "/Users/seijiro/GoogleDrive/code/C:C++/myThe-Modern-Cpp-Challenge/build/chapter04/problem_38";
				USE_HEADERMAP = NO;
				WARNING_CFLAGS = ("-Wmost","-Wno-four-char-constants","-Wno-unknown-pragmas","$(inherited)");
			};
			name = Release;
		};
		DCD80B707E2240A0BC094949 /* Release */ = {
			isa = XCBuildConfiguration;
			buildSettings = {
				COMBINE_HIDPI_IMAGES = YES;
				CONFIGURATION_BUILD_DIR = "/Users/seijiro/GoogleDrive/code/C:C++/myThe-Modern-Cpp-Challenge/bin/Release";
				EXECUTABLE_PREFIX = "";
				EXECUTABLE_SUFFIX = "";
				GCC_GENERATE_DEBUGGING_SYMBOLS = YES;
				GCC_INLINES_ARE_PRIVATE_EXTERN = NO;
				GCC_OPTIMIZATION_LEVEL = 3;
				GCC_PREPROCESSOR_DEFINITIONS = ("'CMAKE_INTDIR=\"$(CONFIGURATION)$(EFFECTIVE_PLATFORM_NAME)\"'",USE_BOOST_FILESYSTEM);
				GCC_SYMBOLS_PRIVATE_EXTERN = NO;
				HEADER_SEARCH_PATHS = ("/Users/seijiro/GoogleDrive/code/C:C++/myThe-Modern-Cpp-Challenge/libs/stduuid",/usr/local/Cellar/boost/1.67.0_1);
				INSTALL_PATH = "";
				LD_RUNPATH_SEARCH_PATHS = /usr/local/Cellar/boost/1.67.0_1/lib;
				LIBRARY_SEARCH_PATHS = " /usr/local/Cellar/boost/1.67.0_1/lib/$(CONFIGURATION)$(EFFECTIVE_PLATFORM_NAME) /usr/local/Cellar/boost/1.67.0_1/lib";
				OTHER_CPLUSPLUSFLAGS = " -std=c++1z -fexceptions    -Wall     -DNDEBUG  ";
				OTHER_LDFLAGS = " -Wl,-search_paths_first -Wl,-headerpad_max_install_names  /usr/local/lib/libboost_filesystem-mt.dylib /usr/local/lib/libboost_system-mt.dylib";
				OTHER_REZFLAGS = "";
				PRODUCT_NAME = problem_38;
				SECTORDER_FLAGS = "";
				SYMROOT = "/Users/seijiro/GoogleDrive/code/C:C++/myThe-Modern-Cpp-Challenge/build/chapter04/problem_38";
				USE_HEADERMAP = NO;
				WARNING_CFLAGS = ("-Wmost","-Wno-four-char-constants","-Wno-unknown-pragmas","$(inherited)");
			};
			name = Release;
		};
		DEFFE06DBB074F69B77FC932 /* MinSizeRel */ = {
			isa = XCBuildConfiguration;
			buildSettings = {
				COMBINE_HIDPI_IMAGES = YES;
				GCC_GENERATE_DEBUGGING_SYMBOLS = YES;
				GCC_INLINES_ARE_PRIVATE_EXTERN = NO;
				GCC_OPTIMIZATION_LEVEL = 0;
				GCC_PREPROCESSOR_DEFINITIONS = ("'CMAKE_INTDIR=\"$(CONFIGURATION)$(EFFECTIVE_PLATFORM_NAME)\"'");
				GCC_SYMBOLS_PRIVATE_EXTERN = NO;
				INSTALL_PATH = "";
				OTHER_LDFLAGS = " ";
				OTHER_REZFLAGS = "";
				PRODUCT_NAME = ZERO_CHECK;
				SECTORDER_FLAGS = "";
				SYMROOT = "/Users/seijiro/GoogleDrive/code/C:C++/myThe-Modern-Cpp-Challenge/build/chapter04/problem_38";
				USE_HEADERMAP = NO;
				WARNING_CFLAGS = ("-Wmost","-Wno-four-char-constants","-Wno-unknown-pragmas","$(inherited)");
			};
			name = MinSizeRel;
		};
		E68D4F8149F8412A9F7EAA80 /* MinSizeRel */ = {
			isa = XCBuildConfiguration;
			buildSettings = {
				COMBINE_HIDPI_IMAGES = YES;
				GCC_GENERATE_DEBUGGING_SYMBOLS = YES;
				GCC_INLINES_ARE_PRIVATE_EXTERN = NO;
				GCC_OPTIMIZATION_LEVEL = 0;
				GCC_PREPROCESSOR_DEFINITIONS = ("'CMAKE_INTDIR=\"$(CONFIGURATION)$(EFFECTIVE_PLATFORM_NAME)\"'");
				GCC_SYMBOLS_PRIVATE_EXTERN = NO;
				INSTALL_PATH = "";
				OTHER_LDFLAGS = " ";
				OTHER_REZFLAGS = "";
				PRODUCT_NAME = ALL_BUILD;
				SECTORDER_FLAGS = "";
				SYMROOT = "/Users/seijiro/GoogleDrive/code/C:C++/myThe-Modern-Cpp-Challenge/build/chapter04/problem_38";
				USE_HEADERMAP = NO;
				WARNING_CFLAGS = ("-Wmost","-Wno-four-char-constants","-Wno-unknown-pragmas","$(inherited)");
			};
			name = MinSizeRel;
		};
		F8A10AB2CC7045CC8FFB568E /* Debug */ = {
			isa = XCBuildConfiguration;
			buildSettings = {
				ONLY_ACTIVE_ARCH = YES;
				SDKROOT = /Applications/Xcode.app/Contents/Developer/Platforms/MacOSX.platform/Developer/SDKs/MacOSX10.14.sdk;
				SYMROOT = "/Users/seijiro/GoogleDrive/code/C:C++/myThe-Modern-Cpp-Challenge/build/chapter04/problem_38/build";
			};
			name = Debug;
		};
/* End XCBuildConfiguration section */

/* Begin XCConfigurationList section */
		423A93D3E3324895A2A2DF10 /* Build configuration list for PBXNativeTarget "problem_38" */ = {
			isa = XCConfigurationList;
			buildConfigurations = (
				5AE6E7F2942B4370A8D22E90 /* Debug */,
				DCD80B707E2240A0BC094949 /* Release */,
				65B32D9D75D04EB3BEA57772 /* MinSizeRel */,
				7A608006897E4213BCEDF518 /* RelWithDebInfo */,
			);
			defaultConfigurationIsVisible = 0;
			defaultConfigurationName = Debug;
		};
		59065AF3E5314622ADBF3BDA /* Build configuration list for PBXProject "problem_38" */ = {
			isa = XCConfigurationList;
			buildConfigurations = (
				F8A10AB2CC7045CC8FFB568E /* Debug */,
				423A30145D9F4F9886CAE206 /* Release */,
				C48F03C1856C40C7BA38326E /* MinSizeRel */,
				70582CB236D34364994C5DE8 /* RelWithDebInfo */,
			);
			defaultConfigurationIsVisible = 0;
			defaultConfigurationName = Debug;
		};
		C7F6390464004A358358C619 /* Build configuration list for PBXAggregateTarget "install" */ = {
			isa = XCConfigurationList;
			buildConfigurations = (
				95DDA43CE0D94A739F21489C /* Debug */,
				D6F13DB75FE54A369109E2D2 /* Release */,
				8388400EF5EA4A3080965BF9 /* MinSizeRel */,
				BF4A9EF8638840579ABCB4A3 /* RelWithDebInfo */,
			);
			defaultConfigurationIsVisible = 0;
			defaultConfigurationName = Debug;
		};
		C803BBE05F4A4AE183B60F97 /* Build configuration list for PBXAggregateTarget "ALL_BUILD" */ = {
			isa = XCConfigurationList;
			buildConfigurations = (
				ACA3C9ACD8144D759A3454FF /* Debug */,
				CE86B5FB668E49C7A05BE05E /* Release */,
				E68D4F8149F8412A9F7EAA80 /* MinSizeRel */,
				6DC0BDFCE23F4B9F8D64C76D /* RelWithDebInfo */,
			);
			defaultConfigurationIsVisible = 0;
			defaultConfigurationName = Debug;
		};
		D62CBB0BC4A745C69FC56A68 /* Build configuration list for PBXAggregateTarget "ZERO_CHECK" */ = {
			isa = XCConfigurationList;
			buildConfigurations = (
				98D4117F181945FDAA8D69D2 /* Debug */,
				68AADD1430354C81965A50C1 /* Release */,
				DEFFE06DBB074F69B77FC932 /* MinSizeRel */,
				1DDD6246EA1A4831BB2CE17D /* RelWithDebInfo */,
			);
			defaultConfigurationIsVisible = 0;
			defaultConfigurationName = Debug;
		};
/* End XCConfigurationList section */
	};
	rootObject = CA3B560D89204144A9BD7966 /* Project object */;
}
